// !$*UTF8*$!
{
	archiveVersion = 1;
	classes = {
	};
	objectVersion = 46;
	objects = {

/* Begin PBXBuildFile section */
		06F26D57AF04436DC4117D5B /* OrchestratorClock.swift in Sources */ = {isa = PBXBuildFile; fileRef = E0FCD5EF82F06EFE4AB28DDD /* OrchestratorClock.swift */; };
		0AC620838D07C839FAB906D7 /* TokenMeterApp.swift in Sources */ = {isa = PBXBuildFile; fileRef = B22E9F1EC7BDF4B2C3511DAE /* TokenMeterApp.swift */; };
		106CB5503B97D56D1B56BB8E /* WidgetSnapshotDTO.swift in Sources */ = {isa = PBXBuildFile; fileRef = B55A54D7EAD9D5CCF38CA533 /* WidgetSnapshotDTO.swift */; };
		2755D58FA4FA29DA88DAE11E /* TokenMeterTests.swift in Sources */ = {isa = PBXBuildFile; fileRef = 9802681896A07DE205D72BBF /* TokenMeterTests.swift */; };
		27CE90DBCCA712AB811B7CA3 /* TokenMeterUITests.swift in Sources */ = {isa = PBXBuildFile; fileRef = E35D7CF6BACD3F9BDA49895A /* TokenMeterUITests.swift */; };
		2D093559755050D3A7160243 /* TrackModels.swift in Sources */ = {isa = PBXBuildFile; fileRef = 3348C930145BCC155677C52B /* TrackModels.swift */; };
		2FC37EC1A1F986AE00BDDED2 /* WidgetSnapshotStore.swift in Sources */ = {isa = PBXBuildFile; fileRef = 0915F6A40DFC927482374980 /* WidgetSnapshotStore.swift */; };
		30D80773293BEA429C28385D /* Assets.xcassets in Resources */ = {isa = PBXBuildFile; fileRef = 2CF66BBDE9F138C08E3D3832 /* Assets.xcassets */; };
		3139B6C62A7F49DCDA9DF137 /* WidgetSnapshotDTO.swift in Sources */ = {isa = PBXBuildFile; fileRef = 7F1FF7A0A26E57B35D8EC67E /* WidgetSnapshotDTO.swift */; };
		343F580159833D8F07C5C28E /* ClaudeTrack1Adapter.swift in Sources */ = {isa = PBXBuildFile; fileRef = C2C0AA5E082CA3D613C1EF3B /* ClaudeTrack1Adapter.swift */; };
		38FFBB3B90CEE4B26A297AED /* track1_claude_methodc_drift.json in Resources */ = {isa = PBXBuildFile; fileRef = C27068BAB3E5CC96A7850B11 /* track1_claude_methodc_drift.json */; };
		475DCE18D86B7DCF30A7311F /* WidgetSnapshotRefresher.swift in Sources */ = {isa = PBXBuildFile; fileRef = 09D3513E9BB649DED47490FF /* WidgetSnapshotRefresher.swift */; };
		4924DB589C45E37996C5D8C5 /* Localizable.strings in Resources */ = {isa = PBXBuildFile; fileRef = B5E539218451776E80752F42 /* Localizable.strings */; };
		4C2CD11E2C97C41E85FE4F88 /* WidgetSnapshotTests.swift in Sources */ = {isa = PBXBuildFile; fileRef = C43AE47F2B7BDC6ACF28835E /* WidgetSnapshotTests.swift */; };
		4EA8A06F63AB13B5F65F0FB3 /* Cocoa.framework in Frameworks */ = {isa = PBXBuildFile; fileRef = C69A43EE51230E80172F5EC9 /* Cocoa.framework */; };
		4FB0445C220C7EF4769544FF /* WidgetSnapshotStore.swift in Sources */ = {isa = PBXBuildFile; fileRef = 9208C44DB374EA601D2EAA3F /* WidgetSnapshotStore.swift */; };
		635EB02ADC5D7D1BF42E88E3 /* ContentView.swift in Sources */ = {isa = PBXBuildFile; fileRef = 298032ECD991001B803578D4 /* ContentView.swift */; };
		6CA7E88D268521987B4CE53B /* Cocoa.framework in Frameworks */ = {isa = PBXBuildFile; fileRef = C69A43EE51230E80172F5EC9 /* Cocoa.framework */; };
		6FF88778E59E9C788E635A74 /* track1_claude_methodb_drift.json in Resources */ = {isa = PBXBuildFile; fileRef = 13AD36D7B7CAED02EA21B057 /* track1_claude_methodb_drift.json */; };
		74E5CB6D114256A5944F5A61 /* Track1Store.swift in Sources */ = {isa = PBXBuildFile; fileRef = FFA8D1427FCC47483E271895 /* Track1Store.swift */; };
		77140C205B56ECC97447F167 /* TokenMeterWidget.swift in Sources */ = {isa = PBXBuildFile; fileRef = 4908CF6581C69A7DFFABEC01 /* TokenMeterWidget.swift */; };
		852912D61379DE6C9085175D /* ClaudeTrack1MethodBAdapter.swift in Sources */ = {isa = PBXBuildFile; fileRef = 855F98F219604B66E65AC242 /* ClaudeTrack1MethodBAdapter.swift */; };
		86EE5B9031348797C600527D /* Localizable.strings in Resources */ = {isa = PBXBuildFile; fileRef = 762C85FEAF426255D2CD0368 /* Localizable.strings */; };
		8764663B590F32BA08B9FD1F /* CodexTrack2PrimaryParser.swift in Sources */ = {isa = PBXBuildFile; fileRef = 037D780D8B3D279AC467848D /* CodexTrack2PrimaryParser.swift */; };
		8AF14C91CA3EFAED57FED816 /* WidgetSharedConfig.swift in Sources */ = {isa = PBXBuildFile; fileRef = A59E6D343AB4637B9CC62B32 /* WidgetSharedConfig.swift */; };
		8E2B6D7F422F5BE460309817 /* AppSettings.swift in Sources */ = {isa = PBXBuildFile; fileRef = 5179EAA482CAA2DDDAB76581 /* AppSettings.swift */; };
		942C63BC2F7AFD1F33021794 /* CLIToolDiscovery.swift in Sources */ = {isa = PBXBuildFile; fileRef = 2642100001333B0EEAEE5264 /* CLIToolDiscovery.swift */; };
		99056B2336259269DBA766CE /* track2_codex_primary_drift.jsonl in Resources */ = {isa = PBXBuildFile; fileRef = 8381E64AF6061E2D5432EAFF /* track2_codex_primary_drift.jsonl */; };
		9A609C1472C4630666B6BDAD /* Cocoa.framework in Frameworks */ = {isa = PBXBuildFile; fileRef = C69A43EE51230E80172F5EC9 /* Cocoa.framework */; };
		AC8C3F5263760C3AD154BC1D /* DiagnosticsValue.swift in Sources */ = {isa = PBXBuildFile; fileRef = F3ACDE6F39F947CE5525DCD2 /* DiagnosticsValue.swift */; };
		AD49FBDFA77A5E81B524D73C /* Localizable.strings in Resources */ = {isa = PBXBuildFile; fileRef = 00643C729397EEFB03F5AEB9 /* Localizable.strings */; };
		B3D1157B9A1609839E7A07C1 /* Localizable.strings in Resources */ = {isa = PBXBuildFile; fileRef = CB1EDFB04A36C8A0617E5C49 /* Localizable.strings */; };
		BBAAC6AD9E9AD1B5D83B2DBB /* Localizable.strings in Resources */ = {isa = PBXBuildFile; fileRef = 87640C783998E7A475EF0968 /* Localizable.strings */; };
		BEF8A3A2FFE7B76056564238 /* DiagnosticsLogger.swift in Sources */ = {isa = PBXBuildFile; fileRef = C8DBB9664A2097C45EF411A6 /* DiagnosticsLogger.swift */; };
		BFB8622EDF0215E16BDC4D67 /* CollectionOrchestrator.swift in Sources */ = {isa = PBXBuildFile; fileRef = 6C3A7BF9AC88CBE474CE84C3 /* CollectionOrchestrator.swift */; };
		C0C2723AA6CEB6703599EE9B /* track1_codex_methodb_drift.json in Resources */ = {isa = PBXBuildFile; fileRef = F0F9AE372D2B05DE5F00AD4F /* track1_codex_methodb_drift.json */; };
		C54FEF7C017393CC293BC03F /* Sparkle in Frameworks */ = {isa = PBXBuildFile; productRef = DD7ED0D3BE0F7AEB940E8E64 /* Sparkle */; };
		C6D223A43CB2ACF8DE8105E5 /* ClaudeTrack1MethodCAdapter.swift in Sources */ = {isa = PBXBuildFile; fileRef = 2BCD50CFDE7EF88959E8764E /* ClaudeTrack1MethodCAdapter.swift */; };
		C6E03FCA3DCB8196DA278D49 /* WidgetSnapshotBuilder.swift in Sources */ = {isa = PBXBuildFile; fileRef = B54DFEB96EF4A9FAAE0924A0 /* WidgetSnapshotBuilder.swift */; };
		CCC189D2C3DCD82DBACCACAB /* AppIcon.icon in Resources */ = {isa = PBXBuildFile; fileRef = F4BD4B324A73D40CC6AD59FB /* AppIcon.icon */; };
		CDCC4CAA06185C2DEA86EAAC /* Cocoa.framework in Frameworks */ = {isa = PBXBuildFile; fileRef = C69A43EE51230E80172F5EC9 /* Cocoa.framework */; };
		CDD4BF5843F81F988BF94350 /* CollectionOrchestratorTests.swift in Sources */ = {isa = PBXBuildFile; fileRef = 1EB1310AB2F507C87CFC9305 /* CollectionOrchestratorTests.swift */; };
		D0371682C0E95B072CF05BB3 /* SettingsView.swift in Sources */ = {isa = PBXBuildFile; fileRef = CD5955EC96773946C4CB4F9F /* SettingsView.swift */; };
		D0C0508DD2B687112E2B796D /* AppRuntime.swift in Sources */ = {isa = PBXBuildFile; fileRef = 48FAE3B188954A2F4A83CE92 /* AppRuntime.swift */; };
		D30E471BFD3E46597AFB279D /* DiagnosticsStore.swift in Sources */ = {isa = PBXBuildFile; fileRef = 803BDF93EC074EFD8C32603A /* DiagnosticsStore.swift */; };
		D3CCE84786E1E9E88CCEBBA0 /* ClaudeTrack2SecondaryParser.swift in Sources */ = {isa = PBXBuildFile; fileRef = 921BF025E786EA3731653A37 /* ClaudeTrack2SecondaryParser.swift */; };
		D57B0992383068A7B6AE561F /* Track2ModelClassifier.swift in Sources */ = {isa = PBXBuildFile; fileRef = D98DA692A48B12E98495E2EF /* Track2ModelClassifier.swift */; };
		D85538A5C2FEF901D9AF6F26 /* Track2Store.swift in Sources */ = {isa = PBXBuildFile; fileRef = 5950517DE4C0A5B980D8C81C /* Track2Store.swift */; };
		D97C4D86854BA2F0BA3DEFD3 /* Localizable.strings in Resources */ = {isa = PBXBuildFile; fileRef = 59834618D52073F17985BC31 /* Localizable.strings */; };
		D9FE6ABC3D8E261A5F580352 /* TokenMeterWidgetExtension.appex in Embed App Extensions */ = {isa = PBXBuildFile; fileRef = 7C2BCA54EA35509EF36E5C49 /* TokenMeterWidgetExtension.appex */; };
		DFD7CC18EE46C332CD8EA453 /* track2_claude_secondary_drift.jsonl in Resources */ = {isa = PBXBuildFile; fileRef = 63ED2A3C5846FB29B6D581FA /* track2_claude_secondary_drift.jsonl */; };
		E0EAE9E1329AB9E286C00BEA /* WidgetSharedConfig.swift in Sources */ = {isa = PBXBuildFile; fileRef = FFBB1AB657CFBD68A56C32B6 /* WidgetSharedConfig.swift */; };
		E48D411ED2469C3B34A4D245 /* track2_codex_primary_normal.jsonl in Resources */ = {isa = PBXBuildFile; fileRef = EC4189AC9C7F2898EBE5327F /* track2_codex_primary_normal.jsonl */; };
		E74386EEC47712E4B239878A /* CodexTrack1MethodBAdapter.swift in Sources */ = {isa = PBXBuildFile; fileRef = BA916882AD267B742DEAF6D2 /* CodexTrack1MethodBAdapter.swift */; };
		E746E680EFA53A35E8F7E136 /* SettingsStore.swift in Sources */ = {isa = PBXBuildFile; fileRef = 1560B39FFA67C1448C2B86DB /* SettingsStore.swift */; };
		FB00EEAD8F90020AB236860A /* DiagnosticsRedactor.swift in Sources */ = {isa = PBXBuildFile; fileRef = 530C2F56B6FFD2B861AB6B99 /* DiagnosticsRedactor.swift */; };
/* End PBXBuildFile section */

/* Begin PBXContainerItemProxy section */
		00270535286F3AB2601CD2C6 /* PBXContainerItemProxy */ = {
			isa = PBXContainerItemProxy;
			containerPortal = 30B1004FD96E959D3C74FB96 /* Project object */;
			proxyType = 1;
			remoteGlobalIDString = 0F41F33A54B8757CAA1A26CA;
			remoteInfo = TokenMeter;
		};
		BB37DF6F32096E832B61BFFB /* PBXContainerItemProxy */ = {
			isa = PBXContainerItemProxy;
			containerPortal = 30B1004FD96E959D3C74FB96 /* Project object */;
			proxyType = 1;
			remoteGlobalIDString = 62E284C76D78CD2EFEB652A3;
			remoteInfo = TokenMeterWidgetExtension;
		};
		D517F348F6278CFD4DB64BC6 /* PBXContainerItemProxy */ = {
			isa = PBXContainerItemProxy;
			containerPortal = 30B1004FD96E959D3C74FB96 /* Project object */;
			proxyType = 1;
			remoteGlobalIDString = 0F41F33A54B8757CAA1A26CA;
			remoteInfo = TokenMeter;
		};
/* End PBXContainerItemProxy section */

/* Begin PBXCopyFilesBuildPhase section */
		8AF5D50448274C84615F6250 /* Embed App Extensions */ = {
			isa = PBXCopyFilesBuildPhase;
			buildActionMask = 2147483647;
			dstPath = "";
			dstSubfolderSpec = 13;
			files = (
				D9FE6ABC3D8E261A5F580352 /* TokenMeterWidgetExtension.appex in Embed App Extensions */,
			);
			name = "Embed App Extensions";
			runOnlyForDeploymentPostprocessing = 0;
		};
/* End PBXCopyFilesBuildPhase section */

/* Begin PBXFileReference section */
		00643C729397EEFB03F5AEB9 /* Localizable.strings */ = {isa = PBXFileReference; includeInIndex = 1; lastKnownFileType = text.plist.strings; name = Localizable.strings; path = TokenMeter/ja.lproj/Localizable.strings; sourceTree = "<group>"; };
		037D780D8B3D279AC467848D /* CodexTrack2PrimaryParser.swift */ = {isa = PBXFileReference; includeInIndex = 1; lastKnownFileType = sourcecode.swift; name = CodexTrack2PrimaryParser.swift; path = TokenMeter/Providers/CodexTrack2PrimaryParser.swift; sourceTree = "<group>"; };
		0915F6A40DFC927482374980 /* WidgetSnapshotStore.swift */ = {isa = PBXFileReference; includeInIndex = 1; lastKnownFileType = sourcecode.swift; name = WidgetSnapshotStore.swift; path = TokenMeter/Widget/WidgetSnapshotStore.swift; sourceTree = "<group>"; };
		09D3513E9BB649DED47490FF /* WidgetSnapshotRefresher.swift */ = {isa = PBXFileReference; includeInIndex = 1; lastKnownFileType = sourcecode.swift; name = WidgetSnapshotRefresher.swift; path = TokenMeter/Widget/WidgetSnapshotRefresher.swift; sourceTree = "<group>"; };
		12E7384FB3DD0CB4ACED2701 /* TokenMeterTests.xctest */ = {isa = PBXFileReference; explicitFileType = wrapper.cfbundle; includeInIndex = 0; path = TokenMeterTests.xctest; sourceTree = BUILT_PRODUCTS_DIR; };
		13AD36D7B7CAED02EA21B057 /* track1_claude_methodb_drift.json */ = {isa = PBXFileReference; includeInIndex = 1; name = track1_claude_methodb_drift.json; path = TokenMeterTests/Fixtures/track1_claude_methodb_drift.json; sourceTree = "<group>"; };
		1560B39FFA67C1448C2B86DB /* SettingsStore.swift */ = {isa = PBXFileReference; includeInIndex = 1; lastKnownFileType = sourcecode.swift; name = SettingsStore.swift; path = TokenMeter/Settings/SettingsStore.swift; sourceTree = "<group>"; };
		1EB1310AB2F507C87CFC9305 /* CollectionOrchestratorTests.swift */ = {isa = PBXFileReference; includeInIndex = 1; lastKnownFileType = sourcecode.swift; name = CollectionOrchestratorTests.swift; path = TokenMeterTests/CollectionOrchestratorTests.swift; sourceTree = "<group>"; };
		2642100001333B0EEAEE5264 /* CLIToolDiscovery.swift */ = {isa = PBXFileReference; includeInIndex = 1; lastKnownFileType = sourcecode.swift; name = CLIToolDiscovery.swift; path = TokenMeter/ToolDiscovery/CLIToolDiscovery.swift; sourceTree = "<group>"; };
		298032ECD991001B803578D4 /* ContentView.swift */ = {isa = PBXFileReference; includeInIndex = 1; lastKnownFileType = sourcecode.swift; name = ContentView.swift; path = TokenMeter/ContentView.swift; sourceTree = "<group>"; };
		2BCD50CFDE7EF88959E8764E /* ClaudeTrack1MethodCAdapter.swift */ = {isa = PBXFileReference; includeInIndex = 1; lastKnownFileType = sourcecode.swift; name = ClaudeTrack1MethodCAdapter.swift; path = TokenMeter/Providers/ClaudeTrack1MethodCAdapter.swift; sourceTree = "<group>"; };
		2CF66BBDE9F138C08E3D3832 /* Assets.xcassets */ = {isa = PBXFileReference; includeInIndex = 1; lastKnownFileType = folder.assetcatalog; name = Assets.xcassets; path = TokenMeter/Assets.xcassets; sourceTree = "<group>"; };
		3348C930145BCC155677C52B /* TrackModels.swift */ = {isa = PBXFileReference; includeInIndex = 1; lastKnownFileType = sourcecode.swift; name = TrackModels.swift; path = TokenMeter/Domain/TrackModels.swift; sourceTree = "<group>"; };
		48FAE3B188954A2F4A83CE92 /* AppRuntime.swift */ = {isa = PBXFileReference; includeInIndex = 1; lastKnownFileType = sourcecode.swift; name = AppRuntime.swift; path = TokenMeter/Orchestration/AppRuntime.swift; sourceTree = "<group>"; };
		4908CF6581C69A7DFFABEC01 /* TokenMeterWidget.swift */ = {isa = PBXFileReference; includeInIndex = 1; lastKnownFileType = sourcecode.swift; name = TokenMeterWidget.swift; path = TokenMeterWidget/TokenMeterWidget.swift; sourceTree = "<group>"; };
		5179EAA482CAA2DDDAB76581 /* AppSettings.swift */ = {isa = PBXFileReference; includeInIndex = 1; lastKnownFileType = sourcecode.swift; name = AppSettings.swift; path = TokenMeter/Settings/AppSettings.swift; sourceTree = "<group>"; };
		530C2F56B6FFD2B861AB6B99 /* DiagnosticsRedactor.swift */ = {isa = PBXFileReference; includeInIndex = 1; lastKnownFileType = sourcecode.swift; name = DiagnosticsRedactor.swift; path = TokenMeter/Diagnostics/DiagnosticsRedactor.swift; sourceTree = "<group>"; };
		5950517DE4C0A5B980D8C81C /* Track2Store.swift */ = {isa = PBXFileReference; includeInIndex = 1; lastKnownFileType = sourcecode.swift; name = Track2Store.swift; path = TokenMeter/Store/Track2Store.swift; sourceTree = "<group>"; };
		59834618D52073F17985BC31 /* Localizable.strings */ = {isa = PBXFileReference; includeInIndex = 1; lastKnownFileType = text.plist.strings; name = Localizable.strings; path = TokenMeter/ko.lproj/Localizable.strings; sourceTree = "<group>"; };
		63ED2A3C5846FB29B6D581FA /* track2_claude_secondary_drift.jsonl */ = {isa = PBXFileReference; includeInIndex = 1; name = track2_claude_secondary_drift.jsonl; path = TokenMeterTests/Fixtures/track2_claude_secondary_drift.jsonl; sourceTree = "<group>"; };
		6C3A7BF9AC88CBE474CE84C3 /* CollectionOrchestrator.swift */ = {isa = PBXFileReference; includeInIndex = 1; lastKnownFileType = sourcecode.swift; name = CollectionOrchestrator.swift; path = TokenMeter/Orchestration/CollectionOrchestrator.swift; sourceTree = "<group>"; };
		74487AC24FD308753A46D769 /* TokenMeterUITests.xctest */ = {isa = PBXFileReference; explicitFileType = wrapper.cfbundle; includeInIndex = 0; path = TokenMeterUITests.xctest; sourceTree = BUILT_PRODUCTS_DIR; };
		762C85FEAF426255D2CD0368 /* Localizable.strings */ = {isa = PBXFileReference; includeInIndex = 1; lastKnownFileType = text.plist.strings; name = Localizable.strings; path = "TokenMeter/zh-Hans.lproj/Localizable.strings"; sourceTree = "<group>"; };
		7C2BCA54EA35509EF36E5C49 /* TokenMeterWidgetExtension.appex */ = {isa = PBXFileReference; explicitFileType = "wrapper.app-extension"; includeInIndex = 0; path = TokenMeterWidgetExtension.appex; sourceTree = BUILT_PRODUCTS_DIR; };
		7F1FF7A0A26E57B35D8EC67E /* WidgetSnapshotDTO.swift */ = {isa = PBXFileReference; includeInIndex = 1; lastKnownFileType = sourcecode.swift; name = WidgetSnapshotDTO.swift; path = TokenMeter/Widget/WidgetSnapshotDTO.swift; sourceTree = "<group>"; };
		803BDF93EC074EFD8C32603A /* DiagnosticsStore.swift */ = {isa = PBXFileReference; includeInIndex = 1; lastKnownFileType = sourcecode.swift; name = DiagnosticsStore.swift; path = TokenMeter/Diagnostics/DiagnosticsStore.swift; sourceTree = "<group>"; };
		8381E64AF6061E2D5432EAFF /* track2_codex_primary_drift.jsonl */ = {isa = PBXFileReference; includeInIndex = 1; name = track2_codex_primary_drift.jsonl; path = TokenMeterTests/Fixtures/track2_codex_primary_drift.jsonl; sourceTree = "<group>"; };
		84CAEF02D4FEDDF1084381B5 /* TokenMeter.app */ = {isa = PBXFileReference; explicitFileType = wrapper.application; includeInIndex = 0; path = TokenMeter.app; sourceTree = BUILT_PRODUCTS_DIR; };
		855F98F219604B66E65AC242 /* ClaudeTrack1MethodBAdapter.swift */ = {isa = PBXFileReference; includeInIndex = 1; lastKnownFileType = sourcecode.swift; name = ClaudeTrack1MethodBAdapter.swift; path = TokenMeter/Providers/ClaudeTrack1MethodBAdapter.swift; sourceTree = "<group>"; };
		87640C783998E7A475EF0968 /* Localizable.strings */ = {isa = PBXFileReference; includeInIndex = 1; lastKnownFileType = text.plist.strings; name = Localizable.strings; path = TokenMeter/en.lproj/Localizable.strings; sourceTree = "<group>"; };
		9208C44DB374EA601D2EAA3F /* WidgetSnapshotStore.swift */ = {isa = PBXFileReference; includeInIndex = 1; lastKnownFileType = sourcecode.swift; name = WidgetSnapshotStore.swift; path = TokenMeter/Widget/WidgetSnapshotStore.swift; sourceTree = "<group>"; };
		921BF025E786EA3731653A37 /* ClaudeTrack2SecondaryParser.swift */ = {isa = PBXFileReference; includeInIndex = 1; lastKnownFileType = sourcecode.swift; name = ClaudeTrack2SecondaryParser.swift; path = TokenMeter/Providers/ClaudeTrack2SecondaryParser.swift; sourceTree = "<group>"; };
		9802681896A07DE205D72BBF /* TokenMeterTests.swift */ = {isa = PBXFileReference; includeInIndex = 1; lastKnownFileType = sourcecode.swift; name = TokenMeterTests.swift; path = TokenMeterTests/TokenMeterTests.swift; sourceTree = "<group>"; };
		A59E6D343AB4637B9CC62B32 /* WidgetSharedConfig.swift */ = {isa = PBXFileReference; includeInIndex = 1; lastKnownFileType = sourcecode.swift; name = WidgetSharedConfig.swift; path = TokenMeter/Widget/WidgetSharedConfig.swift; sourceTree = "<group>"; };
		B22E9F1EC7BDF4B2C3511DAE /* TokenMeterApp.swift */ = {isa = PBXFileReference; includeInIndex = 1; lastKnownFileType = sourcecode.swift; name = TokenMeterApp.swift; path = TokenMeter/TokenMeterApp.swift; sourceTree = "<group>"; };
		B54DFEB96EF4A9FAAE0924A0 /* WidgetSnapshotBuilder.swift */ = {isa = PBXFileReference; includeInIndex = 1; lastKnownFileType = sourcecode.swift; name = WidgetSnapshotBuilder.swift; path = TokenMeter/Widget/WidgetSnapshotBuilder.swift; sourceTree = "<group>"; };
		B55A54D7EAD9D5CCF38CA533 /* WidgetSnapshotDTO.swift */ = {isa = PBXFileReference; includeInIndex = 1; lastKnownFileType = sourcecode.swift; name = WidgetSnapshotDTO.swift; path = TokenMeter/Widget/WidgetSnapshotDTO.swift; sourceTree = "<group>"; };
		B5E539218451776E80752F42 /* Localizable.strings */ = {isa = PBXFileReference; includeInIndex = 1; lastKnownFileType = text.plist.strings; name = Localizable.strings; path = "TokenMeter/zh-Hant.lproj/Localizable.strings"; sourceTree = "<group>"; };
		BA916882AD267B742DEAF6D2 /* CodexTrack1MethodBAdapter.swift */ = {isa = PBXFileReference; includeInIndex = 1; lastKnownFileType = sourcecode.swift; name = CodexTrack1MethodBAdapter.swift; path = TokenMeter/Providers/CodexTrack1MethodBAdapter.swift; sourceTree = "<group>"; };
		C27068BAB3E5CC96A7850B11 /* track1_claude_methodc_drift.json */ = {isa = PBXFileReference; includeInIndex = 1; name = track1_claude_methodc_drift.json; path = TokenMeterTests/Fixtures/track1_claude_methodc_drift.json; sourceTree = "<group>"; };
		C2C0AA5E082CA3D613C1EF3B /* ClaudeTrack1Adapter.swift */ = {isa = PBXFileReference; includeInIndex = 1; lastKnownFileType = sourcecode.swift; name = ClaudeTrack1Adapter.swift; path = TokenMeter/Providers/ClaudeTrack1Adapter.swift; sourceTree = "<group>"; };
		C43AE47F2B7BDC6ACF28835E /* WidgetSnapshotTests.swift */ = {isa = PBXFileReference; includeInIndex = 1; lastKnownFileType = sourcecode.swift; name = WidgetSnapshotTests.swift; path = TokenMeterTests/WidgetSnapshotTests.swift; sourceTree = "<group>"; };
		C69A43EE51230E80172F5EC9 /* Cocoa.framework */ = {isa = PBXFileReference; lastKnownFileType = wrapper.framework; name = Cocoa.framework; path = Platforms/MacOSX.platform/Developer/SDKs/MacOSX15.0.sdk/System/Library/Frameworks/Cocoa.framework; sourceTree = DEVELOPER_DIR; };
		C8DBB9664A2097C45EF411A6 /* DiagnosticsLogger.swift */ = {isa = PBXFileReference; includeInIndex = 1; lastKnownFileType = sourcecode.swift; name = DiagnosticsLogger.swift; path = TokenMeter/Diagnostics/DiagnosticsLogger.swift; sourceTree = "<group>"; };
		CB1EDFB04A36C8A0617E5C49 /* Localizable.strings */ = {isa = PBXFileReference; includeInIndex = 1; lastKnownFileType = text.plist.strings; name = Localizable.strings; path = TokenMeter/es.lproj/Localizable.strings; sourceTree = "<group>"; };
		CD5955EC96773946C4CB4F9F /* SettingsView.swift */ = {isa = PBXFileReference; includeInIndex = 1; lastKnownFileType = sourcecode.swift; name = SettingsView.swift; path = TokenMeter/SettingsView.swift; sourceTree = "<group>"; };
		D98DA692A48B12E98495E2EF /* Track2ModelClassifier.swift */ = {isa = PBXFileReference; includeInIndex = 1; lastKnownFileType = sourcecode.swift; name = Track2ModelClassifier.swift; path = TokenMeter/Domain/Track2ModelClassifier.swift; sourceTree = "<group>"; };
		E0FCD5EF82F06EFE4AB28DDD /* OrchestratorClock.swift */ = {isa = PBXFileReference; includeInIndex = 1; lastKnownFileType = sourcecode.swift; name = OrchestratorClock.swift; path = TokenMeter/Orchestration/OrchestratorClock.swift; sourceTree = "<group>"; };
		E35D7CF6BACD3F9BDA49895A /* TokenMeterUITests.swift */ = {isa = PBXFileReference; includeInIndex = 1; lastKnownFileType = sourcecode.swift; name = TokenMeterUITests.swift; path = TokenMeterUITests/TokenMeterUITests.swift; sourceTree = "<group>"; };
		EC4189AC9C7F2898EBE5327F /* track2_codex_primary_normal.jsonl */ = {isa = PBXFileReference; includeInIndex = 1; name = track2_codex_primary_normal.jsonl; path = TokenMeterTests/Fixtures/track2_codex_primary_normal.jsonl; sourceTree = "<group>"; };
		F0F9AE372D2B05DE5F00AD4F /* track1_codex_methodb_drift.json */ = {isa = PBXFileReference; includeInIndex = 1; name = track1_codex_methodb_drift.json; path = TokenMeterTests/Fixtures/track1_codex_methodb_drift.json; sourceTree = "<group>"; };
		F3ACDE6F39F947CE5525DCD2 /* DiagnosticsValue.swift */ = {isa = PBXFileReference; includeInIndex = 1; lastKnownFileType = sourcecode.swift; name = DiagnosticsValue.swift; path = TokenMeter/Diagnostics/DiagnosticsValue.swift; sourceTree = "<group>"; };
		F4BD4B324A73D40CC6AD59FB /* AppIcon.icon */ = {isa = PBXFileReference; includeInIndex = 1; path = AppIcon.icon; sourceTree = "<group>"; };
		FFA8D1427FCC47483E271895 /* Track1Store.swift */ = {isa = PBXFileReference; includeInIndex = 1; lastKnownFileType = sourcecode.swift; name = Track1Store.swift; path = TokenMeter/Store/Track1Store.swift; sourceTree = "<group>"; };
		FFBB1AB657CFBD68A56C32B6 /* WidgetSharedConfig.swift */ = {isa = PBXFileReference; includeInIndex = 1; lastKnownFileType = sourcecode.swift; name = WidgetSharedConfig.swift; path = TokenMeter/Widget/WidgetSharedConfig.swift; sourceTree = "<group>"; };
/* End PBXFileReference section */

/* Begin PBXFrameworksBuildPhase section */
		71ED78EBAB1BDBA0AA8F2C3F /* Frameworks */ = {
			isa = PBXFrameworksBuildPhase;
			buildActionMask = 2147483647;
			files = (
				4EA8A06F63AB13B5F65F0FB3 /* Cocoa.framework in Frameworks */,
				C54FEF7C017393CC293BC03F /* Sparkle in Frameworks */,
			);
			runOnlyForDeploymentPostprocessing = 0;
		};
		95A2F1BA6AAA6880A4F47F15 /* Frameworks */ = {
			isa = PBXFrameworksBuildPhase;
			buildActionMask = 2147483647;
			files = (
				9A609C1472C4630666B6BDAD /* Cocoa.framework in Frameworks */,
			);
			runOnlyForDeploymentPostprocessing = 0;
		};
		97360997644A08C662AF2152 /* Frameworks */ = {
			isa = PBXFrameworksBuildPhase;
			buildActionMask = 2147483647;
			files = (
				6CA7E88D268521987B4CE53B /* Cocoa.framework in Frameworks */,
			);
			runOnlyForDeploymentPostprocessing = 0;
		};
		FECCC7446164A9528E31016A /* Frameworks */ = {
			isa = PBXFrameworksBuildPhase;
			buildActionMask = 2147483647;
			files = (
				CDCC4CAA06185C2DEA86EAAC /* Cocoa.framework in Frameworks */,
			);
			runOnlyForDeploymentPostprocessing = 0;
		};
/* End PBXFrameworksBuildPhase section */

/* Begin PBXGroup section */
		110F3D775E8EF96A15C1210E /* TokenMeterWidget */ = {
			isa = PBXGroup;
			children = (
				4908CF6581C69A7DFFABEC01 /* TokenMeterWidget.swift */,
				A59E6D343AB4637B9CC62B32 /* WidgetSharedConfig.swift */,
				B55A54D7EAD9D5CCF38CA533 /* WidgetSnapshotDTO.swift */,
				0915F6A40DFC927482374980 /* WidgetSnapshotStore.swift */,
			);
			name = TokenMeterWidget;
			sourceTree = "<group>";
		};
		314C58F11B5F3F64EA3AA498 /* TokenMeterUITests */ = {
			isa = PBXGroup;
			children = (
				E35D7CF6BACD3F9BDA49895A /* TokenMeterUITests.swift */,
			);
			name = TokenMeterUITests;
			sourceTree = "<group>";
		};
		3BC381C65CAA9B439AAC4676 /* TokenMeter */ = {
			isa = PBXGroup;
			children = (
				298032ECD991001B803578D4 /* ContentView.swift */,
				C8DBB9664A2097C45EF411A6 /* DiagnosticsLogger.swift */,
				530C2F56B6FFD2B861AB6B99 /* DiagnosticsRedactor.swift */,
				803BDF93EC074EFD8C32603A /* DiagnosticsStore.swift */,
				F3ACDE6F39F947CE5525DCD2 /* DiagnosticsValue.swift */,
				D98DA692A48B12E98495E2EF /* Track2ModelClassifier.swift */,
				3348C930145BCC155677C52B /* TrackModels.swift */,
				48FAE3B188954A2F4A83CE92 /* AppRuntime.swift */,
				6C3A7BF9AC88CBE474CE84C3 /* CollectionOrchestrator.swift */,
				E0FCD5EF82F06EFE4AB28DDD /* OrchestratorClock.swift */,
				C2C0AA5E082CA3D613C1EF3B /* ClaudeTrack1Adapter.swift */,
				855F98F219604B66E65AC242 /* ClaudeTrack1MethodBAdapter.swift */,
				2BCD50CFDE7EF88959E8764E /* ClaudeTrack1MethodCAdapter.swift */,
				921BF025E786EA3731653A37 /* ClaudeTrack2SecondaryParser.swift */,
				BA916882AD267B742DEAF6D2 /* CodexTrack1MethodBAdapter.swift */,
				037D780D8B3D279AC467848D /* CodexTrack2PrimaryParser.swift */,
				5179EAA482CAA2DDDAB76581 /* AppSettings.swift */,
				1560B39FFA67C1448C2B86DB /* SettingsStore.swift */,
				CD5955EC96773946C4CB4F9F /* SettingsView.swift */,
				FFA8D1427FCC47483E271895 /* Track1Store.swift */,
				5950517DE4C0A5B980D8C81C /* Track2Store.swift */,
				B22E9F1EC7BDF4B2C3511DAE /* TokenMeterApp.swift */,
				2642100001333B0EEAEE5264 /* CLIToolDiscovery.swift */,
				FFBB1AB657CFBD68A56C32B6 /* WidgetSharedConfig.swift */,
				B54DFEB96EF4A9FAAE0924A0 /* WidgetSnapshotBuilder.swift */,
				7F1FF7A0A26E57B35D8EC67E /* WidgetSnapshotDTO.swift */,
				09D3513E9BB649DED47490FF /* WidgetSnapshotRefresher.swift */,
				9208C44DB374EA601D2EAA3F /* WidgetSnapshotStore.swift */,
				87640C783998E7A475EF0968 /* Localizable.strings */,
				CB1EDFB04A36C8A0617E5C49 /* Localizable.strings */,
				00643C729397EEFB03F5AEB9 /* Localizable.strings */,
				59834618D52073F17985BC31 /* Localizable.strings */,
				762C85FEAF426255D2CD0368 /* Localizable.strings */,
				B5E539218451776E80752F42 /* Localizable.strings */,
				2CF66BBDE9F138C08E3D3832 /* Assets.xcassets */,
			);
			name = TokenMeter;
			sourceTree = "<group>";
		};
		42FFC1053E2DDEE0BAAC0B99 = {
			isa = PBXGroup;
			children = (
				5A8B5BADB1D757662C0632D5 /* Products */,
				BCBEBD4F7AC260B627279BEF /* Frameworks */,
				3BC381C65CAA9B439AAC4676 /* TokenMeter */,
				110F3D775E8EF96A15C1210E /* TokenMeterWidget */,
				86C3E4C21B0B15A0C073E6DE /* TokenMeterTests */,
				314C58F11B5F3F64EA3AA498 /* TokenMeterUITests */,
				F4BD4B324A73D40CC6AD59FB /* AppIcon.icon */,
			);
			sourceTree = "<group>";
		};
		5A8B5BADB1D757662C0632D5 /* Products */ = {
			isa = PBXGroup;
			children = (
				84CAEF02D4FEDDF1084381B5 /* TokenMeter.app */,
				7C2BCA54EA35509EF36E5C49 /* TokenMeterWidgetExtension.appex */,
				12E7384FB3DD0CB4ACED2701 /* TokenMeterTests.xctest */,
				74487AC24FD308753A46D769 /* TokenMeterUITests.xctest */,
			);
			name = Products;
			sourceTree = "<group>";
		};
		86C3E4C21B0B15A0C073E6DE /* TokenMeterTests */ = {
			isa = PBXGroup;
			children = (
				1EB1310AB2F507C87CFC9305 /* CollectionOrchestratorTests.swift */,
				9802681896A07DE205D72BBF /* TokenMeterTests.swift */,
				C43AE47F2B7BDC6ACF28835E /* WidgetSnapshotTests.swift */,
				13AD36D7B7CAED02EA21B057 /* track1_claude_methodb_drift.json */,
				C27068BAB3E5CC96A7850B11 /* track1_claude_methodc_drift.json */,
				F0F9AE372D2B05DE5F00AD4F /* track1_codex_methodb_drift.json */,
				63ED2A3C5846FB29B6D581FA /* track2_claude_secondary_drift.jsonl */,
				8381E64AF6061E2D5432EAFF /* track2_codex_primary_drift.jsonl */,
				EC4189AC9C7F2898EBE5327F /* track2_codex_primary_normal.jsonl */,
			);
			name = TokenMeterTests;
			sourceTree = "<group>";
		};
		BCBEBD4F7AC260B627279BEF /* Frameworks */ = {
			isa = PBXGroup;
			children = (
				F6CAEBD06866E6D97C39E676 /* OS X */,
			);
			name = Frameworks;
			sourceTree = "<group>";
		};
		F6CAEBD06866E6D97C39E676 /* OS X */ = {
			isa = PBXGroup;
			children = (
				C69A43EE51230E80172F5EC9 /* Cocoa.framework */,
			);
			name = "OS X";
			sourceTree = "<group>";
		};
/* End PBXGroup section */

/* Begin PBXNativeTarget section */
		0F41F33A54B8757CAA1A26CA /* TokenMeter */ = {
			isa = PBXNativeTarget;
			buildConfigurationList = FB364B9AE4D7C382CF7940DA /* Build configuration list for PBXNativeTarget "TokenMeter" */;
			buildPhases = (
				C025B2E0DDD71B72ECEF9B16 /* Sources */,
				71ED78EBAB1BDBA0AA8F2C3F /* Frameworks */,
				7C3B88A26C20C12960F75E48 /* Resources */,
				8AF5D50448274C84615F6250 /* Embed App Extensions */,
			);
			buildRules = (
			);
			dependencies = (
				45A3558A77CAA52C1ADA6A1A /* PBXTargetDependency */,
			);
			name = TokenMeter;
			packageProductDependencies = (
				DD7ED0D3BE0F7AEB940E8E64 /* Sparkle */,
			);
			productName = TokenMeter;
			productReference = 84CAEF02D4FEDDF1084381B5 /* TokenMeter.app */;
			productType = "com.apple.product-type.application";
		};
		3ADC7B2145B4CC1FD89D975F /* TokenMeterUITests */ = {
			isa = PBXNativeTarget;
			buildConfigurationList = A06D79BDB346FF757D94FF28 /* Build configuration list for PBXNativeTarget "TokenMeterUITests" */;
			buildPhases = (
				13FA4E164DDD8AF0158CDF26 /* Sources */,
				95A2F1BA6AAA6880A4F47F15 /* Frameworks */,
				B0A68BCA2553B70B966D8BF9 /* Resources */,
			);
			buildRules = (
			);
			dependencies = (
				2EBD2BDA608310ACC0DEC994 /* PBXTargetDependency */,
			);
			name = TokenMeterUITests;
			productName = TokenMeterUITests;
			productReference = 74487AC24FD308753A46D769 /* TokenMeterUITests.xctest */;
			productType = "com.apple.product-type.bundle.ui-testing";
		};
		4719D69C4DF577A3679050D9 /* TokenMeterTests */ = {
			isa = PBXNativeTarget;
			buildConfigurationList = CC00523E21009A7B8B959299 /* Build configuration list for PBXNativeTarget "TokenMeterTests" */;
			buildPhases = (
				6E3605ECE9C9077AFF7A10A2 /* Sources */,
				FECCC7446164A9528E31016A /* Frameworks */,
				8CA13C4586B3C54B9E9F4B9D /* Resources */,
			);
			buildRules = (
			);
			dependencies = (
				C84AFDD530B9E1130C4FDCCF /* PBXTargetDependency */,
			);
			name = TokenMeterTests;
			productName = TokenMeterTests;
			productReference = 12E7384FB3DD0CB4ACED2701 /* TokenMeterTests.xctest */;
			productType = "com.apple.product-type.bundle.unit-test";
		};
		62E284C76D78CD2EFEB652A3 /* TokenMeterWidgetExtension */ = {
			isa = PBXNativeTarget;
			buildConfigurationList = F0DD571D770870D3FEC960DC /* Build configuration list for PBXNativeTarget "TokenMeterWidgetExtension" */;
			buildPhases = (
				EDF0E39C25C72AD895FF5059 /* Sources */,
				97360997644A08C662AF2152 /* Frameworks */,
				4D1B3D3736636A040EE9FE95 /* Resources */,
			);
			buildRules = (
			);
			dependencies = (
			);
			name = TokenMeterWidgetExtension;
			productName = TokenMeterWidgetExtension;
			productReference = 7C2BCA54EA35509EF36E5C49 /* TokenMeterWidgetExtension.appex */;
			productType = "com.apple.product-type.app-extension";
		};
/* End PBXNativeTarget section */

/* Begin PBXProject section */
		30B1004FD96E959D3C74FB96 /* Project object */ = {
			isa = PBXProject;
			attributes = {
				LastSwiftUpdateCheck = 1600;
				LastUpgradeCheck = 1700;
			};
			buildConfigurationList = 4EBB378E924D8C65EAA75EC3 /* Build configuration list for PBXProject "TokenMeter" */;
			compatibilityVersion = "Xcode 3.2";
			developmentRegion = en;
			hasScannedForEncodings = 0;
			knownRegions = (
				en,
				Base,
			);
			mainGroup = 42FFC1053E2DDEE0BAAC0B99;
			minimizedProjectReferenceProxies = 0;
			packageReferences = (
				E0627ADBB9EBF6A1A0E5D5C0 /* XCRemoteSwiftPackageReference "Sparkle" */,
			);
			preferredProjectObjectVersion = 77;
			productRefGroup = 5A8B5BADB1D757662C0632D5 /* Products */;
			projectDirPath = "";
			projectRoot = "";
			targets = (
				0F41F33A54B8757CAA1A26CA /* TokenMeter */,
				62E284C76D78CD2EFEB652A3 /* TokenMeterWidgetExtension */,
				4719D69C4DF577A3679050D9 /* TokenMeterTests */,
				3ADC7B2145B4CC1FD89D975F /* TokenMeterUITests */,
			);
		};
/* End PBXProject section */

/* Begin PBXResourcesBuildPhase section */
		4D1B3D3736636A040EE9FE95 /* Resources */ = {
			isa = PBXResourcesBuildPhase;
			buildActionMask = 2147483647;
			files = (
			);
			runOnlyForDeploymentPostprocessing = 0;
		};
		7C3B88A26C20C12960F75E48 /* Resources */ = {
			isa = PBXResourcesBuildPhase;
			buildActionMask = 2147483647;
			files = (
				BBAAC6AD9E9AD1B5D83B2DBB /* Localizable.strings in Resources */,
				B3D1157B9A1609839E7A07C1 /* Localizable.strings in Resources */,
				AD49FBDFA77A5E81B524D73C /* Localizable.strings in Resources */,
				D97C4D86854BA2F0BA3DEFD3 /* Localizable.strings in Resources */,
				86EE5B9031348797C600527D /* Localizable.strings in Resources */,
				4924DB589C45E37996C5D8C5 /* Localizable.strings in Resources */,
				30D80773293BEA429C28385D /* Assets.xcassets in Resources */,
				CCC189D2C3DCD82DBACCACAB /* AppIcon.icon in Resources */,
			);
			runOnlyForDeploymentPostprocessing = 0;
		};
		8CA13C4586B3C54B9E9F4B9D /* Resources */ = {
			isa = PBXResourcesBuildPhase;
			buildActionMask = 2147483647;
			files = (
				6FF88778E59E9C788E635A74 /* track1_claude_methodb_drift.json in Resources */,
				38FFBB3B90CEE4B26A297AED /* track1_claude_methodc_drift.json in Resources */,
				C0C2723AA6CEB6703599EE9B /* track1_codex_methodb_drift.json in Resources */,
				DFD7CC18EE46C332CD8EA453 /* track2_claude_secondary_drift.jsonl in Resources */,
				99056B2336259269DBA766CE /* track2_codex_primary_drift.jsonl in Resources */,
				E48D411ED2469C3B34A4D245 /* track2_codex_primary_normal.jsonl in Resources */,
			);
			runOnlyForDeploymentPostprocessing = 0;
		};
		B0A68BCA2553B70B966D8BF9 /* Resources */ = {
			isa = PBXResourcesBuildPhase;
			buildActionMask = 2147483647;
			files = (
			);
			runOnlyForDeploymentPostprocessing = 0;
		};
/* End PBXResourcesBuildPhase section */

/* Begin PBXSourcesBuildPhase section */
		13FA4E164DDD8AF0158CDF26 /* Sources */ = {
			isa = PBXSourcesBuildPhase;
			buildActionMask = 2147483647;
			files = (
				27CE90DBCCA712AB811B7CA3 /* TokenMeterUITests.swift in Sources */,
			);
			runOnlyForDeploymentPostprocessing = 0;
		};
		6E3605ECE9C9077AFF7A10A2 /* Sources */ = {
			isa = PBXSourcesBuildPhase;
			buildActionMask = 2147483647;
			files = (
				CDD4BF5843F81F988BF94350 /* CollectionOrchestratorTests.swift in Sources */,
				2755D58FA4FA29DA88DAE11E /* TokenMeterTests.swift in Sources */,
				4C2CD11E2C97C41E85FE4F88 /* WidgetSnapshotTests.swift in Sources */,
			);
			runOnlyForDeploymentPostprocessing = 0;
		};
		C025B2E0DDD71B72ECEF9B16 /* Sources */ = {
			isa = PBXSourcesBuildPhase;
			buildActionMask = 2147483647;
			files = (
				635EB02ADC5D7D1BF42E88E3 /* ContentView.swift in Sources */,
				BEF8A3A2FFE7B76056564238 /* DiagnosticsLogger.swift in Sources */,
				FB00EEAD8F90020AB236860A /* DiagnosticsRedactor.swift in Sources */,
				D30E471BFD3E46597AFB279D /* DiagnosticsStore.swift in Sources */,
				AC8C3F5263760C3AD154BC1D /* DiagnosticsValue.swift in Sources */,
				D57B0992383068A7B6AE561F /* Track2ModelClassifier.swift in Sources */,
				2D093559755050D3A7160243 /* TrackModels.swift in Sources */,
				D0C0508DD2B687112E2B796D /* AppRuntime.swift in Sources */,
				BFB8622EDF0215E16BDC4D67 /* CollectionOrchestrator.swift in Sources */,
				06F26D57AF04436DC4117D5B /* OrchestratorClock.swift in Sources */,
				343F580159833D8F07C5C28E /* ClaudeTrack1Adapter.swift in Sources */,
				852912D61379DE6C9085175D /* ClaudeTrack1MethodBAdapter.swift in Sources */,
				C6D223A43CB2ACF8DE8105E5 /* ClaudeTrack1MethodCAdapter.swift in Sources */,
				D3CCE84786E1E9E88CCEBBA0 /* ClaudeTrack2SecondaryParser.swift in Sources */,
				E74386EEC47712E4B239878A /* CodexTrack1MethodBAdapter.swift in Sources */,
				8764663B590F32BA08B9FD1F /* CodexTrack2PrimaryParser.swift in Sources */,
				8E2B6D7F422F5BE460309817 /* AppSettings.swift in Sources */,
				E746E680EFA53A35E8F7E136 /* SettingsStore.swift in Sources */,
				D0371682C0E95B072CF05BB3 /* SettingsView.swift in Sources */,
				74E5CB6D114256A5944F5A61 /* Track1Store.swift in Sources */,
				D85538A5C2FEF901D9AF6F26 /* Track2Store.swift in Sources */,
				0AC620838D07C839FAB906D7 /* TokenMeterApp.swift in Sources */,
				942C63BC2F7AFD1F33021794 /* CLIToolDiscovery.swift in Sources */,
				E0EAE9E1329AB9E286C00BEA /* WidgetSharedConfig.swift in Sources */,
				C6E03FCA3DCB8196DA278D49 /* WidgetSnapshotBuilder.swift in Sources */,
				3139B6C62A7F49DCDA9DF137 /* WidgetSnapshotDTO.swift in Sources */,
				475DCE18D86B7DCF30A7311F /* WidgetSnapshotRefresher.swift in Sources */,
				4FB0445C220C7EF4769544FF /* WidgetSnapshotStore.swift in Sources */,
			);
			runOnlyForDeploymentPostprocessing = 0;
		};
		EDF0E39C25C72AD895FF5059 /* Sources */ = {
			isa = PBXSourcesBuildPhase;
			buildActionMask = 2147483647;
			files = (
				77140C205B56ECC97447F167 /* TokenMeterWidget.swift in Sources */,
				8AF14C91CA3EFAED57FED816 /* WidgetSharedConfig.swift in Sources */,
				106CB5503B97D56D1B56BB8E /* WidgetSnapshotDTO.swift in Sources */,
				2FC37EC1A1F986AE00BDDED2 /* WidgetSnapshotStore.swift in Sources */,
			);
			runOnlyForDeploymentPostprocessing = 0;
		};
/* End PBXSourcesBuildPhase section */

/* Begin PBXTargetDependency section */
		2EBD2BDA608310ACC0DEC994 /* PBXTargetDependency */ = {
			isa = PBXTargetDependency;
			name = TokenMeter;
			target = 0F41F33A54B8757CAA1A26CA /* TokenMeter */;
			targetProxy = 00270535286F3AB2601CD2C6 /* PBXContainerItemProxy */;
		};
		45A3558A77CAA52C1ADA6A1A /* PBXTargetDependency */ = {
			isa = PBXTargetDependency;
			name = TokenMeterWidgetExtension;
			target = 62E284C76D78CD2EFEB652A3 /* TokenMeterWidgetExtension */;
			targetProxy = BB37DF6F32096E832B61BFFB /* PBXContainerItemProxy */;
		};
		C84AFDD530B9E1130C4FDCCF /* PBXTargetDependency */ = {
			isa = PBXTargetDependency;
			name = TokenMeter;
			target = 0F41F33A54B8757CAA1A26CA /* TokenMeter */;
			targetProxy = D517F348F6278CFD4DB64BC6 /* PBXContainerItemProxy */;
		};
/* End PBXTargetDependency section */

/* Begin XCBuildConfiguration section */
		04BED4CE20CF90BF4393C801 /* Release */ = {
			isa = XCBuildConfiguration;
			buildSettings = {
				CODE_SIGN_STYLE = Automatic;
				GENERATE_INFOPLIST_FILE = YES;
				MACOSX_DEPLOYMENT_TARGET = 13.0;
				PRODUCT_BUNDLE_IDENTIFIER = com.tokenmeter.app.uitests;
				SDKROOT = macosx;
				SWIFT_VERSION = 6.0;
			};
			name = Release;
		};
		1E39D358EFE4837EF5F53F81 /* Release */ = {
			isa = XCBuildConfiguration;
			buildSettings = {
				ALWAYS_SEARCH_USER_PATHS = NO;
				CLANG_ANALYZER_NONNULL = YES;
				CLANG_ANALYZER_NUMBER_OBJECT_CONVERSION = YES_AGGRESSIVE;
				CLANG_CXX_LANGUAGE_STANDARD = "gnu++14";
				CLANG_CXX_LIBRARY = "libc++";
				CLANG_ENABLE_MODULES = YES;
				CLANG_ENABLE_OBJC_ARC = YES;
				CLANG_ENABLE_OBJC_WEAK = YES;
				CLANG_WARN_BLOCK_CAPTURE_AUTORELEASING = YES;
				CLANG_WARN_BOOL_CONVERSION = YES;
				CLANG_WARN_COMMA = YES;
				CLANG_WARN_CONSTANT_CONVERSION = YES;
				CLANG_WARN_DEPRECATED_OBJC_IMPLEMENTATIONS = YES;
				CLANG_WARN_DIRECT_OBJC_ISA_USAGE = YES_ERROR;
				CLANG_WARN_DOCUMENTATION_COMMENTS = YES;
				CLANG_WARN_EMPTY_BODY = YES;
				CLANG_WARN_ENUM_CONVERSION = YES;
				CLANG_WARN_INFINITE_RECURSION = YES;
				CLANG_WARN_INT_CONVERSION = YES;
				CLANG_WARN_NON_LITERAL_NULL_CONVERSION = YES;
				CLANG_WARN_OBJC_IMPLICIT_RETAIN_SELF = YES;
				CLANG_WARN_OBJC_LITERAL_CONVERSION = YES;
				CLANG_WARN_OBJC_ROOT_CLASS = YES_ERROR;
				CLANG_WARN_QUOTED_INCLUDE_IN_FRAMEWORK_HEADER = YES;
				CLANG_WARN_RANGE_LOOP_ANALYSIS = YES;
				CLANG_WARN_STRICT_PROTOTYPES = YES;
				CLANG_WARN_SUSPICIOUS_MOVE = YES;
				CLANG_WARN_UNGUARDED_AVAILABILITY = YES_AGGRESSIVE;
				CLANG_WARN_UNREACHABLE_CODE = YES;
				CLANG_WARN__DUPLICATE_METHOD_MATCH = YES;
				COPY_PHASE_STRIP = NO;
				DEBUG_INFORMATION_FORMAT = "dwarf-with-dsym";
				ENABLE_NS_ASSERTIONS = NO;
				ENABLE_STRICT_OBJC_MSGSEND = YES;
				GCC_C_LANGUAGE_STANDARD = gnu11;
				GCC_NO_COMMON_BLOCKS = YES;
				GCC_WARN_64_TO_32_BIT_CONVERSION = YES;
				GCC_WARN_ABOUT_RETURN_TYPE = YES_ERROR;
				GCC_WARN_UNDECLARED_SELECTOR = YES;
				GCC_WARN_UNINITIALIZED_AUTOS = YES_AGGRESSIVE;
				GCC_WARN_UNUSED_FUNCTION = YES;
				GCC_WARN_UNUSED_VARIABLE = YES;
				MTL_ENABLE_DEBUG_INFO = NO;
				MTL_FAST_MATH = YES;
				PRODUCT_NAME = "$(TARGET_NAME)";
				SWIFT_COMPILATION_MODE = wholemodule;
				SWIFT_OPTIMIZATION_LEVEL = "-O";
				SWIFT_VERSION = 5.0;
			};
			name = Release;
		};
		28A102169D39F38ED8D59836 /* Debug */ = {
			isa = XCBuildConfiguration;
			buildSettings = {
				ALWAYS_SEARCH_USER_PATHS = NO;
				CLANG_ANALYZER_NONNULL = YES;
				CLANG_ANALYZER_NUMBER_OBJECT_CONVERSION = YES_AGGRESSIVE;
				CLANG_CXX_LANGUAGE_STANDARD = "gnu++14";
				CLANG_CXX_LIBRARY = "libc++";
				CLANG_ENABLE_MODULES = YES;
				CLANG_ENABLE_OBJC_ARC = YES;
				CLANG_ENABLE_OBJC_WEAK = YES;
				CLANG_WARN_BLOCK_CAPTURE_AUTORELEASING = YES;
				CLANG_WARN_BOOL_CONVERSION = YES;
				CLANG_WARN_COMMA = YES;
				CLANG_WARN_CONSTANT_CONVERSION = YES;
				CLANG_WARN_DEPRECATED_OBJC_IMPLEMENTATIONS = YES;
				CLANG_WARN_DIRECT_OBJC_ISA_USAGE = YES_ERROR;
				CLANG_WARN_DOCUMENTATION_COMMENTS = YES;
				CLANG_WARN_EMPTY_BODY = YES;
				CLANG_WARN_ENUM_CONVERSION = YES;
				CLANG_WARN_INFINITE_RECURSION = YES;
				CLANG_WARN_INT_CONVERSION = YES;
				CLANG_WARN_NON_LITERAL_NULL_CONVERSION = YES;
				CLANG_WARN_OBJC_IMPLICIT_RETAIN_SELF = YES;
				CLANG_WARN_OBJC_LITERAL_CONVERSION = YES;
				CLANG_WARN_OBJC_ROOT_CLASS = YES_ERROR;
				CLANG_WARN_QUOTED_INCLUDE_IN_FRAMEWORK_HEADER = YES;
				CLANG_WARN_RANGE_LOOP_ANALYSIS = YES;
				CLANG_WARN_STRICT_PROTOTYPES = YES;
				CLANG_WARN_SUSPICIOUS_MOVE = YES;
				CLANG_WARN_UNGUARDED_AVAILABILITY = YES_AGGRESSIVE;
				CLANG_WARN_UNREACHABLE_CODE = YES;
				CLANG_WARN__DUPLICATE_METHOD_MATCH = YES;
				COPY_PHASE_STRIP = NO;
				DEBUG_INFORMATION_FORMAT = dwarf;
				ENABLE_STRICT_OBJC_MSGSEND = YES;
				ENABLE_TESTABILITY = YES;
				GCC_C_LANGUAGE_STANDARD = gnu11;
				GCC_DYNAMIC_NO_PIC = NO;
				GCC_NO_COMMON_BLOCKS = YES;
				GCC_OPTIMIZATION_LEVEL = 0;
				GCC_PREPROCESSOR_DEFINITIONS = (
					"DEBUG=1",
					"$(inherited)",
				);
				GCC_WARN_64_TO_32_BIT_CONVERSION = YES;
				GCC_WARN_ABOUT_RETURN_TYPE = YES_ERROR;
				GCC_WARN_UNDECLARED_SELECTOR = YES;
				GCC_WARN_UNINITIALIZED_AUTOS = YES_AGGRESSIVE;
				GCC_WARN_UNUSED_FUNCTION = YES;
				GCC_WARN_UNUSED_VARIABLE = YES;
				MTL_ENABLE_DEBUG_INFO = INCLUDE_SOURCE;
				MTL_FAST_MATH = YES;
				ONLY_ACTIVE_ARCH = YES;
				PRODUCT_NAME = "$(TARGET_NAME)";
				SWIFT_ACTIVE_COMPILATION_CONDITIONS = DEBUG;
				SWIFT_OPTIMIZATION_LEVEL = "-Onone";
				SWIFT_VERSION = 5.0;
			};
			name = Debug;
		};
		3E99295E90CFE7B6B9CAEE98 /* Debug */ = {
			isa = XCBuildConfiguration;
			buildSettings = {
				ASSETCATALOG_COMPILER_APPICON_NAME = AppIcon;
				ASSETCATALOG_COMPILER_GLOBAL_ACCENT_COLOR_NAME = AccentColor;
				CODE_SIGNING_ALLOWED = YES;
				CODE_SIGN_ENTITLEMENTS = TokenMeter/TokenMeter.entitlements;
				CODE_SIGN_STYLE = Automatic;
				COMBINE_HIDPI_IMAGES = YES;
				INFOPLIST_FILE = TokenMeter/Info.plist;
				LD_RUNPATH_SEARCH_PATHS = "$(inherited) @executable_path/../Frameworks";
				MACOSX_DEPLOYMENT_TARGET = 13.0;
				PRODUCT_BUNDLE_IDENTIFIER = com.tokenmeter.app;
				SDKROOT = macosx;
				SWIFT_VERSION = 6.0;
			};
			name = Debug;
		};
		50A01E1F8F101ED4FA147A62 /* Release */ = {
			isa = XCBuildConfiguration;
			buildSettings = {
				ASSETCATALOG_COMPILER_APPICON_NAME = AppIcon;
				ASSETCATALOG_COMPILER_GLOBAL_ACCENT_COLOR_NAME = AccentColor;
				CODE_SIGNING_ALLOWED = YES;
				CODE_SIGN_ENTITLEMENTS = TokenMeter/TokenMeter.entitlements;
				CODE_SIGN_STYLE = Automatic;
				COMBINE_HIDPI_IMAGES = YES;
				INFOPLIST_FILE = TokenMeter/Info.plist;
				LD_RUNPATH_SEARCH_PATHS = "$(inherited) @executable_path/../Frameworks";
				MACOSX_DEPLOYMENT_TARGET = 13.0;
				PRODUCT_BUNDLE_IDENTIFIER = com.tokenmeter.app;
				SDKROOT = macosx;
				SWIFT_VERSION = 6.0;
			};
			name = Release;
		};
		74536269C434D836CE8E5DC7 /* Debug */ = {
			isa = XCBuildConfiguration;
			buildSettings = {
				APPLICATION_EXTENSION_API_ONLY = YES;
				CODE_SIGNING_ALLOWED = YES;
				CODE_SIGN_ENTITLEMENTS = TokenMeterWidget/TokenMeterWidget.entitlements;
				CODE_SIGN_STYLE = Automatic;
				INFOPLIST_FILE = TokenMeterWidget/Info.plist;
				MACOSX_DEPLOYMENT_TARGET = 13.0;
				PRODUCT_BUNDLE_IDENTIFIER = com.tokenmeter.app.widget;
				SDKROOT = macosx;
				SKIP_INSTALL = YES;
				SWIFT_VERSION = 6.0;
			};
			name = Debug;
		};
		87DBED85E5E3910EC20A4F55 /* Debug */ = {
			isa = XCBuildConfiguration;
			buildSettings = {
				BUNDLE_LOADER = "$(TEST_HOST)";
				CODE_SIGN_STYLE = Automatic;
				GENERATE_INFOPLIST_FILE = YES;
				MACOSX_DEPLOYMENT_TARGET = 13.0;
				PRODUCT_BUNDLE_IDENTIFIER = com.tokenmeter.app.tests;
				SDKROOT = macosx;
				SWIFT_VERSION = 6.0;
				TEST_HOST = "$(BUILT_PRODUCTS_DIR)/TokenMeter.app/Contents/MacOS/TokenMeter";
			};
			name = Debug;
		};
		9684B25485C013F799E77FAE /* Debug */ = {
			isa = XCBuildConfiguration;
			buildSettings = {
				CODE_SIGN_STYLE = Automatic;
				GENERATE_INFOPLIST_FILE = YES;
				MACOSX_DEPLOYMENT_TARGET = 13.0;
				PRODUCT_BUNDLE_IDENTIFIER = com.tokenmeter.app.uitests;
				SDKROOT = macosx;
				SWIFT_VERSION = 6.0;
			};
			name = Debug;
		};
		C901A4D059D67363958D1E7E /* Release */ = {
			isa = XCBuildConfiguration;
			buildSettings = {
				BUNDLE_LOADER = "$(TEST_HOST)";
				CODE_SIGN_STYLE = Automatic;
				GENERATE_INFOPLIST_FILE = YES;
				MACOSX_DEPLOYMENT_TARGET = 13.0;
				PRODUCT_BUNDLE_IDENTIFIER = com.tokenmeter.app.tests;
				SDKROOT = macosx;
				SWIFT_VERSION = 6.0;
				TEST_HOST = "$(BUILT_PRODUCTS_DIR)/TokenMeter.app/Contents/MacOS/TokenMeter";
			};
			name = Release;
		};
		DC6C53ED95F9F5D7AE4CFAE1 /* Release */ = {
			isa = XCBuildConfiguration;
			buildSettings = {
				APPLICATION_EXTENSION_API_ONLY = YES;
				CODE_SIGNING_ALLOWED = YES;
				CODE_SIGN_ENTITLEMENTS = TokenMeterWidget/TokenMeterWidget.entitlements;
				CODE_SIGN_STYLE = Automatic;
				INFOPLIST_FILE = TokenMeterWidget/Info.plist;
				MACOSX_DEPLOYMENT_TARGET = 13.0;
				PRODUCT_BUNDLE_IDENTIFIER = com.tokenmeter.app.widget;
				SDKROOT = macosx;
				SKIP_INSTALL = YES;
				SWIFT_VERSION = 6.0;
			};
			name = Release;
		};
/* End XCBuildConfiguration section */

/* Begin XCConfigurationList section */
		4EBB378E924D8C65EAA75EC3 /* Build configuration list for PBXProject "TokenMeter" */ = {
			isa = XCConfigurationList;
			buildConfigurations = (
				28A102169D39F38ED8D59836 /* Debug */,
				1E39D358EFE4837EF5F53F81 /* Release */,
			);
			defaultConfigurationIsVisible = 0;
			defaultConfigurationName = Release;
		};
		A06D79BDB346FF757D94FF28 /* Build configuration list for PBXNativeTarget "TokenMeterUITests" */ = {
			isa = XCConfigurationList;
			buildConfigurations = (
				04BED4CE20CF90BF4393C801 /* Release */,
				9684B25485C013F799E77FAE /* Debug */,
			);
			defaultConfigurationIsVisible = 0;
			defaultConfigurationName = Release;
		};
		CC00523E21009A7B8B959299 /* Build configuration list for PBXNativeTarget "TokenMeterTests" */ = {
			isa = XCConfigurationList;
			buildConfigurations = (
				C901A4D059D67363958D1E7E /* Release */,
				87DBED85E5E3910EC20A4F55 /* Debug */,
			);
			defaultConfigurationIsVisible = 0;
			defaultConfigurationName = Release;
		};
		F0DD571D770870D3FEC960DC /* Build configuration list for PBXNativeTarget "TokenMeterWidgetExtension" */ = {
			isa = XCConfigurationList;
			buildConfigurations = (
				DC6C53ED95F9F5D7AE4CFAE1 /* Release */,
				74536269C434D836CE8E5DC7 /* Debug */,
			);
			defaultConfigurationIsVisible = 0;
			defaultConfigurationName = Release;
		};
		FB364B9AE4D7C382CF7940DA /* Build configuration list for PBXNativeTarget "TokenMeter" */ = {
			isa = XCConfigurationList;
			buildConfigurations = (
				50A01E1F8F101ED4FA147A62 /* Release */,
				3E99295E90CFE7B6B9CAEE98 /* Debug */,
			);
			defaultConfigurationIsVisible = 0;
			defaultConfigurationName = Release;
		};
/* End XCConfigurationList section */

/* Begin XCRemoteSwiftPackageReference section */
		E0627ADBB9EBF6A1A0E5D5C0 /* XCRemoteSwiftPackageReference "Sparkle" */ = {
			isa = XCRemoteSwiftPackageReference;
			repositoryURL = "https://github.com/sparkle-project/Sparkle";
			requirement = {
				kind = upToNextMajorVersion;
				minimumVersion = 2.0.0;
			};
		};
/* End XCRemoteSwiftPackageReference section */

/* Begin XCSwiftPackageProductDependency section */
		DD7ED0D3BE0F7AEB940E8E64 /* Sparkle */ = {
			isa = XCSwiftPackageProductDependency;
			package = E0627ADBB9EBF6A1A0E5D5C0 /* XCRemoteSwiftPackageReference "Sparkle" */;
			productName = Sparkle;
		};
/* End XCSwiftPackageProductDependency section */
	};
	rootObject = 30B1004FD96E959D3C74FB96 /* Project object */;
}
