// !$*UTF8*$!
{
	archiveVersion = 1;
	classes = {
	};
	objectVersion = 46;
	objects = {

/* Begin PBXBuildFile section */
		04512FF0E19356BB68552145 /* Localizable.strings in Resources */ = {isa = PBXBuildFile; fileRef = B71D43FFFD1563FE309E9EAA /* Localizable.strings */; };
		0F6EF3C447B1DB2BE9B9FBEC /* ContentView.swift in Sources */ = {isa = PBXBuildFile; fileRef = 12AF7F4E53744ED14E00E817 /* ContentView.swift */; };
		129BD2042FC161DF2B71AC3D /* ClaudeTrack1MethodCAdapter.swift in Sources */ = {isa = PBXBuildFile; fileRef = CFEF3573450C6866099D351B /* ClaudeTrack1MethodCAdapter.swift */; };
		18DEFC09D39EDAF01816A8E7 /* Sparkle in Frameworks */ = {isa = PBXBuildFile; productRef = 613C86BE0B26431D7ED6F297 /* Sparkle */; };
		1B21CEA6B8C9FC736F3AC634 /* TokenMeterApp.swift in Sources */ = {isa = PBXBuildFile; fileRef = 21AEA0E7C51BF621F5299E72 /* TokenMeterApp.swift */; };
		1C9E3927D6137C016A26D084 /* Localizable.strings in Resources */ = {isa = PBXBuildFile; fileRef = C129C1127657C8D53CA16195 /* Localizable.strings */; };
		1F88EEA16507F2D6CE300BF1 /* track1_claude_methodb_drift.json in Resources */ = {isa = PBXBuildFile; fileRef = CAE7C84F0F0A3720717392E3 /* track1_claude_methodb_drift.json */; };
		2267D0084FED12A76AA11432 /* Localizable.strings in Resources */ = {isa = PBXBuildFile; fileRef = 764FFA85490EE3FA356A92E3 /* Localizable.strings */; };
		29890427A0CB519819EB06D3 /* AppSettings.swift in Sources */ = {isa = PBXBuildFile; fileRef = 9F017DF9E2CE989FCA1466FC /* AppSettings.swift */; };
		3407FFFE7705B03BF5938362 /* CollectionOrchestrator.swift in Sources */ = {isa = PBXBuildFile; fileRef = 3872C2BC2115EAC9044C784E /* CollectionOrchestrator.swift */; };
		358E00538F2E771BD336B330 /* CollectionOrchestratorTests.swift in Sources */ = {isa = PBXBuildFile; fileRef = 46B46198811693B3C7250063 /* CollectionOrchestratorTests.swift */; };
		3840F850BB28F32EEDFFDFC4 /* track1_claude_methodc_drift.json in Resources */ = {isa = PBXBuildFile; fileRef = F064594F1CC096A277A7AA06 /* track1_claude_methodc_drift.json */; };
		3881745920D0CDF8B71C8710 /* WidgetSnapshotBuilder.swift in Sources */ = {isa = PBXBuildFile; fileRef = F12B39610551D5733011C431 /* WidgetSnapshotBuilder.swift */; };
		3A448DE9AA7766B70051EC4B /* WidgetSharedConfig.swift in Sources */ = {isa = PBXBuildFile; fileRef = 039D38224FEC2661C32BF411 /* WidgetSharedConfig.swift */; };
		575C19B462BCEF4B7A17E128 /* WidgetSnapshotTests.swift in Sources */ = {isa = PBXBuildFile; fileRef = 77003936E165B2FA66B3782A /* WidgetSnapshotTests.swift */; };
		58D5A5E4A28495F3227D9110 /* WidgetSnapshotStore.swift in Sources */ = {isa = PBXBuildFile; fileRef = 0335042F31C94F614AA7397B /* WidgetSnapshotStore.swift */; };
		5B29C1925B1B78268D5AD022 /* DiagnosticsValue.swift in Sources */ = {isa = PBXBuildFile; fileRef = 270D74FB5100F698B76CC6CC /* DiagnosticsValue.swift */; };
		5CE4011B3BC41830D78B7A4C /* WidgetSnapshotDTO.swift in Sources */ = {isa = PBXBuildFile; fileRef = 61A6813EC6F34F09F3B9B315 /* WidgetSnapshotDTO.swift */; };
		5E0A7D07646EA0A7391AC846 /* WidgetSnapshotStore.swift in Sources */ = {isa = PBXBuildFile; fileRef = F0AFEFFAC2EC0B16DAE61003 /* WidgetSnapshotStore.swift */; };
		61CED532EFAA45D730C253C7 /* SettingsView.swift in Sources */ = {isa = PBXBuildFile; fileRef = 9A382B9FBFFB897CF33FFC8C /* SettingsView.swift */; };
		720B7C5F0B90A304B325A03F /* ClaudeTrack1Adapter.swift in Sources */ = {isa = PBXBuildFile; fileRef = AC8F9CBDDDCCD49A0943989C /* ClaudeTrack1Adapter.swift */; };
		7731D4277BF49C00E488E2C0 /* WidgetSnapshotRefresher.swift in Sources */ = {isa = PBXBuildFile; fileRef = 2E6B723510C830C167DA6491 /* WidgetSnapshotRefresher.swift */; };
		7EBDB760A36219834A89C9CB /* ClaudeTrack2SecondaryParser.swift in Sources */ = {isa = PBXBuildFile; fileRef = C67CC25E70AC4177BD92F69F /* ClaudeTrack2SecondaryParser.swift */; };
		7F89D6F839D3358E535FA8FF /* DiagnosticsStore.swift in Sources */ = {isa = PBXBuildFile; fileRef = 518DBEBC558E97376C8C57AC /* DiagnosticsStore.swift */; };
		9B7A2ADFF3ED3454199D55D4 /* track2_codex_primary_drift.jsonl in Resources */ = {isa = PBXBuildFile; fileRef = 0D6454268CDBADB3C83F8D63 /* track2_codex_primary_drift.jsonl */; };
		9B98BA64BDB54B6678E9AE49 /* Localizable.strings in Resources */ = {isa = PBXBuildFile; fileRef = 9CAFD4C98726686648C6261C /* Localizable.strings */; };
		9FB85749FFC53F30C6BCDA88 /* TokenMeterWidgetExtension.appex in Embed App Extensions */ = {isa = PBXBuildFile; fileRef = 7E2A24F3B2A62BFDBC225735 /* TokenMeterWidgetExtension.appex */; };
		A12FF450C0EDC16179E7A380 /* TokenMeterUITests.swift in Sources */ = {isa = PBXBuildFile; fileRef = 88C9C88FC9DE9450E9ECCABC /* TokenMeterUITests.swift */; };
		A1577815A24974992D28AAD8 /* Cocoa.framework in Frameworks */ = {isa = PBXBuildFile; fileRef = FE7B62E4C7F5256F1587912B /* Cocoa.framework */; };
		A860A2AA4D7004536701A982 /* DiagnosticsRedactor.swift in Sources */ = {isa = PBXBuildFile; fileRef = 387E74411C7488F4053FAE55 /* DiagnosticsRedactor.swift */; };
		ABB9FA44595041D92A6E9643 /* WidgetSharedConfig.swift in Sources */ = {isa = PBXBuildFile; fileRef = 72559D54FF06B76A6FFD0018 /* WidgetSharedConfig.swift */; };
		ACC7E38EC5279083F9927283 /* Track2Store.swift in Sources */ = {isa = PBXBuildFile; fileRef = 0764D602972860FD40E03305 /* Track2Store.swift */; };
		B0FB29DEC42AEE2C9F063701 /* track1_codex_methodb_drift.json in Resources */ = {isa = PBXBuildFile; fileRef = 69F314CBD6D289456E3ECD51 /* track1_codex_methodb_drift.json */; };
		B58710A28DC1019C747891EA /* Localizable.strings in Resources */ = {isa = PBXBuildFile; fileRef = 740643307C1761F35FBC81DF /* Localizable.strings */; };
		BA891A17C473686999BD6CEF /* TrackModels.swift in Sources */ = {isa = PBXBuildFile; fileRef = 73332C428891DE82FA090C7F /* TrackModels.swift */; };
		BAAA07C71FB7152452F8026D /* SettingsStore.swift in Sources */ = {isa = PBXBuildFile; fileRef = F3BE3427DCA9471F96959279 /* SettingsStore.swift */; };
		BECC431C30F0DBE32AA265CD /* CodexTrack1MethodBAdapter.swift in Sources */ = {isa = PBXBuildFile; fileRef = 78B79147B16AD7F232387AC8 /* CodexTrack1MethodBAdapter.swift */; };
		C01542CC17ADBEC885D40084 /* Cocoa.framework in Frameworks */ = {isa = PBXBuildFile; fileRef = FE7B62E4C7F5256F1587912B /* Cocoa.framework */; };
		C5878E76D563D2DF5C385042 /* TokenMeterWidget.swift in Sources */ = {isa = PBXBuildFile; fileRef = AC6C151F9CC25080DCD7FE2C /* TokenMeterWidget.swift */; };
		C8BC24E35DCD30DC8F783F7A /* CodexTrack2PrimaryParser.swift in Sources */ = {isa = PBXBuildFile; fileRef = C5DB04D8F7351D0CBA2F3663 /* CodexTrack2PrimaryParser.swift */; };
		CE8A69CB91D0809ECEDA3006 /* Cocoa.framework in Frameworks */ = {isa = PBXBuildFile; fileRef = FE7B62E4C7F5256F1587912B /* Cocoa.framework */; };
		D199B7A45F02F52EDE6F0B75 /* Track2ModelClassifier.swift in Sources */ = {isa = PBXBuildFile; fileRef = AD85FFE166E7D87E25C304CF /* Track2ModelClassifier.swift */; };
		D378F7E2DE2A927E2CE10BAF /* OrchestratorClock.swift in Sources */ = {isa = PBXBuildFile; fileRef = 9B82E73607701901217BBACC /* OrchestratorClock.swift */; };
		D3D351F8311D0F2874625D73 /* AppRuntime.swift in Sources */ = {isa = PBXBuildFile; fileRef = A2707F18668773EC7FD85B38 /* AppRuntime.swift */; };
		DE6771FD62BD9AE648F16865 /* Assets.xcassets in Resources */ = {isa = PBXBuildFile; fileRef = 6D64FF71E25D467E30F2F087 /* Assets.xcassets */; };
		E2ADDF4DCB1C8AE2F0E91685 /* TokenMeterTests.swift in Sources */ = {isa = PBXBuildFile; fileRef = 5C8D8AFCC2248B47DF208B3C /* TokenMeterTests.swift */; };
		E33A7FBB26797583BB601B4F /* track2_claude_secondary_drift.jsonl in Resources */ = {isa = PBXBuildFile; fileRef = CEB9383CA9B6E5E6DC710400 /* track2_claude_secondary_drift.jsonl */; };
		E58655921CBCDFFA7015D511 /* track2_codex_primary_normal.jsonl in Resources */ = {isa = PBXBuildFile; fileRef = E23153DEF8E39F73A1FBC787 /* track2_codex_primary_normal.jsonl */; };
		EC84E0A902B80BDB8EAEEF3E /* Localizable.strings in Resources */ = {isa = PBXBuildFile; fileRef = FDEF0AE4BF22BEF7879CC3A0 /* Localizable.strings */; };
		ED69336A674ED847C168AFA6 /* Cocoa.framework in Frameworks */ = {isa = PBXBuildFile; fileRef = FE7B62E4C7F5256F1587912B /* Cocoa.framework */; };
		F27B8CCBA42A074B487E05C8 /* DiagnosticsLogger.swift in Sources */ = {isa = PBXBuildFile; fileRef = 6A3060F37354F99FF0E0619F /* DiagnosticsLogger.swift */; };
		FB49663B28B7668D90BD7CA0 /* WidgetSnapshotDTO.swift in Sources */ = {isa = PBXBuildFile; fileRef = 8C18B951308DA2E675E60671 /* WidgetSnapshotDTO.swift */; };
		FD3B9030AEA33002FEEC5E00 /* Track1Store.swift in Sources */ = {isa = PBXBuildFile; fileRef = 4F86532DC4F30E1B6CCAC38A /* Track1Store.swift */; };
		FE28DE0DC37BAB404D2EB78F /* ClaudeTrack1MethodBAdapter.swift in Sources */ = {isa = PBXBuildFile; fileRef = 91AB0E096AD186271C60BE02 /* ClaudeTrack1MethodBAdapter.swift */; };
		FEA7A983C2BBE085A3D670BF /* CLIToolDiscovery.swift in Sources */ = {isa = PBXBuildFile; fileRef = BEB0A4E19EB5F598D5111DB6 /* CLIToolDiscovery.swift */; };
/* End PBXBuildFile section */

/* Begin PBXContainerItemProxy section */
		1337A7336FED36E249367D4C /* PBXContainerItemProxy */ = {
			isa = PBXContainerItemProxy;
			containerPortal = 6AE9B1D560FBDF55B5057079 /* Project object */;
			proxyType = 1;
			remoteGlobalIDString = 5EC371412F6DEE67CE6132A6;
			remoteInfo = TokenMeter;
		};
		36ED19DCA82309E6CE929CC2 /* PBXContainerItemProxy */ = {
			isa = PBXContainerItemProxy;
			containerPortal = 6AE9B1D560FBDF55B5057079 /* Project object */;
			proxyType = 1;
			remoteGlobalIDString = E4E00678763DD6EB356DEC4B;
			remoteInfo = TokenMeterWidgetExtension;
		};
		9B1D35E4E2366608CFEE6045 /* PBXContainerItemProxy */ = {
			isa = PBXContainerItemProxy;
			containerPortal = 6AE9B1D560FBDF55B5057079 /* Project object */;
			proxyType = 1;
			remoteGlobalIDString = 5EC371412F6DEE67CE6132A6;
			remoteInfo = TokenMeter;
		};
/* End PBXContainerItemProxy section */

/* Begin PBXCopyFilesBuildPhase section */
		904BC375EC92C7FD90605AD6 /* Embed App Extensions */ = {
			isa = PBXCopyFilesBuildPhase;
			buildActionMask = 2147483647;
			dstPath = "";
			dstSubfolderSpec = 13;
			files = (
				9FB85749FFC53F30C6BCDA88 /* TokenMeterWidgetExtension.appex in Embed App Extensions */,
			);
			name = "Embed App Extensions";
			runOnlyForDeploymentPostprocessing = 0;
		};
/* End PBXCopyFilesBuildPhase section */

/* Begin PBXFileReference section */
		0335042F31C94F614AA7397B /* WidgetSnapshotStore.swift */ = {isa = PBXFileReference; includeInIndex = 1; lastKnownFileType = sourcecode.swift; name = WidgetSnapshotStore.swift; path = TokenMeter/Widget/WidgetSnapshotStore.swift; sourceTree = "<group>"; };
		039D38224FEC2661C32BF411 /* WidgetSharedConfig.swift */ = {isa = PBXFileReference; includeInIndex = 1; lastKnownFileType = sourcecode.swift; name = WidgetSharedConfig.swift; path = TokenMeter/Widget/WidgetSharedConfig.swift; sourceTree = "<group>"; };
		0764D602972860FD40E03305 /* Track2Store.swift */ = {isa = PBXFileReference; includeInIndex = 1; lastKnownFileType = sourcecode.swift; name = Track2Store.swift; path = TokenMeter/Store/Track2Store.swift; sourceTree = "<group>"; };
		0D6454268CDBADB3C83F8D63 /* track2_codex_primary_drift.jsonl */ = {isa = PBXFileReference; includeInIndex = 1; name = track2_codex_primary_drift.jsonl; path = TokenMeterTests/Fixtures/track2_codex_primary_drift.jsonl; sourceTree = "<group>"; };
		12AF7F4E53744ED14E00E817 /* ContentView.swift */ = {isa = PBXFileReference; includeInIndex = 1; lastKnownFileType = sourcecode.swift; name = ContentView.swift; path = TokenMeter/ContentView.swift; sourceTree = "<group>"; };
		1BA9B0FF3914FFF4B8764C4D /* TokenMeter.app */ = {isa = PBXFileReference; explicitFileType = wrapper.application; includeInIndex = 0; path = TokenMeter.app; sourceTree = BUILT_PRODUCTS_DIR; };
		21AEA0E7C51BF621F5299E72 /* TokenMeterApp.swift */ = {isa = PBXFileReference; includeInIndex = 1; lastKnownFileType = sourcecode.swift; name = TokenMeterApp.swift; path = TokenMeter/TokenMeterApp.swift; sourceTree = "<group>"; };
		270D74FB5100F698B76CC6CC /* DiagnosticsValue.swift */ = {isa = PBXFileReference; includeInIndex = 1; lastKnownFileType = sourcecode.swift; name = DiagnosticsValue.swift; path = TokenMeter/Diagnostics/DiagnosticsValue.swift; sourceTree = "<group>"; };
		2E6B723510C830C167DA6491 /* WidgetSnapshotRefresher.swift */ = {isa = PBXFileReference; includeInIndex = 1; lastKnownFileType = sourcecode.swift; name = WidgetSnapshotRefresher.swift; path = TokenMeter/Widget/WidgetSnapshotRefresher.swift; sourceTree = "<group>"; };
		3872C2BC2115EAC9044C784E /* CollectionOrchestrator.swift */ = {isa = PBXFileReference; includeInIndex = 1; lastKnownFileType = sourcecode.swift; name = CollectionOrchestrator.swift; path = TokenMeter/Orchestration/CollectionOrchestrator.swift; sourceTree = "<group>"; };
		387E74411C7488F4053FAE55 /* DiagnosticsRedactor.swift */ = {isa = PBXFileReference; includeInIndex = 1; lastKnownFileType = sourcecode.swift; name = DiagnosticsRedactor.swift; path = TokenMeter/Diagnostics/DiagnosticsRedactor.swift; sourceTree = "<group>"; };
		46B46198811693B3C7250063 /* CollectionOrchestratorTests.swift */ = {isa = PBXFileReference; includeInIndex = 1; lastKnownFileType = sourcecode.swift; name = CollectionOrchestratorTests.swift; path = TokenMeterTests/CollectionOrchestratorTests.swift; sourceTree = "<group>"; };
		4F86532DC4F30E1B6CCAC38A /* Track1Store.swift */ = {isa = PBXFileReference; includeInIndex = 1; lastKnownFileType = sourcecode.swift; name = Track1Store.swift; path = TokenMeter/Store/Track1Store.swift; sourceTree = "<group>"; };
		518DBEBC558E97376C8C57AC /* DiagnosticsStore.swift */ = {isa = PBXFileReference; includeInIndex = 1; lastKnownFileType = sourcecode.swift; name = DiagnosticsStore.swift; path = TokenMeter/Diagnostics/DiagnosticsStore.swift; sourceTree = "<group>"; };
		5C8D8AFCC2248B47DF208B3C /* TokenMeterTests.swift */ = {isa = PBXFileReference; includeInIndex = 1; lastKnownFileType = sourcecode.swift; name = TokenMeterTests.swift; path = TokenMeterTests/TokenMeterTests.swift; sourceTree = "<group>"; };
		61A6813EC6F34F09F3B9B315 /* WidgetSnapshotDTO.swift */ = {isa = PBXFileReference; includeInIndex = 1; lastKnownFileType = sourcecode.swift; name = WidgetSnapshotDTO.swift; path = TokenMeter/Widget/WidgetSnapshotDTO.swift; sourceTree = "<group>"; };
		69F314CBD6D289456E3ECD51 /* track1_codex_methodb_drift.json */ = {isa = PBXFileReference; includeInIndex = 1; name = track1_codex_methodb_drift.json; path = TokenMeterTests/Fixtures/track1_codex_methodb_drift.json; sourceTree = "<group>"; };
		6A3060F37354F99FF0E0619F /* DiagnosticsLogger.swift */ = {isa = PBXFileReference; includeInIndex = 1; lastKnownFileType = sourcecode.swift; name = DiagnosticsLogger.swift; path = TokenMeter/Diagnostics/DiagnosticsLogger.swift; sourceTree = "<group>"; };
		6D64FF71E25D467E30F2F087 /* Assets.xcassets */ = {isa = PBXFileReference; includeInIndex = 1; lastKnownFileType = folder.assetcatalog; name = Assets.xcassets; path = TokenMeter/Assets.xcassets; sourceTree = "<group>"; };
		72559D54FF06B76A6FFD0018 /* WidgetSharedConfig.swift */ = {isa = PBXFileReference; includeInIndex = 1; lastKnownFileType = sourcecode.swift; name = WidgetSharedConfig.swift; path = TokenMeter/Widget/WidgetSharedConfig.swift; sourceTree = "<group>"; };
		73332C428891DE82FA090C7F /* TrackModels.swift */ = {isa = PBXFileReference; includeInIndex = 1; lastKnownFileType = sourcecode.swift; name = TrackModels.swift; path = TokenMeter/Domain/TrackModels.swift; sourceTree = "<group>"; };
		740643307C1761F35FBC81DF /* Localizable.strings */ = {isa = PBXFileReference; includeInIndex = 1; lastKnownFileType = text.plist.strings; name = Localizable.strings; path = TokenMeter/ko.lproj/Localizable.strings; sourceTree = "<group>"; };
		764FFA85490EE3FA356A92E3 /* Localizable.strings */ = {isa = PBXFileReference; includeInIndex = 1; lastKnownFileType = text.plist.strings; name = Localizable.strings; path = TokenMeter/en.lproj/Localizable.strings; sourceTree = "<group>"; };
		77003936E165B2FA66B3782A /* WidgetSnapshotTests.swift */ = {isa = PBXFileReference; includeInIndex = 1; lastKnownFileType = sourcecode.swift; name = WidgetSnapshotTests.swift; path = TokenMeterTests/WidgetSnapshotTests.swift; sourceTree = "<group>"; };
		78B79147B16AD7F232387AC8 /* CodexTrack1MethodBAdapter.swift */ = {isa = PBXFileReference; includeInIndex = 1; lastKnownFileType = sourcecode.swift; name = CodexTrack1MethodBAdapter.swift; path = TokenMeter/Providers/CodexTrack1MethodBAdapter.swift; sourceTree = "<group>"; };
		7BBC7EDBCB14D06964B30804 /* TokenMeterTests.xctest */ = {isa = PBXFileReference; explicitFileType = wrapper.cfbundle; includeInIndex = 0; path = TokenMeterTests.xctest; sourceTree = BUILT_PRODUCTS_DIR; };
		7E2A24F3B2A62BFDBC225735 /* TokenMeterWidgetExtension.appex */ = {isa = PBXFileReference; explicitFileType = "wrapper.app-extension"; includeInIndex = 0; path = TokenMeterWidgetExtension.appex; sourceTree = BUILT_PRODUCTS_DIR; };
		88C9C88FC9DE9450E9ECCABC /* TokenMeterUITests.swift */ = {isa = PBXFileReference; includeInIndex = 1; lastKnownFileType = sourcecode.swift; name = TokenMeterUITests.swift; path = TokenMeterUITests/TokenMeterUITests.swift; sourceTree = "<group>"; };
		8C18B951308DA2E675E60671 /* WidgetSnapshotDTO.swift */ = {isa = PBXFileReference; includeInIndex = 1; lastKnownFileType = sourcecode.swift; name = WidgetSnapshotDTO.swift; path = TokenMeter/Widget/WidgetSnapshotDTO.swift; sourceTree = "<group>"; };
		91AB0E096AD186271C60BE02 /* ClaudeTrack1MethodBAdapter.swift */ = {isa = PBXFileReference; includeInIndex = 1; lastKnownFileType = sourcecode.swift; name = ClaudeTrack1MethodBAdapter.swift; path = TokenMeter/Providers/ClaudeTrack1MethodBAdapter.swift; sourceTree = "<group>"; };
		9A382B9FBFFB897CF33FFC8C /* SettingsView.swift */ = {isa = PBXFileReference; includeInIndex = 1; lastKnownFileType = sourcecode.swift; name = SettingsView.swift; path = TokenMeter/SettingsView.swift; sourceTree = "<group>"; };
		9B82E73607701901217BBACC /* OrchestratorClock.swift */ = {isa = PBXFileReference; includeInIndex = 1; lastKnownFileType = sourcecode.swift; name = OrchestratorClock.swift; path = TokenMeter/Orchestration/OrchestratorClock.swift; sourceTree = "<group>"; };
		9CAFD4C98726686648C6261C /* Localizable.strings */ = {isa = PBXFileReference; includeInIndex = 1; lastKnownFileType = text.plist.strings; name = Localizable.strings; path = TokenMeter/es.lproj/Localizable.strings; sourceTree = "<group>"; };
		9F017DF9E2CE989FCA1466FC /* AppSettings.swift */ = {isa = PBXFileReference; includeInIndex = 1; lastKnownFileType = sourcecode.swift; name = AppSettings.swift; path = TokenMeter/Settings/AppSettings.swift; sourceTree = "<group>"; };
		A2707F18668773EC7FD85B38 /* AppRuntime.swift */ = {isa = PBXFileReference; includeInIndex = 1; lastKnownFileType = sourcecode.swift; name = AppRuntime.swift; path = TokenMeter/Orchestration/AppRuntime.swift; sourceTree = "<group>"; };
		AC6C151F9CC25080DCD7FE2C /* TokenMeterWidget.swift */ = {isa = PBXFileReference; includeInIndex = 1; lastKnownFileType = sourcecode.swift; name = TokenMeterWidget.swift; path = TokenMeterWidget/TokenMeterWidget.swift; sourceTree = "<group>"; };
		AC8F9CBDDDCCD49A0943989C /* ClaudeTrack1Adapter.swift */ = {isa = PBXFileReference; includeInIndex = 1; lastKnownFileType = sourcecode.swift; name = ClaudeTrack1Adapter.swift; path = TokenMeter/Providers/ClaudeTrack1Adapter.swift; sourceTree = "<group>"; };
		AD85FFE166E7D87E25C304CF /* Track2ModelClassifier.swift */ = {isa = PBXFileReference; includeInIndex = 1; lastKnownFileType = sourcecode.swift; name = Track2ModelClassifier.swift; path = TokenMeter/Domain/Track2ModelClassifier.swift; sourceTree = "<group>"; };
		B3BA1EC1A004B3D49A0E1439 /* TokenMeterUITests.xctest */ = {isa = PBXFileReference; explicitFileType = wrapper.cfbundle; includeInIndex = 0; path = TokenMeterUITests.xctest; sourceTree = BUILT_PRODUCTS_DIR; };
		B71D43FFFD1563FE309E9EAA /* Localizable.strings */ = {isa = PBXFileReference; includeInIndex = 1; lastKnownFileType = text.plist.strings; name = Localizable.strings; path = TokenMeter/ja.lproj/Localizable.strings; sourceTree = "<group>"; };
		BEB0A4E19EB5F598D5111DB6 /* CLIToolDiscovery.swift */ = {isa = PBXFileReference; includeInIndex = 1; lastKnownFileType = sourcecode.swift; name = CLIToolDiscovery.swift; path = TokenMeter/ToolDiscovery/CLIToolDiscovery.swift; sourceTree = "<group>"; };
		C129C1127657C8D53CA16195 /* Localizable.strings */ = {isa = PBXFileReference; includeInIndex = 1; lastKnownFileType = text.plist.strings; name = Localizable.strings; path = "TokenMeter/zh-Hant.lproj/Localizable.strings"; sourceTree = "<group>"; };
		C5DB04D8F7351D0CBA2F3663 /* CodexTrack2PrimaryParser.swift */ = {isa = PBXFileReference; includeInIndex = 1; lastKnownFileType = sourcecode.swift; name = CodexTrack2PrimaryParser.swift; path = TokenMeter/Providers/CodexTrack2PrimaryParser.swift; sourceTree = "<group>"; };
		C67CC25E70AC4177BD92F69F /* ClaudeTrack2SecondaryParser.swift */ = {isa = PBXFileReference; includeInIndex = 1; lastKnownFileType = sourcecode.swift; name = ClaudeTrack2SecondaryParser.swift; path = TokenMeter/Providers/ClaudeTrack2SecondaryParser.swift; sourceTree = "<group>"; };
		CAE7C84F0F0A3720717392E3 /* track1_claude_methodb_drift.json */ = {isa = PBXFileReference; includeInIndex = 1; name = track1_claude_methodb_drift.json; path = TokenMeterTests/Fixtures/track1_claude_methodb_drift.json; sourceTree = "<group>"; };
		CEB9383CA9B6E5E6DC710400 /* track2_claude_secondary_drift.jsonl */ = {isa = PBXFileReference; includeInIndex = 1; name = track2_claude_secondary_drift.jsonl; path = TokenMeterTests/Fixtures/track2_claude_secondary_drift.jsonl; sourceTree = "<group>"; };
		CFEF3573450C6866099D351B /* ClaudeTrack1MethodCAdapter.swift */ = {isa = PBXFileReference; includeInIndex = 1; lastKnownFileType = sourcecode.swift; name = ClaudeTrack1MethodCAdapter.swift; path = TokenMeter/Providers/ClaudeTrack1MethodCAdapter.swift; sourceTree = "<group>"; };
		E23153DEF8E39F73A1FBC787 /* track2_codex_primary_normal.jsonl */ = {isa = PBXFileReference; includeInIndex = 1; name = track2_codex_primary_normal.jsonl; path = TokenMeterTests/Fixtures/track2_codex_primary_normal.jsonl; sourceTree = "<group>"; };
		F064594F1CC096A277A7AA06 /* track1_claude_methodc_drift.json */ = {isa = PBXFileReference; includeInIndex = 1; name = track1_claude_methodc_drift.json; path = TokenMeterTests/Fixtures/track1_claude_methodc_drift.json; sourceTree = "<group>"; };
		F0AFEFFAC2EC0B16DAE61003 /* WidgetSnapshotStore.swift */ = {isa = PBXFileReference; includeInIndex = 1; lastKnownFileType = sourcecode.swift; name = WidgetSnapshotStore.swift; path = TokenMeter/Widget/WidgetSnapshotStore.swift; sourceTree = "<group>"; };
		F12B39610551D5733011C431 /* WidgetSnapshotBuilder.swift */ = {isa = PBXFileReference; includeInIndex = 1; lastKnownFileType = sourcecode.swift; name = WidgetSnapshotBuilder.swift; path = TokenMeter/Widget/WidgetSnapshotBuilder.swift; sourceTree = "<group>"; };
		F3BE3427DCA9471F96959279 /* SettingsStore.swift */ = {isa = PBXFileReference; includeInIndex = 1; lastKnownFileType = sourcecode.swift; name = SettingsStore.swift; path = TokenMeter/Settings/SettingsStore.swift; sourceTree = "<group>"; };
		FDEF0AE4BF22BEF7879CC3A0 /* Localizable.strings */ = {isa = PBXFileReference; includeInIndex = 1; lastKnownFileType = text.plist.strings; name = Localizable.strings; path = "TokenMeter/zh-Hans.lproj/Localizable.strings"; sourceTree = "<group>"; };
		FE7B62E4C7F5256F1587912B /* Cocoa.framework */ = {isa = PBXFileReference; lastKnownFileType = wrapper.framework; name = Cocoa.framework; path = Platforms/MacOSX.platform/Developer/SDKs/MacOSX15.0.sdk/System/Library/Frameworks/Cocoa.framework; sourceTree = DEVELOPER_DIR; };
/* End PBXFileReference section */

/* Begin PBXFrameworksBuildPhase section */
		8233C75B75FD216948D757E6 /* Frameworks */ = {
			isa = PBXFrameworksBuildPhase;
			buildActionMask = 2147483647;
			files = (
				CE8A69CB91D0809ECEDA3006 /* Cocoa.framework in Frameworks */,
			);
			runOnlyForDeploymentPostprocessing = 0;
		};
		8804ECB109D9138F9EFF4B82 /* Frameworks */ = {
			isa = PBXFrameworksBuildPhase;
			buildActionMask = 2147483647;
			files = (
				C01542CC17ADBEC885D40084 /* Cocoa.framework in Frameworks */,
				18DEFC09D39EDAF01816A8E7 /* Sparkle in Frameworks */,
			);
			runOnlyForDeploymentPostprocessing = 0;
		};
		89E63A6BB25E601D1CF2A53C /* Frameworks */ = {
			isa = PBXFrameworksBuildPhase;
			buildActionMask = 2147483647;
			files = (
				A1577815A24974992D28AAD8 /* Cocoa.framework in Frameworks */,
			);
			runOnlyForDeploymentPostprocessing = 0;
		};
		924F4DFE28F8F7400723E1A8 /* Frameworks */ = {
			isa = PBXFrameworksBuildPhase;
			buildActionMask = 2147483647;
			files = (
				ED69336A674ED847C168AFA6 /* Cocoa.framework in Frameworks */,
			);
			runOnlyForDeploymentPostprocessing = 0;
		};
/* End PBXFrameworksBuildPhase section */

/* Begin PBXGroup section */
		52B1F52F60A67B461BA26170 /* TokenMeter */ = {
			isa = PBXGroup;
			children = (
				12AF7F4E53744ED14E00E817 /* ContentView.swift */,
				6A3060F37354F99FF0E0619F /* DiagnosticsLogger.swift */,
				387E74411C7488F4053FAE55 /* DiagnosticsRedactor.swift */,
				518DBEBC558E97376C8C57AC /* DiagnosticsStore.swift */,
				270D74FB5100F698B76CC6CC /* DiagnosticsValue.swift */,
				AD85FFE166E7D87E25C304CF /* Track2ModelClassifier.swift */,
				73332C428891DE82FA090C7F /* TrackModels.swift */,
				A2707F18668773EC7FD85B38 /* AppRuntime.swift */,
				3872C2BC2115EAC9044C784E /* CollectionOrchestrator.swift */,
				9B82E73607701901217BBACC /* OrchestratorClock.swift */,
				AC8F9CBDDDCCD49A0943989C /* ClaudeTrack1Adapter.swift */,
				91AB0E096AD186271C60BE02 /* ClaudeTrack1MethodBAdapter.swift */,
				CFEF3573450C6866099D351B /* ClaudeTrack1MethodCAdapter.swift */,
				C67CC25E70AC4177BD92F69F /* ClaudeTrack2SecondaryParser.swift */,
				78B79147B16AD7F232387AC8 /* CodexTrack1MethodBAdapter.swift */,
				C5DB04D8F7351D0CBA2F3663 /* CodexTrack2PrimaryParser.swift */,
				9F017DF9E2CE989FCA1466FC /* AppSettings.swift */,
				F3BE3427DCA9471F96959279 /* SettingsStore.swift */,
				9A382B9FBFFB897CF33FFC8C /* SettingsView.swift */,
				4F86532DC4F30E1B6CCAC38A /* Track1Store.swift */,
				0764D602972860FD40E03305 /* Track2Store.swift */,
				21AEA0E7C51BF621F5299E72 /* TokenMeterApp.swift */,
				BEB0A4E19EB5F598D5111DB6 /* CLIToolDiscovery.swift */,
				039D38224FEC2661C32BF411 /* WidgetSharedConfig.swift */,
				F12B39610551D5733011C431 /* WidgetSnapshotBuilder.swift */,
				61A6813EC6F34F09F3B9B315 /* WidgetSnapshotDTO.swift */,
				2E6B723510C830C167DA6491 /* WidgetSnapshotRefresher.swift */,
				0335042F31C94F614AA7397B /* WidgetSnapshotStore.swift */,
				764FFA85490EE3FA356A92E3 /* Localizable.strings */,
				9CAFD4C98726686648C6261C /* Localizable.strings */,
				B71D43FFFD1563FE309E9EAA /* Localizable.strings */,
				740643307C1761F35FBC81DF /* Localizable.strings */,
				FDEF0AE4BF22BEF7879CC3A0 /* Localizable.strings */,
				C129C1127657C8D53CA16195 /* Localizable.strings */,
				6D64FF71E25D467E30F2F087 /* Assets.xcassets */,
			);
			name = TokenMeter;
			sourceTree = "<group>";
		};
		8CE75E21A8F7BF4D9D970FFA = {
			isa = PBXGroup;
			children = (
				D56E4F00EF27455939AFB0BE /* Products */,
				A581E5D0AC63ADEEAA21A2BB /* Frameworks */,
				52B1F52F60A67B461BA26170 /* TokenMeter */,
				A8B4D7926F0312780BF50F71 /* TokenMeterWidget */,
				A58D13CC6381BC3C14514613 /* TokenMeterTests */,
				9D91FD1DC5C3F403C26E3295 /* TokenMeterUITests */,
			);
			sourceTree = "<group>";
		};
		9D91FD1DC5C3F403C26E3295 /* TokenMeterUITests */ = {
			isa = PBXGroup;
			children = (
				88C9C88FC9DE9450E9ECCABC /* TokenMeterUITests.swift */,
			);
			name = TokenMeterUITests;
			sourceTree = "<group>";
		};
		A581E5D0AC63ADEEAA21A2BB /* Frameworks */ = {
			isa = PBXGroup;
			children = (
				F0F453554DFCB58A3969BFD9 /* OS X */,
			);
			name = Frameworks;
			sourceTree = "<group>";
		};
		A58D13CC6381BC3C14514613 /* TokenMeterTests */ = {
			isa = PBXGroup;
			children = (
				46B46198811693B3C7250063 /* CollectionOrchestratorTests.swift */,
				5C8D8AFCC2248B47DF208B3C /* TokenMeterTests.swift */,
				77003936E165B2FA66B3782A /* WidgetSnapshotTests.swift */,
				CAE7C84F0F0A3720717392E3 /* track1_claude_methodb_drift.json */,
				F064594F1CC096A277A7AA06 /* track1_claude_methodc_drift.json */,
				69F314CBD6D289456E3ECD51 /* track1_codex_methodb_drift.json */,
				CEB9383CA9B6E5E6DC710400 /* track2_claude_secondary_drift.jsonl */,
				0D6454268CDBADB3C83F8D63 /* track2_codex_primary_drift.jsonl */,
				E23153DEF8E39F73A1FBC787 /* track2_codex_primary_normal.jsonl */,
			);
			name = TokenMeterTests;
			sourceTree = "<group>";
		};
		A8B4D7926F0312780BF50F71 /* TokenMeterWidget */ = {
			isa = PBXGroup;
			children = (
				AC6C151F9CC25080DCD7FE2C /* TokenMeterWidget.swift */,
				72559D54FF06B76A6FFD0018 /* WidgetSharedConfig.swift */,
				8C18B951308DA2E675E60671 /* WidgetSnapshotDTO.swift */,
				F0AFEFFAC2EC0B16DAE61003 /* WidgetSnapshotStore.swift */,
			);
			name = TokenMeterWidget;
			sourceTree = "<group>";
		};
		D56E4F00EF27455939AFB0BE /* Products */ = {
			isa = PBXGroup;
			children = (
				1BA9B0FF3914FFF4B8764C4D /* TokenMeter.app */,
				7E2A24F3B2A62BFDBC225735 /* TokenMeterWidgetExtension.appex */,
				7BBC7EDBCB14D06964B30804 /* TokenMeterTests.xctest */,
				B3BA1EC1A004B3D49A0E1439 /* TokenMeterUITests.xctest */,
			);
			name = Products;
			sourceTree = "<group>";
		};
		F0F453554DFCB58A3969BFD9 /* OS X */ = {
			isa = PBXGroup;
			children = (
				FE7B62E4C7F5256F1587912B /* Cocoa.framework */,
			);
			name = "OS X";
			sourceTree = "<group>";
		};
/* End PBXGroup section */

/* Begin PBXNativeTarget section */
		5EC371412F6DEE67CE6132A6 /* TokenMeter */ = {
			isa = PBXNativeTarget;
			buildConfigurationList = 6A86F8E05DE2AC2CB95DB064 /* Build configuration list for PBXNativeTarget "TokenMeter" */;
			buildPhases = (
				3C992DCA06FB877DFAE7CE8E /* Sources */,
				8804ECB109D9138F9EFF4B82 /* Frameworks */,
				F52EF2019F0DC6A708804BA3 /* Resources */,
				904BC375EC92C7FD90605AD6 /* Embed App Extensions */,
			);
			buildRules = (
			);
			dependencies = (
				B49470AAA83212EEF8D422F2 /* PBXTargetDependency */,
			);
			name = TokenMeter;
			packageProductDependencies = (
				613C86BE0B26431D7ED6F297 /* Sparkle */,
			);
			productName = TokenMeter;
			productReference = 1BA9B0FF3914FFF4B8764C4D /* TokenMeter.app */;
			productType = "com.apple.product-type.application";
		};
		A8012EA4E846E7EA3F3BFDA7 /* TokenMeterUITests */ = {
			isa = PBXNativeTarget;
			buildConfigurationList = B476CF95F337E77C3EEAD437 /* Build configuration list for PBXNativeTarget "TokenMeterUITests" */;
			buildPhases = (
				B74F001169AA0338DB968CB0 /* Sources */,
				924F4DFE28F8F7400723E1A8 /* Frameworks */,
				47DB7AEB5FD8110D652B1ECF /* Resources */,
			);
			buildRules = (
			);
			dependencies = (
				A2C41A0A1F803C7C50C5D63F /* PBXTargetDependency */,
			);
			name = TokenMeterUITests;
			productName = TokenMeterUITests;
			productReference = B3BA1EC1A004B3D49A0E1439 /* TokenMeterUITests.xctest */;
			productType = "com.apple.product-type.bundle.ui-testing";
		};
		D05F004EDE58D5669C512CAD /* TokenMeterTests */ = {
			isa = PBXNativeTarget;
			buildConfigurationList = 9EE2D065B01B94817868835E /* Build configuration list for PBXNativeTarget "TokenMeterTests" */;
			buildPhases = (
				7B47176B3F8E6F2B5E7D863F /* Sources */,
				8233C75B75FD216948D757E6 /* Frameworks */,
				19D63D691246BD96AB143994 /* Resources */,
			);
			buildRules = (
			);
			dependencies = (
				6EA589CDBFA14DD582BF9A15 /* PBXTargetDependency */,
			);
			name = TokenMeterTests;
			productName = TokenMeterTests;
			productReference = 7BBC7EDBCB14D06964B30804 /* TokenMeterTests.xctest */;
			productType = "com.apple.product-type.bundle.unit-test";
		};
		E4E00678763DD6EB356DEC4B /* TokenMeterWidgetExtension */ = {
			isa = PBXNativeTarget;
			buildConfigurationList = B7AB35D3DC601F9885BFC613 /* Build configuration list for PBXNativeTarget "TokenMeterWidgetExtension" */;
			buildPhases = (
				A59E6FA7D978E900B8BC5EB4 /* Sources */,
				89E63A6BB25E601D1CF2A53C /* Frameworks */,
				2D0FA09B15C8B37DD2A2359D /* Resources */,
			);
			buildRules = (
			);
			dependencies = (
			);
			name = TokenMeterWidgetExtension;
			productName = TokenMeterWidgetExtension;
			productReference = 7E2A24F3B2A62BFDBC225735 /* TokenMeterWidgetExtension.appex */;
			productType = "com.apple.product-type.app-extension";
		};
/* End PBXNativeTarget section */

/* Begin PBXProject section */
		6AE9B1D560FBDF55B5057079 /* Project object */ = {
			isa = PBXProject;
			attributes = {
				LastSwiftUpdateCheck = 1600;
				LastUpgradeCheck = 1700;
			};
			buildConfigurationList = 947B2D4A2CB99D462E5DC75A /* Build configuration list for PBXProject "TokenMeter" */;
			compatibilityVersion = "Xcode 3.2";
			developmentRegion = en;
			hasScannedForEncodings = 0;
			knownRegions = (
				en,
				Base,
			);
			mainGroup = 8CE75E21A8F7BF4D9D970FFA;
			minimizedProjectReferenceProxies = 0;
			packageReferences = (
				B039269F9E41843FBE56E410 /* XCRemoteSwiftPackageReference "Sparkle" */,
			);
			preferredProjectObjectVersion = 77;
			productRefGroup = D56E4F00EF27455939AFB0BE /* Products */;
			projectDirPath = "";
			projectRoot = "";
			targets = (
				5EC371412F6DEE67CE6132A6 /* TokenMeter */,
				E4E00678763DD6EB356DEC4B /* TokenMeterWidgetExtension */,
				D05F004EDE58D5669C512CAD /* TokenMeterTests */,
				A8012EA4E846E7EA3F3BFDA7 /* TokenMeterUITests */,
			);
		};
/* End PBXProject section */

/* Begin PBXResourcesBuildPhase section */
		19D63D691246BD96AB143994 /* Resources */ = {
			isa = PBXResourcesBuildPhase;
			buildActionMask = 2147483647;
			files = (
				1F88EEA16507F2D6CE300BF1 /* track1_claude_methodb_drift.json in Resources */,
				3840F850BB28F32EEDFFDFC4 /* track1_claude_methodc_drift.json in Resources */,
				B0FB29DEC42AEE2C9F063701 /* track1_codex_methodb_drift.json in Resources */,
				E33A7FBB26797583BB601B4F /* track2_claude_secondary_drift.jsonl in Resources */,
				9B7A2ADFF3ED3454199D55D4 /* track2_codex_primary_drift.jsonl in Resources */,
				E58655921CBCDFFA7015D511 /* track2_codex_primary_normal.jsonl in Resources */,
			);
			runOnlyForDeploymentPostprocessing = 0;
		};
		2D0FA09B15C8B37DD2A2359D /* Resources */ = {
			isa = PBXResourcesBuildPhase;
			buildActionMask = 2147483647;
			files = (
			);
			runOnlyForDeploymentPostprocessing = 0;
		};
		47DB7AEB5FD8110D652B1ECF /* Resources */ = {
			isa = PBXResourcesBuildPhase;
			buildActionMask = 2147483647;
			files = (
			);
			runOnlyForDeploymentPostprocessing = 0;
		};
		F52EF2019F0DC6A708804BA3 /* Resources */ = {
			isa = PBXResourcesBuildPhase;
			buildActionMask = 2147483647;
			files = (
				2267D0084FED12A76AA11432 /* Localizable.strings in Resources */,
				9B98BA64BDB54B6678E9AE49 /* Localizable.strings in Resources */,
				04512FF0E19356BB68552145 /* Localizable.strings in Resources */,
				B58710A28DC1019C747891EA /* Localizable.strings in Resources */,
				EC84E0A902B80BDB8EAEEF3E /* Localizable.strings in Resources */,
				1C9E3927D6137C016A26D084 /* Localizable.strings in Resources */,
				DE6771FD62BD9AE648F16865 /* Assets.xcassets in Resources */,
			);
			runOnlyForDeploymentPostprocessing = 0;
		};
/* End PBXResourcesBuildPhase section */

/* Begin PBXSourcesBuildPhase section */
		3C992DCA06FB877DFAE7CE8E /* Sources */ = {
			isa = PBXSourcesBuildPhase;
			buildActionMask = 2147483647;
			files = (
				0F6EF3C447B1DB2BE9B9FBEC /* ContentView.swift in Sources */,
				F27B8CCBA42A074B487E05C8 /* DiagnosticsLogger.swift in Sources */,
				A860A2AA4D7004536701A982 /* DiagnosticsRedactor.swift in Sources */,
				7F89D6F839D3358E535FA8FF /* DiagnosticsStore.swift in Sources */,
				5B29C1925B1B78268D5AD022 /* DiagnosticsValue.swift in Sources */,
				D199B7A45F02F52EDE6F0B75 /* Track2ModelClassifier.swift in Sources */,
				BA891A17C473686999BD6CEF /* TrackModels.swift in Sources */,
				D3D351F8311D0F2874625D73 /* AppRuntime.swift in Sources */,
				3407FFFE7705B03BF5938362 /* CollectionOrchestrator.swift in Sources */,
				D378F7E2DE2A927E2CE10BAF /* OrchestratorClock.swift in Sources */,
				720B7C5F0B90A304B325A03F /* ClaudeTrack1Adapter.swift in Sources */,
				FE28DE0DC37BAB404D2EB78F /* ClaudeTrack1MethodBAdapter.swift in Sources */,
				129BD2042FC161DF2B71AC3D /* ClaudeTrack1MethodCAdapter.swift in Sources */,
				7EBDB760A36219834A89C9CB /* ClaudeTrack2SecondaryParser.swift in Sources */,
				BECC431C30F0DBE32AA265CD /* CodexTrack1MethodBAdapter.swift in Sources */,
				C8BC24E35DCD30DC8F783F7A /* CodexTrack2PrimaryParser.swift in Sources */,
				29890427A0CB519819EB06D3 /* AppSettings.swift in Sources */,
				BAAA07C71FB7152452F8026D /* SettingsStore.swift in Sources */,
				61CED532EFAA45D730C253C7 /* SettingsView.swift in Sources */,
				FD3B9030AEA33002FEEC5E00 /* Track1Store.swift in Sources */,
				ACC7E38EC5279083F9927283 /* Track2Store.swift in Sources */,
				1B21CEA6B8C9FC736F3AC634 /* TokenMeterApp.swift in Sources */,
				FEA7A983C2BBE085A3D670BF /* CLIToolDiscovery.swift in Sources */,
				3A448DE9AA7766B70051EC4B /* WidgetSharedConfig.swift in Sources */,
				3881745920D0CDF8B71C8710 /* WidgetSnapshotBuilder.swift in Sources */,
				5CE4011B3BC41830D78B7A4C /* WidgetSnapshotDTO.swift in Sources */,
				7731D4277BF49C00E488E2C0 /* WidgetSnapshotRefresher.swift in Sources */,
				58D5A5E4A28495F3227D9110 /* WidgetSnapshotStore.swift in Sources */,
			);
			runOnlyForDeploymentPostprocessing = 0;
		};
		7B47176B3F8E6F2B5E7D863F /* Sources */ = {
			isa = PBXSourcesBuildPhase;
			buildActionMask = 2147483647;
			files = (
				358E00538F2E771BD336B330 /* CollectionOrchestratorTests.swift in Sources */,
				E2ADDF4DCB1C8AE2F0E91685 /* TokenMeterTests.swift in Sources */,
				575C19B462BCEF4B7A17E128 /* WidgetSnapshotTests.swift in Sources */,
			);
			runOnlyForDeploymentPostprocessing = 0;
		};
		A59E6FA7D978E900B8BC5EB4 /* Sources */ = {
			isa = PBXSourcesBuildPhase;
			buildActionMask = 2147483647;
			files = (
				C5878E76D563D2DF5C385042 /* TokenMeterWidget.swift in Sources */,
				ABB9FA44595041D92A6E9643 /* WidgetSharedConfig.swift in Sources */,
				FB49663B28B7668D90BD7CA0 /* WidgetSnapshotDTO.swift in Sources */,
				5E0A7D07646EA0A7391AC846 /* WidgetSnapshotStore.swift in Sources */,
			);
			runOnlyForDeploymentPostprocessing = 0;
		};
		B74F001169AA0338DB968CB0 /* Sources */ = {
			isa = PBXSourcesBuildPhase;
			buildActionMask = 2147483647;
			files = (
				A12FF450C0EDC16179E7A380 /* TokenMeterUITests.swift in Sources */,
			);
			runOnlyForDeploymentPostprocessing = 0;
		};
/* End PBXSourcesBuildPhase section */

/* Begin PBXTargetDependency section */
		6EA589CDBFA14DD582BF9A15 /* PBXTargetDependency */ = {
			isa = PBXTargetDependency;
			name = TokenMeter;
			target = 5EC371412F6DEE67CE6132A6 /* TokenMeter */;
			targetProxy = 1337A7336FED36E249367D4C /* PBXContainerItemProxy */;
		};
		A2C41A0A1F803C7C50C5D63F /* PBXTargetDependency */ = {
			isa = PBXTargetDependency;
			name = TokenMeter;
			target = 5EC371412F6DEE67CE6132A6 /* TokenMeter */;
			targetProxy = 9B1D35E4E2366608CFEE6045 /* PBXContainerItemProxy */;
		};
		B49470AAA83212EEF8D422F2 /* PBXTargetDependency */ = {
			isa = PBXTargetDependency;
			name = TokenMeterWidgetExtension;
			target = E4E00678763DD6EB356DEC4B /* TokenMeterWidgetExtension */;
			targetProxy = 36ED19DCA82309E6CE929CC2 /* PBXContainerItemProxy */;
		};
/* End PBXTargetDependency section */

/* Begin XCBuildConfiguration section */
		1F40A2AACA0692B7878D89AE /* Debug */ = {
			isa = XCBuildConfiguration;
			buildSettings = {
				APPLICATION_EXTENSION_API_ONLY = YES;
				CODE_SIGNING_ALLOWED = YES;
				CODE_SIGN_ENTITLEMENTS = TokenMeterWidget/TokenMeterWidget.entitlements;
				CODE_SIGN_STYLE = Automatic;
				INFOPLIST_FILE = TokenMeterWidget/Info.plist;
				MACOSX_DEPLOYMENT_TARGET = 13.0;
				PRODUCT_BUNDLE_IDENTIFIER = com.tokenmeter.app.widget;
				SDKROOT = macosx;
				SKIP_INSTALL = YES;
				SWIFT_VERSION = 6.0;
			};
			name = Debug;
		};
		34366DE50E280CA963280F28 /* Release */ = {
			isa = XCBuildConfiguration;
			buildSettings = {
				CODE_SIGN_STYLE = Automatic;
				GENERATE_INFOPLIST_FILE = YES;
				MACOSX_DEPLOYMENT_TARGET = 13.0;
				PRODUCT_BUNDLE_IDENTIFIER = com.tokenmeter.app.uitests;
				SDKROOT = macosx;
				SWIFT_VERSION = 6.0;
			};
			name = Release;
		};
		56AAD1E930E7A45F7FB92EC6 /* Release */ = {
			isa = XCBuildConfiguration;
			buildSettings = {
				BUNDLE_LOADER = "$(TEST_HOST)";
				CODE_SIGN_STYLE = Automatic;
				GENERATE_INFOPLIST_FILE = YES;
				MACOSX_DEPLOYMENT_TARGET = 13.0;
				PRODUCT_BUNDLE_IDENTIFIER = com.tokenmeter.app.tests;
				SDKROOT = macosx;
				SWIFT_VERSION = 6.0;
				TEST_HOST = "$(BUILT_PRODUCTS_DIR)/TokenMeter.app/Contents/MacOS/TokenMeter";
			};
			name = Release;
		};
		7726B8037E2E7D5251797CB6 /* Debug */ = {
			isa = XCBuildConfiguration;
			buildSettings = {
				ASSETCATALOG_COMPILER_APPICON_NAME = AppIcon;
				ASSETCATALOG_COMPILER_GLOBAL_ACCENT_COLOR_NAME = AccentColor;
				CODE_SIGNING_ALLOWED = YES;
				CODE_SIGN_ENTITLEMENTS = TokenMeter/TokenMeter.entitlements;
				CODE_SIGN_STYLE = Automatic;
				COMBINE_HIDPI_IMAGES = YES;
				INFOPLIST_FILE = TokenMeter/Info.plist;
				LD_RUNPATH_SEARCH_PATHS = "$(inherited) @executable_path/../Frameworks";
				MACOSX_DEPLOYMENT_TARGET = 13.0;
				PRODUCT_BUNDLE_IDENTIFIER = com.tokenmeter.app;
				SDKROOT = macosx;
				SWIFT_VERSION = 6.0;
			};
			name = Debug;
		};
		B901BCD62A12980ED781E058 /* Debug */ = {
			isa = XCBuildConfiguration;
			buildSettings = {
				BUNDLE_LOADER = "$(TEST_HOST)";
				CODE_SIGN_STYLE = Automatic;
				GENERATE_INFOPLIST_FILE = YES;
				MACOSX_DEPLOYMENT_TARGET = 13.0;
				PRODUCT_BUNDLE_IDENTIFIER = com.tokenmeter.app.tests;
				SDKROOT = macosx;
				SWIFT_VERSION = 6.0;
				TEST_HOST = "$(BUILT_PRODUCTS_DIR)/TokenMeter.app/Contents/MacOS/TokenMeter";
			};
			name = Debug;
		};
		CC7DA9C149749D28EFF24587 /* Release */ = {
			isa = XCBuildConfiguration;
			buildSettings = {
				ALWAYS_SEARCH_USER_PATHS = NO;
				CLANG_ANALYZER_NONNULL = YES;
				CLANG_ANALYZER_NUMBER_OBJECT_CONVERSION = YES_AGGRESSIVE;
				CLANG_CXX_LANGUAGE_STANDARD = "gnu++14";
				CLANG_CXX_LIBRARY = "libc++";
				CLANG_ENABLE_MODULES = YES;
				CLANG_ENABLE_OBJC_ARC = YES;
				CLANG_ENABLE_OBJC_WEAK = YES;
				CLANG_WARN_BLOCK_CAPTURE_AUTORELEASING = YES;
				CLANG_WARN_BOOL_CONVERSION = YES;
				CLANG_WARN_COMMA = YES;
				CLANG_WARN_CONSTANT_CONVERSION = YES;
				CLANG_WARN_DEPRECATED_OBJC_IMPLEMENTATIONS = YES;
				CLANG_WARN_DIRECT_OBJC_ISA_USAGE = YES_ERROR;
				CLANG_WARN_DOCUMENTATION_COMMENTS = YES;
				CLANG_WARN_EMPTY_BODY = YES;
				CLANG_WARN_ENUM_CONVERSION = YES;
				CLANG_WARN_INFINITE_RECURSION = YES;
				CLANG_WARN_INT_CONVERSION = YES;
				CLANG_WARN_NON_LITERAL_NULL_CONVERSION = YES;
				CLANG_WARN_OBJC_IMPLICIT_RETAIN_SELF = YES;
				CLANG_WARN_OBJC_LITERAL_CONVERSION = YES;
				CLANG_WARN_OBJC_ROOT_CLASS = YES_ERROR;
				CLANG_WARN_QUOTED_INCLUDE_IN_FRAMEWORK_HEADER = YES;
				CLANG_WARN_RANGE_LOOP_ANALYSIS = YES;
				CLANG_WARN_STRICT_PROTOTYPES = YES;
				CLANG_WARN_SUSPICIOUS_MOVE = YES;
				CLANG_WARN_UNGUARDED_AVAILABILITY = YES_AGGRESSIVE;
				CLANG_WARN_UNREACHABLE_CODE = YES;
				CLANG_WARN__DUPLICATE_METHOD_MATCH = YES;
				COPY_PHASE_STRIP = NO;
				DEBUG_INFORMATION_FORMAT = "dwarf-with-dsym";
				ENABLE_NS_ASSERTIONS = NO;
				ENABLE_STRICT_OBJC_MSGSEND = YES;
				GCC_C_LANGUAGE_STANDARD = gnu11;
				GCC_NO_COMMON_BLOCKS = YES;
				GCC_WARN_64_TO_32_BIT_CONVERSION = YES;
				GCC_WARN_ABOUT_RETURN_TYPE = YES_ERROR;
				GCC_WARN_UNDECLARED_SELECTOR = YES;
				GCC_WARN_UNINITIALIZED_AUTOS = YES_AGGRESSIVE;
				GCC_WARN_UNUSED_FUNCTION = YES;
				GCC_WARN_UNUSED_VARIABLE = YES;
				MTL_ENABLE_DEBUG_INFO = NO;
				MTL_FAST_MATH = YES;
				PRODUCT_NAME = "$(TARGET_NAME)";
				SWIFT_COMPILATION_MODE = wholemodule;
				SWIFT_OPTIMIZATION_LEVEL = "-O";
				SWIFT_VERSION = 5.0;
			};
			name = Release;
		};
		D45CBBE6777F9CF6B238B4C3 /* Debug */ = {
			isa = XCBuildConfiguration;
			buildSettings = {
				CODE_SIGN_STYLE = Automatic;
				GENERATE_INFOPLIST_FILE = YES;
				MACOSX_DEPLOYMENT_TARGET = 13.0;
				PRODUCT_BUNDLE_IDENTIFIER = com.tokenmeter.app.uitests;
				SDKROOT = macosx;
				SWIFT_VERSION = 6.0;
			};
			name = Debug;
		};
		EAD47357C93A33F82F3B637A /* Release */ = {
			isa = XCBuildConfiguration;
			buildSettings = {
				ASSETCATALOG_COMPILER_APPICON_NAME = AppIcon;
				ASSETCATALOG_COMPILER_GLOBAL_ACCENT_COLOR_NAME = AccentColor;
				CODE_SIGNING_ALLOWED = YES;
				CODE_SIGN_ENTITLEMENTS = TokenMeter/TokenMeter.entitlements;
				CODE_SIGN_STYLE = Automatic;
				COMBINE_HIDPI_IMAGES = YES;
				INFOPLIST_FILE = TokenMeter/Info.plist;
				LD_RUNPATH_SEARCH_PATHS = "$(inherited) @executable_path/../Frameworks";
				MACOSX_DEPLOYMENT_TARGET = 13.0;
				PRODUCT_BUNDLE_IDENTIFIER = com.tokenmeter.app;
				SDKROOT = macosx;
				SWIFT_VERSION = 6.0;
			};
			name = Release;
		};
		F38D9362E298A7E305011BCC /* Debug */ = {
			isa = XCBuildConfiguration;
			buildSettings = {
				ALWAYS_SEARCH_USER_PATHS = NO;
				CLANG_ANALYZER_NONNULL = YES;
				CLANG_ANALYZER_NUMBER_OBJECT_CONVERSION = YES_AGGRESSIVE;
				CLANG_CXX_LANGUAGE_STANDARD = "gnu++14";
				CLANG_CXX_LIBRARY = "libc++";
				CLANG_ENABLE_MODULES = YES;
				CLANG_ENABLE_OBJC_ARC = YES;
				CLANG_ENABLE_OBJC_WEAK = YES;
				CLANG_WARN_BLOCK_CAPTURE_AUTORELEASING = YES;
				CLANG_WARN_BOOL_CONVERSION = YES;
				CLANG_WARN_COMMA = YES;
				CLANG_WARN_CONSTANT_CONVERSION = YES;
				CLANG_WARN_DEPRECATED_OBJC_IMPLEMENTATIONS = YES;
				CLANG_WARN_DIRECT_OBJC_ISA_USAGE = YES_ERROR;
				CLANG_WARN_DOCUMENTATION_COMMENTS = YES;
				CLANG_WARN_EMPTY_BODY = YES;
				CLANG_WARN_ENUM_CONVERSION = YES;
				CLANG_WARN_INFINITE_RECURSION = YES;
				CLANG_WARN_INT_CONVERSION = YES;
				CLANG_WARN_NON_LITERAL_NULL_CONVERSION = YES;
				CLANG_WARN_OBJC_IMPLICIT_RETAIN_SELF = YES;
				CLANG_WARN_OBJC_LITERAL_CONVERSION = YES;
				CLANG_WARN_OBJC_ROOT_CLASS = YES_ERROR;
				CLANG_WARN_QUOTED_INCLUDE_IN_FRAMEWORK_HEADER = YES;
				CLANG_WARN_RANGE_LOOP_ANALYSIS = YES;
				CLANG_WARN_STRICT_PROTOTYPES = YES;
				CLANG_WARN_SUSPICIOUS_MOVE = YES;
				CLANG_WARN_UNGUARDED_AVAILABILITY = YES_AGGRESSIVE;
				CLANG_WARN_UNREACHABLE_CODE = YES;
				CLANG_WARN__DUPLICATE_METHOD_MATCH = YES;
				COPY_PHASE_STRIP = NO;
				DEBUG_INFORMATION_FORMAT = dwarf;
				ENABLE_STRICT_OBJC_MSGSEND = YES;
				ENABLE_TESTABILITY = YES;
				GCC_C_LANGUAGE_STANDARD = gnu11;
				GCC_DYNAMIC_NO_PIC = NO;
				GCC_NO_COMMON_BLOCKS = YES;
				GCC_OPTIMIZATION_LEVEL = 0;
				GCC_PREPROCESSOR_DEFINITIONS = (
					"DEBUG=1",
					"$(inherited)",
				);
				GCC_WARN_64_TO_32_BIT_CONVERSION = YES;
				GCC_WARN_ABOUT_RETURN_TYPE = YES_ERROR;
				GCC_WARN_UNDECLARED_SELECTOR = YES;
				GCC_WARN_UNINITIALIZED_AUTOS = YES_AGGRESSIVE;
				GCC_WARN_UNUSED_FUNCTION = YES;
				GCC_WARN_UNUSED_VARIABLE = YES;
				MTL_ENABLE_DEBUG_INFO = INCLUDE_SOURCE;
				MTL_FAST_MATH = YES;
				ONLY_ACTIVE_ARCH = YES;
				PRODUCT_NAME = "$(TARGET_NAME)";
				SWIFT_ACTIVE_COMPILATION_CONDITIONS = DEBUG;
				SWIFT_OPTIMIZATION_LEVEL = "-Onone";
				SWIFT_VERSION = 5.0;
			};
			name = Debug;
		};
		F58336A3E9F2CCB851B49D36 /* Release */ = {
			isa = XCBuildConfiguration;
			buildSettings = {
				APPLICATION_EXTENSION_API_ONLY = YES;
				CODE_SIGNING_ALLOWED = YES;
				CODE_SIGN_ENTITLEMENTS = TokenMeterWidget/TokenMeterWidget.entitlements;
				CODE_SIGN_STYLE = Automatic;
				INFOPLIST_FILE = TokenMeterWidget/Info.plist;
				MACOSX_DEPLOYMENT_TARGET = 13.0;
				PRODUCT_BUNDLE_IDENTIFIER = com.tokenmeter.app.widget;
				SDKROOT = macosx;
				SKIP_INSTALL = YES;
				SWIFT_VERSION = 6.0;
			};
			name = Release;
		};
/* End XCBuildConfiguration section */

/* Begin XCConfigurationList section */
		6A86F8E05DE2AC2CB95DB064 /* Build configuration list for PBXNativeTarget "TokenMeter" */ = {
			isa = XCConfigurationList;
			buildConfigurations = (
				EAD47357C93A33F82F3B637A /* Release */,
				7726B8037E2E7D5251797CB6 /* Debug */,
			);
			defaultConfigurationIsVisible = 0;
			defaultConfigurationName = Release;
		};
		947B2D4A2CB99D462E5DC75A /* Build configuration list for PBXProject "TokenMeter" */ = {
			isa = XCConfigurationList;
			buildConfigurations = (
				F38D9362E298A7E305011BCC /* Debug */,
				CC7DA9C149749D28EFF24587 /* Release */,
			);
			defaultConfigurationIsVisible = 0;
			defaultConfigurationName = Release;
		};
		9EE2D065B01B94817868835E /* Build configuration list for PBXNativeTarget "TokenMeterTests" */ = {
			isa = XCConfigurationList;
			buildConfigurations = (
				56AAD1E930E7A45F7FB92EC6 /* Release */,
				B901BCD62A12980ED781E058 /* Debug */,
			);
			defaultConfigurationIsVisible = 0;
			defaultConfigurationName = Release;
		};
		B476CF95F337E77C3EEAD437 /* Build configuration list for PBXNativeTarget "TokenMeterUITests" */ = {
			isa = XCConfigurationList;
			buildConfigurations = (
				34366DE50E280CA963280F28 /* Release */,
				D45CBBE6777F9CF6B238B4C3 /* Debug */,
			);
			defaultConfigurationIsVisible = 0;
			defaultConfigurationName = Release;
		};
		B7AB35D3DC601F9885BFC613 /* Build configuration list for PBXNativeTarget "TokenMeterWidgetExtension" */ = {
			isa = XCConfigurationList;
			buildConfigurations = (
				F58336A3E9F2CCB851B49D36 /* Release */,
				1F40A2AACA0692B7878D89AE /* Debug */,
			);
			defaultConfigurationIsVisible = 0;
			defaultConfigurationName = Release;
		};
/* End XCConfigurationList section */

/* Begin XCRemoteSwiftPackageReference section */
		B039269F9E41843FBE56E410 /* XCRemoteSwiftPackageReference "Sparkle" */ = {
			isa = XCRemoteSwiftPackageReference;
			repositoryURL = "https://github.com/sparkle-project/Sparkle";
			requirement = {
				kind = upToNextMajorVersion;
				minimumVersion = 2.0.0;
			};
		};
/* End XCRemoteSwiftPackageReference section */

/* Begin XCSwiftPackageProductDependency section */
		613C86BE0B26431D7ED6F297 /* Sparkle */ = {
			isa = XCSwiftPackageProductDependency;
			package = B039269F9E41843FBE56E410 /* XCRemoteSwiftPackageReference "Sparkle" */;
			productName = Sparkle;
		};
/* End XCSwiftPackageProductDependency section */
	};
	rootObject = 6AE9B1D560FBDF55B5057079 /* Project object */;
}
