// !$*UTF8*$!
{
	archiveVersion = 1;
	classes = {
	};
	objectVersion = 46;
	objects = {

/* Begin PBXBuildFile section */
		04E9489395DAC4B9CC2CFADF /* WidgetSnapshotTests.swift in Sources */ = {isa = PBXBuildFile; fileRef = DB39EEA52716A96215C33FB3 /* WidgetSnapshotTests.swift */; };
		05C091648A8A0437625AD5D6 /* Cocoa.framework in Frameworks */ = {isa = PBXBuildFile; fileRef = 017DF2746A0B4F7035C849C5 /* Cocoa.framework */; };
		05DD0E1493E32A1B2F509527 /* WidgetSnapshotStore.swift in Sources */ = {isa = PBXBuildFile; fileRef = 3C343741D2B17BFB9718F57F /* WidgetSnapshotStore.swift */; };
		0DF76E7ADDF42E5065A23D85 /* WidgetSnapshotDTO.swift in Sources */ = {isa = PBXBuildFile; fileRef = 2972052FCB67352E611CB104 /* WidgetSnapshotDTO.swift */; };
		0F3422350A0D73EBDC6CE8E3 /* WidgetSnapshotRefresher.swift in Sources */ = {isa = PBXBuildFile; fileRef = 8DE291F527F4E3A357223345 /* WidgetSnapshotRefresher.swift */; };
		10FC8705A3C1624C1FB38A18 /* track1_claude_methodc_drift.json in Resources */ = {isa = PBXBuildFile; fileRef = 1400222419700EF132DE2AD8 /* track1_claude_methodc_drift.json */; };
		1135EEE0F03A1AC705BDA834 /* track2_codex_primary_drift.jsonl in Resources */ = {isa = PBXBuildFile; fileRef = 1EFF8D1113C1B628B98AB894 /* track2_codex_primary_drift.jsonl */; };
		11A3888171C9554867C2BA26 /* WidgetSnapshotStore.swift in Sources */ = {isa = PBXBuildFile; fileRef = 246BB1E10AB780C2E7C4185E /* WidgetSnapshotStore.swift */; };
		179D91AE171E638B2F82311A /* Localizable.strings in Resources */ = {isa = PBXBuildFile; fileRef = 07DB3C0A140A59384B1905CE /* Localizable.strings */; };
		18E726EF8D024300391D23A7 /* AppRuntime.swift in Sources */ = {isa = PBXBuildFile; fileRef = D3EB8A076C97086FD784C8C4 /* AppRuntime.swift */; };
		2A0312B4DB2E7A2FB231FE41 /* SettingsView.swift in Sources */ = {isa = PBXBuildFile; fileRef = 255735533207E2A8AD09CE3C /* SettingsView.swift */; };
		2A536E609A2E3806DD22C689 /* Cocoa.framework in Frameworks */ = {isa = PBXBuildFile; fileRef = 017DF2746A0B4F7035C849C5 /* Cocoa.framework */; };
		36743BE1057540000F7E81A2 /* Track2Store.swift in Sources */ = {isa = PBXBuildFile; fileRef = 4035397F57D126B4954A0C27 /* Track2Store.swift */; };
		582E41A6BE03496D3031CAE0 /* ClaudeTrack1MethodBAdapter.swift in Sources */ = {isa = PBXBuildFile; fileRef = 96612A90E093EE43E548AB4E /* ClaudeTrack1MethodBAdapter.swift */; };
		59562C21C405308B35EC71FC /* track2_codex_primary_normal.jsonl in Resources */ = {isa = PBXBuildFile; fileRef = 4E87243D94C65F982CC4D8E9 /* track2_codex_primary_normal.jsonl */; };
		5BBA72E0AEFCE7A3262CBE61 /* CollectionOrchestrator.swift in Sources */ = {isa = PBXBuildFile; fileRef = 1190359281B3708206DE9D82 /* CollectionOrchestrator.swift */; };
		60E1059B27E2BF2E50BDB04A /* WidgetSharedConfig.swift in Sources */ = {isa = PBXBuildFile; fileRef = 6A30D12E1B321C43A5931910 /* WidgetSharedConfig.swift */; };
		62FC77D4AC64B37C3920991C /* DiagnosticsRedactor.swift in Sources */ = {isa = PBXBuildFile; fileRef = 75BCBD48A6AA4AFD81F3BC4C /* DiagnosticsRedactor.swift */; };
		631716A2947B4CC555755984 /* Cocoa.framework in Frameworks */ = {isa = PBXBuildFile; fileRef = 017DF2746A0B4F7035C849C5 /* Cocoa.framework */; };
		6340943BD93F52C78AC38703 /* DiagnosticsValue.swift in Sources */ = {isa = PBXBuildFile; fileRef = 5E8D00AA315DA4DB184FBA64 /* DiagnosticsValue.swift */; };
		6542AC3252CA33F417C4DB99 /* ClaudeTrack1MethodCAdapter.swift in Sources */ = {isa = PBXBuildFile; fileRef = 06128D5960C9440473886CC1 /* ClaudeTrack1MethodCAdapter.swift */; };
		70BE9EDE983F08E1A9722EE0 /* DiagnosticsStore.swift in Sources */ = {isa = PBXBuildFile; fileRef = CEF5818691D9C6D575ACFF20 /* DiagnosticsStore.swift */; };
		722C0962FC15A74ED1E7D00C /* TokenMeterWidget.swift in Sources */ = {isa = PBXBuildFile; fileRef = 6A8739B2436F48E85A67F255 /* TokenMeterWidget.swift */; };
		758A650741F3ADA8690C9CB5 /* Localizable.strings in Resources */ = {isa = PBXBuildFile; fileRef = 8A708E1BE085840F543FD2B6 /* Localizable.strings */; };
		75BAA5A2E6B3738446597D5F /* Assets.xcassets in Resources */ = {isa = PBXBuildFile; fileRef = 2A6D6CF8F3A1C0E8C5231C7A /* Assets.xcassets */; };
		7F00A0F2EFDE2F89F8C09544 /* TokenMeterWidgetExtension.appex in Embed App Extensions */ = {isa = PBXBuildFile; fileRef = E44643B829CCF44E0735D29B /* TokenMeterWidgetExtension.appex */; };
		8240819909F68990C78CBCFA /* DiagnosticsLogger.swift in Sources */ = {isa = PBXBuildFile; fileRef = DF148E244381275DD0195263 /* DiagnosticsLogger.swift */; };
		8953DA4DE062014F960E5ADF /* TokenMeterApp.swift in Sources */ = {isa = PBXBuildFile; fileRef = 4CA822311F0F3C3FB318EA22 /* TokenMeterApp.swift */; };
		92A94F4BC054B37DD186B5F2 /* Localizable.strings in Resources */ = {isa = PBXBuildFile; fileRef = 16117B196F31007E19B4FFCD /* Localizable.strings */; };
		9425211EF885D2840698EC67 /* CollectionOrchestratorTests.swift in Sources */ = {isa = PBXBuildFile; fileRef = 58636B702C7AA11A2119DC64 /* CollectionOrchestratorTests.swift */; };
		95BF1FA5C0E63631FAFA5CD1 /* track2_claude_secondary_drift.jsonl in Resources */ = {isa = PBXBuildFile; fileRef = 41381DC1CFD5BA19DC7BB013 /* track2_claude_secondary_drift.jsonl */; };
		96A61AD722430420648010D9 /* WidgetSharedConfig.swift in Sources */ = {isa = PBXBuildFile; fileRef = 680F2FEC2A62F330920366D9 /* WidgetSharedConfig.swift */; };
		A2B09436502DDF9F1DD8C4F9 /* Track1Store.swift in Sources */ = {isa = PBXBuildFile; fileRef = 4CB1602AF874EE0C0E3AC764 /* Track1Store.swift */; };
		A444E680CCB04589D20C5CBF /* CodexTrack1MethodBAdapter.swift in Sources */ = {isa = PBXBuildFile; fileRef = C5F74756FB477EEB467991A4 /* CodexTrack1MethodBAdapter.swift */; };
		AADFE6A6913B7AD6D5A0D0A3 /* WidgetSnapshotDTO.swift in Sources */ = {isa = PBXBuildFile; fileRef = 1EDF5D8D0F4F0D097830ED47 /* WidgetSnapshotDTO.swift */; };
		B8FD5C84034CB0648D214ADF /* TrackModels.swift in Sources */ = {isa = PBXBuildFile; fileRef = 598EDFD6FEB5CFB49CAEC565 /* TrackModels.swift */; };
		C09E2D086B7CFFED92D490A1 /* ContentView.swift in Sources */ = {isa = PBXBuildFile; fileRef = 2267B1AF58656A24ECF872B1 /* ContentView.swift */; };
		C64623A669EDD918258DD8DA /* Cocoa.framework in Frameworks */ = {isa = PBXBuildFile; fileRef = 017DF2746A0B4F7035C849C5 /* Cocoa.framework */; };
		CD513890A495B5806C57B2C7 /* track1_claude_methodb_drift.json in Resources */ = {isa = PBXBuildFile; fileRef = B7EF9E9C0E9FB5B73304D6C5 /* track1_claude_methodb_drift.json */; };
		CD705BDAD682C646AA3F1372 /* AppSettings.swift in Sources */ = {isa = PBXBuildFile; fileRef = C85396B08EE88EDEDCCF52CB /* AppSettings.swift */; };
		D24B6FCBB684FBBCE9956E0F /* Localizable.strings in Resources */ = {isa = PBXBuildFile; fileRef = B02521D8940BF3CF2F64A2A7 /* Localizable.strings */; };
		D2DA18FEBF010F4EC8A92C22 /* SettingsStore.swift in Sources */ = {isa = PBXBuildFile; fileRef = F28B08423EBA741B752DCD65 /* SettingsStore.swift */; };
		D35DAA089AED69E3456270C8 /* TokenMeterUITests.swift in Sources */ = {isa = PBXBuildFile; fileRef = 28DCE6238F1D09865048CF48 /* TokenMeterUITests.swift */; };
		DA62385D5F08B5A290E18980 /* ClaudeTrack1Adapter.swift in Sources */ = {isa = PBXBuildFile; fileRef = 205FC8B5EE89F1F438EB4CE8 /* ClaudeTrack1Adapter.swift */; };
		DD48D5D15ED58D2286EA76FC /* track1_codex_methodb_drift.json in Resources */ = {isa = PBXBuildFile; fileRef = 65B4BBAE91F92B93A9F622F8 /* track1_codex_methodb_drift.json */; };
		DE1BA2423FC4E46FC98CDC66 /* Localizable.strings in Resources */ = {isa = PBXBuildFile; fileRef = 15C0CEA24CF06210A4FD6DE9 /* Localizable.strings */; };
		DE3D82B5CA25ABCB224704CF /* ClaudeTrack2SecondaryParser.swift in Sources */ = {isa = PBXBuildFile; fileRef = EB63B53FFFF422473DC209C7 /* ClaudeTrack2SecondaryParser.swift */; };
		E551459D8D764DA84899C5FA /* CLIToolDiscovery.swift in Sources */ = {isa = PBXBuildFile; fileRef = 35ABCF95A528E17BCB38C050 /* CLIToolDiscovery.swift */; };
		E9299CAA11CA5DCE47732A7D /* Track2ModelClassifier.swift in Sources */ = {isa = PBXBuildFile; fileRef = 2E5D406457BE4D0F9E468A8D /* Track2ModelClassifier.swift */; };
		EBAC07E16A6EE2ED2F1537F7 /* Localizable.strings in Resources */ = {isa = PBXBuildFile; fileRef = 593729D4CCA3C1DC1F4DF514 /* Localizable.strings */; };
		EC898550E1607A48DE7B09B9 /* CodexTrack2PrimaryParser.swift in Sources */ = {isa = PBXBuildFile; fileRef = A5A58B047E007D55072F7879 /* CodexTrack2PrimaryParser.swift */; };
		F1C05A4E6F0EB0F87C91CEBE /* WidgetSnapshotBuilder.swift in Sources */ = {isa = PBXBuildFile; fileRef = A365DF4780627F3BBFD3E484 /* WidgetSnapshotBuilder.swift */; };
		F2EA1295E3C800A75D2EA523 /* OrchestratorClock.swift in Sources */ = {isa = PBXBuildFile; fileRef = 6464C6455712C35CD401894B /* OrchestratorClock.swift */; };
		F8B4EC0980D79F90258176D5 /* TokenMeterTests.swift in Sources */ = {isa = PBXBuildFile; fileRef = 35BF2AE8FA4C33C1FBDFFB63 /* TokenMeterTests.swift */; };
/* End PBXBuildFile section */

/* Begin PBXContainerItemProxy section */
		814859D7F7A68FA65B7DD1AD /* PBXContainerItemProxy */ = {
			isa = PBXContainerItemProxy;
			containerPortal = 89EC3F6F322E67901EA7AE8B /* Project object */;
			proxyType = 1;
			remoteGlobalIDString = 00197A4B103F12B0137D16B5;
			remoteInfo = TokenMeterWidgetExtension;
		};
		BF7A19A1C2C87D2C669CB499 /* PBXContainerItemProxy */ = {
			isa = PBXContainerItemProxy;
			containerPortal = 89EC3F6F322E67901EA7AE8B /* Project object */;
			proxyType = 1;
			remoteGlobalIDString = F1B2DD822A6F563255EF0733;
			remoteInfo = TokenMeter;
		};
		C59CA750A570C4FF3961DA3F /* PBXContainerItemProxy */ = {
			isa = PBXContainerItemProxy;
			containerPortal = 89EC3F6F322E67901EA7AE8B /* Project object */;
			proxyType = 1;
			remoteGlobalIDString = F1B2DD822A6F563255EF0733;
			remoteInfo = TokenMeter;
		};
/* End PBXContainerItemProxy section */

/* Begin PBXCopyFilesBuildPhase section */
		D0CE8DC8C60B311400F875BA /* Embed App Extensions */ = {
			isa = PBXCopyFilesBuildPhase;
			buildActionMask = 2147483647;
			dstPath = "";
			dstSubfolderSpec = 13;
			files = (
				7F00A0F2EFDE2F89F8C09544 /* TokenMeterWidgetExtension.appex in Embed App Extensions */,
			);
			name = "Embed App Extensions";
			runOnlyForDeploymentPostprocessing = 0;
		};
/* End PBXCopyFilesBuildPhase section */

/* Begin PBXFileReference section */
		017DF2746A0B4F7035C849C5 /* Cocoa.framework */ = {isa = PBXFileReference; lastKnownFileType = wrapper.framework; name = Cocoa.framework; path = Platforms/MacOSX.platform/Developer/SDKs/MacOSX15.0.sdk/System/Library/Frameworks/Cocoa.framework; sourceTree = DEVELOPER_DIR; };
		06128D5960C9440473886CC1 /* ClaudeTrack1MethodCAdapter.swift */ = {isa = PBXFileReference; includeInIndex = 1; lastKnownFileType = sourcecode.swift; name = ClaudeTrack1MethodCAdapter.swift; path = TokenMeter/Providers/ClaudeTrack1MethodCAdapter.swift; sourceTree = "<group>"; };
		07DB3C0A140A59384B1905CE /* Localizable.strings */ = {isa = PBXFileReference; includeInIndex = 1; lastKnownFileType = text.plist.strings; name = Localizable.strings; path = TokenMeter/ko.lproj/Localizable.strings; sourceTree = "<group>"; };
		1190359281B3708206DE9D82 /* CollectionOrchestrator.swift */ = {isa = PBXFileReference; includeInIndex = 1; lastKnownFileType = sourcecode.swift; name = CollectionOrchestrator.swift; path = TokenMeter/Orchestration/CollectionOrchestrator.swift; sourceTree = "<group>"; };
		1400222419700EF132DE2AD8 /* track1_claude_methodc_drift.json */ = {isa = PBXFileReference; includeInIndex = 1; name = track1_claude_methodc_drift.json; path = TokenMeterTests/Fixtures/track1_claude_methodc_drift.json; sourceTree = "<group>"; };
		15C0CEA24CF06210A4FD6DE9 /* Localizable.strings */ = {isa = PBXFileReference; includeInIndex = 1; lastKnownFileType = text.plist.strings; name = Localizable.strings; path = "TokenMeter/zh-Hant.lproj/Localizable.strings"; sourceTree = "<group>"; };
		16117B196F31007E19B4FFCD /* Localizable.strings */ = {isa = PBXFileReference; includeInIndex = 1; lastKnownFileType = text.plist.strings; name = Localizable.strings; path = "TokenMeter/zh-Hans.lproj/Localizable.strings"; sourceTree = "<group>"; };
		1EDF5D8D0F4F0D097830ED47 /* WidgetSnapshotDTO.swift */ = {isa = PBXFileReference; includeInIndex = 1; lastKnownFileType = sourcecode.swift; name = WidgetSnapshotDTO.swift; path = TokenMeter/Widget/WidgetSnapshotDTO.swift; sourceTree = "<group>"; };
		1EFF8D1113C1B628B98AB894 /* track2_codex_primary_drift.jsonl */ = {isa = PBXFileReference; includeInIndex = 1; name = track2_codex_primary_drift.jsonl; path = TokenMeterTests/Fixtures/track2_codex_primary_drift.jsonl; sourceTree = "<group>"; };
		205FC8B5EE89F1F438EB4CE8 /* ClaudeTrack1Adapter.swift */ = {isa = PBXFileReference; includeInIndex = 1; lastKnownFileType = sourcecode.swift; name = ClaudeTrack1Adapter.swift; path = TokenMeter/Providers/ClaudeTrack1Adapter.swift; sourceTree = "<group>"; };
		2267B1AF58656A24ECF872B1 /* ContentView.swift */ = {isa = PBXFileReference; includeInIndex = 1; lastKnownFileType = sourcecode.swift; name = ContentView.swift; path = TokenMeter/ContentView.swift; sourceTree = "<group>"; };
		246BB1E10AB780C2E7C4185E /* WidgetSnapshotStore.swift */ = {isa = PBXFileReference; includeInIndex = 1; lastKnownFileType = sourcecode.swift; name = WidgetSnapshotStore.swift; path = TokenMeter/Widget/WidgetSnapshotStore.swift; sourceTree = "<group>"; };
		255735533207E2A8AD09CE3C /* SettingsView.swift */ = {isa = PBXFileReference; includeInIndex = 1; lastKnownFileType = sourcecode.swift; name = SettingsView.swift; path = TokenMeter/SettingsView.swift; sourceTree = "<group>"; };
		28DCE6238F1D09865048CF48 /* TokenMeterUITests.swift */ = {isa = PBXFileReference; includeInIndex = 1; lastKnownFileType = sourcecode.swift; name = TokenMeterUITests.swift; path = TokenMeterUITests/TokenMeterUITests.swift; sourceTree = "<group>"; };
		2972052FCB67352E611CB104 /* WidgetSnapshotDTO.swift */ = {isa = PBXFileReference; includeInIndex = 1; lastKnownFileType = sourcecode.swift; name = WidgetSnapshotDTO.swift; path = TokenMeter/Widget/WidgetSnapshotDTO.swift; sourceTree = "<group>"; };
		2A6D6CF8F3A1C0E8C5231C7A /* Assets.xcassets */ = {isa = PBXFileReference; includeInIndex = 1; lastKnownFileType = folder.assetcatalog; name = Assets.xcassets; path = TokenMeter/Assets.xcassets; sourceTree = "<group>"; };
		2E5D406457BE4D0F9E468A8D /* Track2ModelClassifier.swift */ = {isa = PBXFileReference; includeInIndex = 1; lastKnownFileType = sourcecode.swift; name = Track2ModelClassifier.swift; path = TokenMeter/Domain/Track2ModelClassifier.swift; sourceTree = "<group>"; };
		35ABCF95A528E17BCB38C050 /* CLIToolDiscovery.swift */ = {isa = PBXFileReference; includeInIndex = 1; lastKnownFileType = sourcecode.swift; name = CLIToolDiscovery.swift; path = TokenMeter/ToolDiscovery/CLIToolDiscovery.swift; sourceTree = "<group>"; };
		35BF2AE8FA4C33C1FBDFFB63 /* TokenMeterTests.swift */ = {isa = PBXFileReference; includeInIndex = 1; lastKnownFileType = sourcecode.swift; name = TokenMeterTests.swift; path = TokenMeterTests/TokenMeterTests.swift; sourceTree = "<group>"; };
		3C343741D2B17BFB9718F57F /* WidgetSnapshotStore.swift */ = {isa = PBXFileReference; includeInIndex = 1; lastKnownFileType = sourcecode.swift; name = WidgetSnapshotStore.swift; path = TokenMeter/Widget/WidgetSnapshotStore.swift; sourceTree = "<group>"; };
		4035397F57D126B4954A0C27 /* Track2Store.swift */ = {isa = PBXFileReference; includeInIndex = 1; lastKnownFileType = sourcecode.swift; name = Track2Store.swift; path = TokenMeter/Store/Track2Store.swift; sourceTree = "<group>"; };
		41381DC1CFD5BA19DC7BB013 /* track2_claude_secondary_drift.jsonl */ = {isa = PBXFileReference; includeInIndex = 1; name = track2_claude_secondary_drift.jsonl; path = TokenMeterTests/Fixtures/track2_claude_secondary_drift.jsonl; sourceTree = "<group>"; };
		4CA822311F0F3C3FB318EA22 /* TokenMeterApp.swift */ = {isa = PBXFileReference; includeInIndex = 1; lastKnownFileType = sourcecode.swift; name = TokenMeterApp.swift; path = TokenMeter/TokenMeterApp.swift; sourceTree = "<group>"; };
		4CB1602AF874EE0C0E3AC764 /* Track1Store.swift */ = {isa = PBXFileReference; includeInIndex = 1; lastKnownFileType = sourcecode.swift; name = Track1Store.swift; path = TokenMeter/Store/Track1Store.swift; sourceTree = "<group>"; };
		4E87243D94C65F982CC4D8E9 /* track2_codex_primary_normal.jsonl */ = {isa = PBXFileReference; includeInIndex = 1; name = track2_codex_primary_normal.jsonl; path = TokenMeterTests/Fixtures/track2_codex_primary_normal.jsonl; sourceTree = "<group>"; };
		511E8BA0EDBD5F604E0AB2D8 /* TokenMeterTests.xctest */ = {isa = PBXFileReference; explicitFileType = wrapper.cfbundle; includeInIndex = 0; path = TokenMeterTests.xctest; sourceTree = BUILT_PRODUCTS_DIR; };
		58636B702C7AA11A2119DC64 /* CollectionOrchestratorTests.swift */ = {isa = PBXFileReference; includeInIndex = 1; lastKnownFileType = sourcecode.swift; name = CollectionOrchestratorTests.swift; path = TokenMeterTests/CollectionOrchestratorTests.swift; sourceTree = "<group>"; };
		593729D4CCA3C1DC1F4DF514 /* Localizable.strings */ = {isa = PBXFileReference; includeInIndex = 1; lastKnownFileType = text.plist.strings; name = Localizable.strings; path = TokenMeter/en.lproj/Localizable.strings; sourceTree = "<group>"; };
		598EDFD6FEB5CFB49CAEC565 /* TrackModels.swift */ = {isa = PBXFileReference; includeInIndex = 1; lastKnownFileType = sourcecode.swift; name = TrackModels.swift; path = TokenMeter/Domain/TrackModels.swift; sourceTree = "<group>"; };
		5E8D00AA315DA4DB184FBA64 /* DiagnosticsValue.swift */ = {isa = PBXFileReference; includeInIndex = 1; lastKnownFileType = sourcecode.swift; name = DiagnosticsValue.swift; path = TokenMeter/Diagnostics/DiagnosticsValue.swift; sourceTree = "<group>"; };
		6464C6455712C35CD401894B /* OrchestratorClock.swift */ = {isa = PBXFileReference; includeInIndex = 1; lastKnownFileType = sourcecode.swift; name = OrchestratorClock.swift; path = TokenMeter/Orchestration/OrchestratorClock.swift; sourceTree = "<group>"; };
		65B4BBAE91F92B93A9F622F8 /* track1_codex_methodb_drift.json */ = {isa = PBXFileReference; includeInIndex = 1; name = track1_codex_methodb_drift.json; path = TokenMeterTests/Fixtures/track1_codex_methodb_drift.json; sourceTree = "<group>"; };
		680F2FEC2A62F330920366D9 /* WidgetSharedConfig.swift */ = {isa = PBXFileReference; includeInIndex = 1; lastKnownFileType = sourcecode.swift; name = WidgetSharedConfig.swift; path = TokenMeter/Widget/WidgetSharedConfig.swift; sourceTree = "<group>"; };
		6A30D12E1B321C43A5931910 /* WidgetSharedConfig.swift */ = {isa = PBXFileReference; includeInIndex = 1; lastKnownFileType = sourcecode.swift; name = WidgetSharedConfig.swift; path = TokenMeter/Widget/WidgetSharedConfig.swift; sourceTree = "<group>"; };
		6A8739B2436F48E85A67F255 /* TokenMeterWidget.swift */ = {isa = PBXFileReference; includeInIndex = 1; lastKnownFileType = sourcecode.swift; name = TokenMeterWidget.swift; path = TokenMeterWidget/TokenMeterWidget.swift; sourceTree = "<group>"; };
		75BCBD48A6AA4AFD81F3BC4C /* DiagnosticsRedactor.swift */ = {isa = PBXFileReference; includeInIndex = 1; lastKnownFileType = sourcecode.swift; name = DiagnosticsRedactor.swift; path = TokenMeter/Diagnostics/DiagnosticsRedactor.swift; sourceTree = "<group>"; };
		76C0306B4F02D344853628CA /* TokenMeterUITests.xctest */ = {isa = PBXFileReference; explicitFileType = wrapper.cfbundle; includeInIndex = 0; path = TokenMeterUITests.xctest; sourceTree = BUILT_PRODUCTS_DIR; };
		8A708E1BE085840F543FD2B6 /* Localizable.strings */ = {isa = PBXFileReference; includeInIndex = 1; lastKnownFileType = text.plist.strings; name = Localizable.strings; path = TokenMeter/es.lproj/Localizable.strings; sourceTree = "<group>"; };
		8DE291F527F4E3A357223345 /* WidgetSnapshotRefresher.swift */ = {isa = PBXFileReference; includeInIndex = 1; lastKnownFileType = sourcecode.swift; name = WidgetSnapshotRefresher.swift; path = TokenMeter/Widget/WidgetSnapshotRefresher.swift; sourceTree = "<group>"; };
		96612A90E093EE43E548AB4E /* ClaudeTrack1MethodBAdapter.swift */ = {isa = PBXFileReference; includeInIndex = 1; lastKnownFileType = sourcecode.swift; name = ClaudeTrack1MethodBAdapter.swift; path = TokenMeter/Providers/ClaudeTrack1MethodBAdapter.swift; sourceTree = "<group>"; };
		A365DF4780627F3BBFD3E484 /* WidgetSnapshotBuilder.swift */ = {isa = PBXFileReference; includeInIndex = 1; lastKnownFileType = sourcecode.swift; name = WidgetSnapshotBuilder.swift; path = TokenMeter/Widget/WidgetSnapshotBuilder.swift; sourceTree = "<group>"; };
		A5A58B047E007D55072F7879 /* CodexTrack2PrimaryParser.swift */ = {isa = PBXFileReference; includeInIndex = 1; lastKnownFileType = sourcecode.swift; name = CodexTrack2PrimaryParser.swift; path = TokenMeter/Providers/CodexTrack2PrimaryParser.swift; sourceTree = "<group>"; };
		A968963517E203B41D6FD08C /* TokenMeter.app */ = {isa = PBXFileReference; explicitFileType = wrapper.application; includeInIndex = 0; path = TokenMeter.app; sourceTree = BUILT_PRODUCTS_DIR; };
		B02521D8940BF3CF2F64A2A7 /* Localizable.strings */ = {isa = PBXFileReference; includeInIndex = 1; lastKnownFileType = text.plist.strings; name = Localizable.strings; path = TokenMeter/ja.lproj/Localizable.strings; sourceTree = "<group>"; };
		B7EF9E9C0E9FB5B73304D6C5 /* track1_claude_methodb_drift.json */ = {isa = PBXFileReference; includeInIndex = 1; name = track1_claude_methodb_drift.json; path = TokenMeterTests/Fixtures/track1_claude_methodb_drift.json; sourceTree = "<group>"; };
		C5F74756FB477EEB467991A4 /* CodexTrack1MethodBAdapter.swift */ = {isa = PBXFileReference; includeInIndex = 1; lastKnownFileType = sourcecode.swift; name = CodexTrack1MethodBAdapter.swift; path = TokenMeter/Providers/CodexTrack1MethodBAdapter.swift; sourceTree = "<group>"; };
		C85396B08EE88EDEDCCF52CB /* AppSettings.swift */ = {isa = PBXFileReference; includeInIndex = 1; lastKnownFileType = sourcecode.swift; name = AppSettings.swift; path = TokenMeter/Settings/AppSettings.swift; sourceTree = "<group>"; };
		CEF5818691D9C6D575ACFF20 /* DiagnosticsStore.swift */ = {isa = PBXFileReference; includeInIndex = 1; lastKnownFileType = sourcecode.swift; name = DiagnosticsStore.swift; path = TokenMeter/Diagnostics/DiagnosticsStore.swift; sourceTree = "<group>"; };
		D3EB8A076C97086FD784C8C4 /* AppRuntime.swift */ = {isa = PBXFileReference; includeInIndex = 1; lastKnownFileType = sourcecode.swift; name = AppRuntime.swift; path = TokenMeter/Orchestration/AppRuntime.swift; sourceTree = "<group>"; };
		DB39EEA52716A96215C33FB3 /* WidgetSnapshotTests.swift */ = {isa = PBXFileReference; includeInIndex = 1; lastKnownFileType = sourcecode.swift; name = WidgetSnapshotTests.swift; path = TokenMeterTests/WidgetSnapshotTests.swift; sourceTree = "<group>"; };
		DF148E244381275DD0195263 /* DiagnosticsLogger.swift */ = {isa = PBXFileReference; includeInIndex = 1; lastKnownFileType = sourcecode.swift; name = DiagnosticsLogger.swift; path = TokenMeter/Diagnostics/DiagnosticsLogger.swift; sourceTree = "<group>"; };
		E44643B829CCF44E0735D29B /* TokenMeterWidgetExtension.appex */ = {isa = PBXFileReference; explicitFileType = "wrapper.app-extension"; includeInIndex = 0; path = TokenMeterWidgetExtension.appex; sourceTree = BUILT_PRODUCTS_DIR; };
		EB63B53FFFF422473DC209C7 /* ClaudeTrack2SecondaryParser.swift */ = {isa = PBXFileReference; includeInIndex = 1; lastKnownFileType = sourcecode.swift; name = ClaudeTrack2SecondaryParser.swift; path = TokenMeter/Providers/ClaudeTrack2SecondaryParser.swift; sourceTree = "<group>"; };
		F28B08423EBA741B752DCD65 /* SettingsStore.swift */ = {isa = PBXFileReference; includeInIndex = 1; lastKnownFileType = sourcecode.swift; name = SettingsStore.swift; path = TokenMeter/Settings/SettingsStore.swift; sourceTree = "<group>"; };
/* End PBXFileReference section */

/* Begin PBXFrameworksBuildPhase section */
		050C77C34A319939BA2A0763 /* Frameworks */ = {
			isa = PBXFrameworksBuildPhase;
			buildActionMask = 2147483647;
			files = (
				C64623A669EDD918258DD8DA /* Cocoa.framework in Frameworks */,
			);
			runOnlyForDeploymentPostprocessing = 0;
		};
		A6B16DD688E524205FB976B1 /* Frameworks */ = {
			isa = PBXFrameworksBuildPhase;
			buildActionMask = 2147483647;
			files = (
				631716A2947B4CC555755984 /* Cocoa.framework in Frameworks */,
			);
			runOnlyForDeploymentPostprocessing = 0;
		};
		C3526A1AC1018E91DF75351F /* Frameworks */ = {
			isa = PBXFrameworksBuildPhase;
			buildActionMask = 2147483647;
			files = (
				2A536E609A2E3806DD22C689 /* Cocoa.framework in Frameworks */,
			);
			runOnlyForDeploymentPostprocessing = 0;
		};
		ED723CE52D04A13E90226992 /* Frameworks */ = {
			isa = PBXFrameworksBuildPhase;
			buildActionMask = 2147483647;
			files = (
				05C091648A8A0437625AD5D6 /* Cocoa.framework in Frameworks */,
			);
			runOnlyForDeploymentPostprocessing = 0;
		};
/* End PBXFrameworksBuildPhase section */

/* Begin PBXGroup section */
		19021B35F3C4E7071B198CB6 /* TokenMeterWidget */ = {
			isa = PBXGroup;
			children = (
				6A8739B2436F48E85A67F255 /* TokenMeterWidget.swift */,
				6A30D12E1B321C43A5931910 /* WidgetSharedConfig.swift */,
				1EDF5D8D0F4F0D097830ED47 /* WidgetSnapshotDTO.swift */,
				246BB1E10AB780C2E7C4185E /* WidgetSnapshotStore.swift */,
			);
			name = TokenMeterWidget;
			sourceTree = "<group>";
		};
		23B26F5A5E91ED11B48B3EBC /* TokenMeter */ = {
			isa = PBXGroup;
			children = (
				2267B1AF58656A24ECF872B1 /* ContentView.swift */,
				DF148E244381275DD0195263 /* DiagnosticsLogger.swift */,
				75BCBD48A6AA4AFD81F3BC4C /* DiagnosticsRedactor.swift */,
				CEF5818691D9C6D575ACFF20 /* DiagnosticsStore.swift */,
				5E8D00AA315DA4DB184FBA64 /* DiagnosticsValue.swift */,
				2E5D406457BE4D0F9E468A8D /* Track2ModelClassifier.swift */,
				598EDFD6FEB5CFB49CAEC565 /* TrackModels.swift */,
				D3EB8A076C97086FD784C8C4 /* AppRuntime.swift */,
				1190359281B3708206DE9D82 /* CollectionOrchestrator.swift */,
				6464C6455712C35CD401894B /* OrchestratorClock.swift */,
				205FC8B5EE89F1F438EB4CE8 /* ClaudeTrack1Adapter.swift */,
				96612A90E093EE43E548AB4E /* ClaudeTrack1MethodBAdapter.swift */,
				06128D5960C9440473886CC1 /* ClaudeTrack1MethodCAdapter.swift */,
				EB63B53FFFF422473DC209C7 /* ClaudeTrack2SecondaryParser.swift */,
				C5F74756FB477EEB467991A4 /* CodexTrack1MethodBAdapter.swift */,
				A5A58B047E007D55072F7879 /* CodexTrack2PrimaryParser.swift */,
				C85396B08EE88EDEDCCF52CB /* AppSettings.swift */,
				F28B08423EBA741B752DCD65 /* SettingsStore.swift */,
				255735533207E2A8AD09CE3C /* SettingsView.swift */,
				4CB1602AF874EE0C0E3AC764 /* Track1Store.swift */,
				4035397F57D126B4954A0C27 /* Track2Store.swift */,
				4CA822311F0F3C3FB318EA22 /* TokenMeterApp.swift */,
				35ABCF95A528E17BCB38C050 /* CLIToolDiscovery.swift */,
				680F2FEC2A62F330920366D9 /* WidgetSharedConfig.swift */,
				A365DF4780627F3BBFD3E484 /* WidgetSnapshotBuilder.swift */,
				2972052FCB67352E611CB104 /* WidgetSnapshotDTO.swift */,
				8DE291F527F4E3A357223345 /* WidgetSnapshotRefresher.swift */,
				3C343741D2B17BFB9718F57F /* WidgetSnapshotStore.swift */,
				593729D4CCA3C1DC1F4DF514 /* Localizable.strings */,
				8A708E1BE085840F543FD2B6 /* Localizable.strings */,
				B02521D8940BF3CF2F64A2A7 /* Localizable.strings */,
				07DB3C0A140A59384B1905CE /* Localizable.strings */,
				16117B196F31007E19B4FFCD /* Localizable.strings */,
				15C0CEA24CF06210A4FD6DE9 /* Localizable.strings */,
				2A6D6CF8F3A1C0E8C5231C7A /* Assets.xcassets */,
			);
			name = TokenMeter;
			sourceTree = "<group>";
		};
		43CE3CB6109B117D2FC6E4F4 = {
			isa = PBXGroup;
			children = (
				56C7883C1B7F304E535C0F16 /* Products */,
				9A1C731755A363BCBD5FA5E3 /* Frameworks */,
				23B26F5A5E91ED11B48B3EBC /* TokenMeter */,
				19021B35F3C4E7071B198CB6 /* TokenMeterWidget */,
				947FC20CF48D0B832F123701 /* TokenMeterTests */,
				5153A6F9C0491E70F2A3CB77 /* TokenMeterUITests */,
			);
			sourceTree = "<group>";
		};
		5153A6F9C0491E70F2A3CB77 /* TokenMeterUITests */ = {
			isa = PBXGroup;
			children = (
				28DCE6238F1D09865048CF48 /* TokenMeterUITests.swift */,
			);
			name = TokenMeterUITests;
			sourceTree = "<group>";
		};
		56C7883C1B7F304E535C0F16 /* Products */ = {
			isa = PBXGroup;
			children = (
				A968963517E203B41D6FD08C /* TokenMeter.app */,
				E44643B829CCF44E0735D29B /* TokenMeterWidgetExtension.appex */,
				511E8BA0EDBD5F604E0AB2D8 /* TokenMeterTests.xctest */,
				76C0306B4F02D344853628CA /* TokenMeterUITests.xctest */,
			);
			name = Products;
			sourceTree = "<group>";
		};
		947FC20CF48D0B832F123701 /* TokenMeterTests */ = {
			isa = PBXGroup;
			children = (
				58636B702C7AA11A2119DC64 /* CollectionOrchestratorTests.swift */,
				35BF2AE8FA4C33C1FBDFFB63 /* TokenMeterTests.swift */,
				DB39EEA52716A96215C33FB3 /* WidgetSnapshotTests.swift */,
				B7EF9E9C0E9FB5B73304D6C5 /* track1_claude_methodb_drift.json */,
				1400222419700EF132DE2AD8 /* track1_claude_methodc_drift.json */,
				65B4BBAE91F92B93A9F622F8 /* track1_codex_methodb_drift.json */,
				41381DC1CFD5BA19DC7BB013 /* track2_claude_secondary_drift.jsonl */,
				1EFF8D1113C1B628B98AB894 /* track2_codex_primary_drift.jsonl */,
				4E87243D94C65F982CC4D8E9 /* track2_codex_primary_normal.jsonl */,
			);
			name = TokenMeterTests;
			sourceTree = "<group>";
		};
		9A1C731755A363BCBD5FA5E3 /* Frameworks */ = {
			isa = PBXGroup;
			children = (
				CC5A9FC7955EAD02A48808F5 /* OS X */,
			);
			name = Frameworks;
			sourceTree = "<group>";
		};
		CC5A9FC7955EAD02A48808F5 /* OS X */ = {
			isa = PBXGroup;
			children = (
				017DF2746A0B4F7035C849C5 /* Cocoa.framework */,
			);
			name = "OS X";
			sourceTree = "<group>";
		};
/* End PBXGroup section */

/* Begin PBXNativeTarget section */
		00197A4B103F12B0137D16B5 /* TokenMeterWidgetExtension */ = {
			isa = PBXNativeTarget;
			buildConfigurationList = 97FCD15DD4AAD68928190C59 /* Build configuration list for PBXNativeTarget "TokenMeterWidgetExtension" */;
			buildPhases = (
				43FD99BDEA6F2A5129C3A822 /* Sources */,
				ED723CE52D04A13E90226992 /* Frameworks */,
				ACB6B009030C149E3CF88705 /* Resources */,
			);
			buildRules = (
			);
			dependencies = (
			);
			name = TokenMeterWidgetExtension;
			productName = TokenMeterWidgetExtension;
			productReference = E44643B829CCF44E0735D29B /* TokenMeterWidgetExtension.appex */;
			productType = "com.apple.product-type.app-extension";
		};
		A24A11F87C5633907A787189 /* TokenMeterTests */ = {
			isa = PBXNativeTarget;
			buildConfigurationList = AD49435BA1D829F7ED4CD0C0 /* Build configuration list for PBXNativeTarget "TokenMeterTests" */;
			buildPhases = (
				BE9ADD2A957CB43D4F5E9AFC /* Sources */,
				050C77C34A319939BA2A0763 /* Frameworks */,
				814099A78C379B8C0A475916 /* Resources */,
			);
			buildRules = (
			);
			dependencies = (
				E44B678B705820BFDE4A58E9 /* PBXTargetDependency */,
			);
			name = TokenMeterTests;
			productName = TokenMeterTests;
			productReference = 511E8BA0EDBD5F604E0AB2D8 /* TokenMeterTests.xctest */;
			productType = "com.apple.product-type.bundle.unit-test";
		};
		CAFF7B0839BA0DEE3B3195BB /* TokenMeterUITests */ = {
			isa = PBXNativeTarget;
			buildConfigurationList = 8CAEE0A69A7B23A6143CF7F1 /* Build configuration list for PBXNativeTarget "TokenMeterUITests" */;
			buildPhases = (
				37076ED407056527A1DFED67 /* Sources */,
				C3526A1AC1018E91DF75351F /* Frameworks */,
				4DD6223F1CD9C3F82A869E40 /* Resources */,
			);
			buildRules = (
			);
			dependencies = (
				F9ED91D61391F9E2F228C443 /* PBXTargetDependency */,
			);
			name = TokenMeterUITests;
			productName = TokenMeterUITests;
			productReference = 76C0306B4F02D344853628CA /* TokenMeterUITests.xctest */;
			productType = "com.apple.product-type.bundle.ui-testing";
		};
		F1B2DD822A6F563255EF0733 /* TokenMeter */ = {
			isa = PBXNativeTarget;
			buildConfigurationList = 3290968682A8C6668C9B5F80 /* Build configuration list for PBXNativeTarget "TokenMeter" */;
			buildPhases = (
				08F8EAC820C7F57E5157AFE8 /* Sources */,
				A6B16DD688E524205FB976B1 /* Frameworks */,
				49535381229912061C512A11 /* Resources */,
				D0CE8DC8C60B311400F875BA /* Embed App Extensions */,
			);
			buildRules = (
			);
			dependencies = (
				E3CE20AEE615094F6BFC9CAB /* PBXTargetDependency */,
			);
			name = TokenMeter;
			productName = TokenMeter;
			productReference = A968963517E203B41D6FD08C /* TokenMeter.app */;
			productType = "com.apple.product-type.application";
		};
/* End PBXNativeTarget section */

/* Begin PBXProject section */
		89EC3F6F322E67901EA7AE8B /* Project object */ = {
			isa = PBXProject;
			attributes = {
				LastSwiftUpdateCheck = 1600;
				LastUpgradeCheck = 1700;
			};
			buildConfigurationList = 079AE14B178325FF5072A537 /* Build configuration list for PBXProject "TokenMeter" */;
			compatibilityVersion = "Xcode 3.2";
			developmentRegion = en;
			hasScannedForEncodings = 0;
			knownRegions = (
				en,
				Base,
			);
			mainGroup = 43CE3CB6109B117D2FC6E4F4;
			minimizedProjectReferenceProxies = 0;
			preferredProjectObjectVersion = 77;
			productRefGroup = 56C7883C1B7F304E535C0F16 /* Products */;
			projectDirPath = "";
			projectRoot = "";
			targets = (
				F1B2DD822A6F563255EF0733 /* TokenMeter */,
				00197A4B103F12B0137D16B5 /* TokenMeterWidgetExtension */,
				A24A11F87C5633907A787189 /* TokenMeterTests */,
				CAFF7B0839BA0DEE3B3195BB /* TokenMeterUITests */,
			);
		};
/* End PBXProject section */

/* Begin PBXResourcesBuildPhase section */
		49535381229912061C512A11 /* Resources */ = {
			isa = PBXResourcesBuildPhase;
			buildActionMask = 2147483647;
			files = (
				EBAC07E16A6EE2ED2F1537F7 /* Localizable.strings in Resources */,
				758A650741F3ADA8690C9CB5 /* Localizable.strings in Resources */,
				D24B6FCBB684FBBCE9956E0F /* Localizable.strings in Resources */,
				179D91AE171E638B2F82311A /* Localizable.strings in Resources */,
				92A94F4BC054B37DD186B5F2 /* Localizable.strings in Resources */,
				DE1BA2423FC4E46FC98CDC66 /* Localizable.strings in Resources */,
				75BAA5A2E6B3738446597D5F /* Assets.xcassets in Resources */,
			);
			runOnlyForDeploymentPostprocessing = 0;
		};
		4DD6223F1CD9C3F82A869E40 /* Resources */ = {
			isa = PBXResourcesBuildPhase;
			buildActionMask = 2147483647;
			files = (
			);
			runOnlyForDeploymentPostprocessing = 0;
		};
		814099A78C379B8C0A475916 /* Resources */ = {
			isa = PBXResourcesBuildPhase;
			buildActionMask = 2147483647;
			files = (
				CD513890A495B5806C57B2C7 /* track1_claude_methodb_drift.json in Resources */,
				10FC8705A3C1624C1FB38A18 /* track1_claude_methodc_drift.json in Resources */,
				DD48D5D15ED58D2286EA76FC /* track1_codex_methodb_drift.json in Resources */,
				95BF1FA5C0E63631FAFA5CD1 /* track2_claude_secondary_drift.jsonl in Resources */,
				1135EEE0F03A1AC705BDA834 /* track2_codex_primary_drift.jsonl in Resources */,
				59562C21C405308B35EC71FC /* track2_codex_primary_normal.jsonl in Resources */,
			);
			runOnlyForDeploymentPostprocessing = 0;
		};
		ACB6B009030C149E3CF88705 /* Resources */ = {
			isa = PBXResourcesBuildPhase;
			buildActionMask = 2147483647;
			files = (
			);
			runOnlyForDeploymentPostprocessing = 0;
		};
/* End PBXResourcesBuildPhase section */

/* Begin PBXSourcesBuildPhase section */
		08F8EAC820C7F57E5157AFE8 /* Sources */ = {
			isa = PBXSourcesBuildPhase;
			buildActionMask = 2147483647;
			files = (
				C09E2D086B7CFFED92D490A1 /* ContentView.swift in Sources */,
				8240819909F68990C78CBCFA /* DiagnosticsLogger.swift in Sources */,
				62FC77D4AC64B37C3920991C /* DiagnosticsRedactor.swift in Sources */,
				70BE9EDE983F08E1A9722EE0 /* DiagnosticsStore.swift in Sources */,
				6340943BD93F52C78AC38703 /* DiagnosticsValue.swift in Sources */,
				E9299CAA11CA5DCE47732A7D /* Track2ModelClassifier.swift in Sources */,
				B8FD5C84034CB0648D214ADF /* TrackModels.swift in Sources */,
				18E726EF8D024300391D23A7 /* AppRuntime.swift in Sources */,
				5BBA72E0AEFCE7A3262CBE61 /* CollectionOrchestrator.swift in Sources */,
				F2EA1295E3C800A75D2EA523 /* OrchestratorClock.swift in Sources */,
				DA62385D5F08B5A290E18980 /* ClaudeTrack1Adapter.swift in Sources */,
				582E41A6BE03496D3031CAE0 /* ClaudeTrack1MethodBAdapter.swift in Sources */,
				6542AC3252CA33F417C4DB99 /* ClaudeTrack1MethodCAdapter.swift in Sources */,
				DE3D82B5CA25ABCB224704CF /* ClaudeTrack2SecondaryParser.swift in Sources */,
				A444E680CCB04589D20C5CBF /* CodexTrack1MethodBAdapter.swift in Sources */,
				EC898550E1607A48DE7B09B9 /* CodexTrack2PrimaryParser.swift in Sources */,
				CD705BDAD682C646AA3F1372 /* AppSettings.swift in Sources */,
				D2DA18FEBF010F4EC8A92C22 /* SettingsStore.swift in Sources */,
				2A0312B4DB2E7A2FB231FE41 /* SettingsView.swift in Sources */,
				A2B09436502DDF9F1DD8C4F9 /* Track1Store.swift in Sources */,
				36743BE1057540000F7E81A2 /* Track2Store.swift in Sources */,
				8953DA4DE062014F960E5ADF /* TokenMeterApp.swift in Sources */,
				E551459D8D764DA84899C5FA /* CLIToolDiscovery.swift in Sources */,
				96A61AD722430420648010D9 /* WidgetSharedConfig.swift in Sources */,
				F1C05A4E6F0EB0F87C91CEBE /* WidgetSnapshotBuilder.swift in Sources */,
				0DF76E7ADDF42E5065A23D85 /* WidgetSnapshotDTO.swift in Sources */,
				0F3422350A0D73EBDC6CE8E3 /* WidgetSnapshotRefresher.swift in Sources */,
				05DD0E1493E32A1B2F509527 /* WidgetSnapshotStore.swift in Sources */,
			);
			runOnlyForDeploymentPostprocessing = 0;
		};
		37076ED407056527A1DFED67 /* Sources */ = {
			isa = PBXSourcesBuildPhase;
			buildActionMask = 2147483647;
			files = (
				D35DAA089AED69E3456270C8 /* TokenMeterUITests.swift in Sources */,
			);
			runOnlyForDeploymentPostprocessing = 0;
		};
		43FD99BDEA6F2A5129C3A822 /* Sources */ = {
			isa = PBXSourcesBuildPhase;
			buildActionMask = 2147483647;
			files = (
				722C0962FC15A74ED1E7D00C /* TokenMeterWidget.swift in Sources */,
				60E1059B27E2BF2E50BDB04A /* WidgetSharedConfig.swift in Sources */,
				AADFE6A6913B7AD6D5A0D0A3 /* WidgetSnapshotDTO.swift in Sources */,
				11A3888171C9554867C2BA26 /* WidgetSnapshotStore.swift in Sources */,
			);
			runOnlyForDeploymentPostprocessing = 0;
		};
		BE9ADD2A957CB43D4F5E9AFC /* Sources */ = {
			isa = PBXSourcesBuildPhase;
			buildActionMask = 2147483647;
			files = (
				9425211EF885D2840698EC67 /* CollectionOrchestratorTests.swift in Sources */,
				F8B4EC0980D79F90258176D5 /* TokenMeterTests.swift in Sources */,
				04E9489395DAC4B9CC2CFADF /* WidgetSnapshotTests.swift in Sources */,
			);
			runOnlyForDeploymentPostprocessing = 0;
		};
/* End PBXSourcesBuildPhase section */

/* Begin PBXTargetDependency section */
		E3CE20AEE615094F6BFC9CAB /* PBXTargetDependency */ = {
			isa = PBXTargetDependency;
			name = TokenMeterWidgetExtension;
			target = 00197A4B103F12B0137D16B5 /* TokenMeterWidgetExtension */;
			targetProxy = 814859D7F7A68FA65B7DD1AD /* PBXContainerItemProxy */;
		};
		E44B678B705820BFDE4A58E9 /* PBXTargetDependency */ = {
			isa = PBXTargetDependency;
			name = TokenMeter;
			target = F1B2DD822A6F563255EF0733 /* TokenMeter */;
			targetProxy = C59CA750A570C4FF3961DA3F /* PBXContainerItemProxy */;
		};
		F9ED91D61391F9E2F228C443 /* PBXTargetDependency */ = {
			isa = PBXTargetDependency;
			name = TokenMeter;
			target = F1B2DD822A6F563255EF0733 /* TokenMeter */;
			targetProxy = BF7A19A1C2C87D2C669CB499 /* PBXContainerItemProxy */;
		};
/* End PBXTargetDependency section */

/* Begin XCBuildConfiguration section */
		1BFA0FD2412FABBB4378C3B4 /* Release */ = {
			isa = XCBuildConfiguration;
			buildSettings = {
				APPLICATION_EXTENSION_API_ONLY = YES;
				CODE_SIGNING_ALLOWED = YES;
				CODE_SIGN_ENTITLEMENTS = TokenMeterWidget/TokenMeterWidget.entitlements;
				CODE_SIGN_STYLE = Automatic;
				INFOPLIST_FILE = TokenMeterWidget/Info.plist;
				MACOSX_DEPLOYMENT_TARGET = 13.0;
				PRODUCT_BUNDLE_IDENTIFIER = com.tokenmeter.app.widget;
				SDKROOT = macosx;
				SKIP_INSTALL = YES;
				SWIFT_VERSION = 6.0;
			};
			name = Release;
		};
		31F99F75206B52921504D25B /* Release */ = {
			isa = XCBuildConfiguration;
			buildSettings = {
				BUNDLE_LOADER = "$(TEST_HOST)";
				CODE_SIGN_STYLE = Automatic;
				GENERATE_INFOPLIST_FILE = YES;
				MACOSX_DEPLOYMENT_TARGET = 13.0;
				PRODUCT_BUNDLE_IDENTIFIER = com.tokenmeter.app.tests;
				SDKROOT = macosx;
				SWIFT_VERSION = 6.0;
				TEST_HOST = "$(BUILT_PRODUCTS_DIR)/TokenMeter.app/Contents/MacOS/TokenMeter";
			};
			name = Release;
		};
		412F29CEC143A71290A51D41 /* Debug */ = {
			isa = XCBuildConfiguration;
			buildSettings = {
				BUNDLE_LOADER = "$(TEST_HOST)";
				CODE_SIGN_STYLE = Automatic;
				GENERATE_INFOPLIST_FILE = YES;
				MACOSX_DEPLOYMENT_TARGET = 13.0;
				PRODUCT_BUNDLE_IDENTIFIER = com.tokenmeter.app.tests;
				SDKROOT = macosx;
				SWIFT_VERSION = 6.0;
				TEST_HOST = "$(BUILT_PRODUCTS_DIR)/TokenMeter.app/Contents/MacOS/TokenMeter";
			};
			name = Debug;
		};
		42AA6EBCCE17D62C3A1A0D3C /* Release */ = {
			isa = XCBuildConfiguration;
			buildSettings = {
				CODE_SIGN_STYLE = Automatic;
				GENERATE_INFOPLIST_FILE = YES;
				MACOSX_DEPLOYMENT_TARGET = 13.0;
				PRODUCT_BUNDLE_IDENTIFIER = com.tokenmeter.app.uitests;
				SDKROOT = macosx;
				SWIFT_VERSION = 6.0;
			};
			name = Release;
		};
		46821825AF80D6552EAA9BBD /* Debug */ = {
			isa = XCBuildConfiguration;
			buildSettings = {
				CODE_SIGN_STYLE = Automatic;
				GENERATE_INFOPLIST_FILE = YES;
				MACOSX_DEPLOYMENT_TARGET = 13.0;
				PRODUCT_BUNDLE_IDENTIFIER = com.tokenmeter.app.uitests;
				SDKROOT = macosx;
				SWIFT_VERSION = 6.0;
			};
			name = Debug;
		};
		53C405A9D9C9EE601741F7F0 /* Release */ = {
			isa = XCBuildConfiguration;
			buildSettings = {
				ALWAYS_SEARCH_USER_PATHS = NO;
				CLANG_ANALYZER_NONNULL = YES;
				CLANG_ANALYZER_NUMBER_OBJECT_CONVERSION = YES_AGGRESSIVE;
				CLANG_CXX_LANGUAGE_STANDARD = "gnu++14";
				CLANG_CXX_LIBRARY = "libc++";
				CLANG_ENABLE_MODULES = YES;
				CLANG_ENABLE_OBJC_ARC = YES;
				CLANG_ENABLE_OBJC_WEAK = YES;
				CLANG_WARN_BLOCK_CAPTURE_AUTORELEASING = YES;
				CLANG_WARN_BOOL_CONVERSION = YES;
				CLANG_WARN_COMMA = YES;
				CLANG_WARN_CONSTANT_CONVERSION = YES;
				CLANG_WARN_DEPRECATED_OBJC_IMPLEMENTATIONS = YES;
				CLANG_WARN_DIRECT_OBJC_ISA_USAGE = YES_ERROR;
				CLANG_WARN_DOCUMENTATION_COMMENTS = YES;
				CLANG_WARN_EMPTY_BODY = YES;
				CLANG_WARN_ENUM_CONVERSION = YES;
				CLANG_WARN_INFINITE_RECURSION = YES;
				CLANG_WARN_INT_CONVERSION = YES;
				CLANG_WARN_NON_LITERAL_NULL_CONVERSION = YES;
				CLANG_WARN_OBJC_IMPLICIT_RETAIN_SELF = YES;
				CLANG_WARN_OBJC_LITERAL_CONVERSION = YES;
				CLANG_WARN_OBJC_ROOT_CLASS = YES_ERROR;
				CLANG_WARN_QUOTED_INCLUDE_IN_FRAMEWORK_HEADER = YES;
				CLANG_WARN_RANGE_LOOP_ANALYSIS = YES;
				CLANG_WARN_STRICT_PROTOTYPES = YES;
				CLANG_WARN_SUSPICIOUS_MOVE = YES;
				CLANG_WARN_UNGUARDED_AVAILABILITY = YES_AGGRESSIVE;
				CLANG_WARN_UNREACHABLE_CODE = YES;
				CLANG_WARN__DUPLICATE_METHOD_MATCH = YES;
				COPY_PHASE_STRIP = NO;
				DEBUG_INFORMATION_FORMAT = "dwarf-with-dsym";
				ENABLE_NS_ASSERTIONS = NO;
				ENABLE_STRICT_OBJC_MSGSEND = YES;
				GCC_C_LANGUAGE_STANDARD = gnu11;
				GCC_NO_COMMON_BLOCKS = YES;
				GCC_WARN_64_TO_32_BIT_CONVERSION = YES;
				GCC_WARN_ABOUT_RETURN_TYPE = YES_ERROR;
				GCC_WARN_UNDECLARED_SELECTOR = YES;
				GCC_WARN_UNINITIALIZED_AUTOS = YES_AGGRESSIVE;
				GCC_WARN_UNUSED_FUNCTION = YES;
				GCC_WARN_UNUSED_VARIABLE = YES;
				MTL_ENABLE_DEBUG_INFO = NO;
				MTL_FAST_MATH = YES;
				PRODUCT_NAME = "$(TARGET_NAME)";
				SWIFT_COMPILATION_MODE = wholemodule;
				SWIFT_OPTIMIZATION_LEVEL = "-O";
				SWIFT_VERSION = 5.0;
			};
			name = Release;
		};
		53E387CEEFD43C668C108AB7 /* Debug */ = {
			isa = XCBuildConfiguration;
			buildSettings = {
				APPLICATION_EXTENSION_API_ONLY = YES;
				CODE_SIGNING_ALLOWED = YES;
				CODE_SIGN_ENTITLEMENTS = TokenMeterWidget/TokenMeterWidget.entitlements;
				CODE_SIGN_STYLE = Automatic;
				INFOPLIST_FILE = TokenMeterWidget/Info.plist;
				MACOSX_DEPLOYMENT_TARGET = 13.0;
				PRODUCT_BUNDLE_IDENTIFIER = com.tokenmeter.app.widget;
				SDKROOT = macosx;
				SKIP_INSTALL = YES;
				SWIFT_VERSION = 6.0;
			};
			name = Debug;
		};
		81D1327757251206C4F2D3EC /* Release */ = {
			isa = XCBuildConfiguration;
			buildSettings = {
				ASSETCATALOG_COMPILER_APPICON_NAME = AppIcon;
				ASSETCATALOG_COMPILER_GLOBAL_ACCENT_COLOR_NAME = AccentColor;
				CODE_SIGNING_ALLOWED = YES;
				CODE_SIGN_ENTITLEMENTS = TokenMeter/TokenMeter.entitlements;
				CODE_SIGN_STYLE = Automatic;
				COMBINE_HIDPI_IMAGES = YES;
				INFOPLIST_FILE = TokenMeter/Info.plist;
				LD_RUNPATH_SEARCH_PATHS = "$(inherited) @executable_path/../Frameworks";
				MACOSX_DEPLOYMENT_TARGET = 13.0;
				PRODUCT_BUNDLE_IDENTIFIER = com.tokenmeter.app;
				SDKROOT = macosx;
				SWIFT_VERSION = 6.0;
			};
			name = Release;
		};
		C559BBA90ADA9B4346FCD2B7 /* Debug */ = {
			isa = XCBuildConfiguration;
			buildSettings = {
				ASSETCATALOG_COMPILER_APPICON_NAME = AppIcon;
				ASSETCATALOG_COMPILER_GLOBAL_ACCENT_COLOR_NAME = AccentColor;
				CODE_SIGNING_ALLOWED = YES;
				CODE_SIGN_ENTITLEMENTS = TokenMeter/TokenMeter.entitlements;
				CODE_SIGN_STYLE = Automatic;
				COMBINE_HIDPI_IMAGES = YES;
				INFOPLIST_FILE = TokenMeter/Info.plist;
				LD_RUNPATH_SEARCH_PATHS = "$(inherited) @executable_path/../Frameworks";
				MACOSX_DEPLOYMENT_TARGET = 13.0;
				PRODUCT_BUNDLE_IDENTIFIER = com.tokenmeter.app;
				SDKROOT = macosx;
				SWIFT_VERSION = 6.0;
			};
			name = Debug;
		};
		C812491F86D70498DC299ECF /* Debug */ = {
			isa = XCBuildConfiguration;
			buildSettings = {
				ALWAYS_SEARCH_USER_PATHS = NO;
				CLANG_ANALYZER_NONNULL = YES;
				CLANG_ANALYZER_NUMBER_OBJECT_CONVERSION = YES_AGGRESSIVE;
				CLANG_CXX_LANGUAGE_STANDARD = "gnu++14";
				CLANG_CXX_LIBRARY = "libc++";
				CLANG_ENABLE_MODULES = YES;
				CLANG_ENABLE_OBJC_ARC = YES;
				CLANG_ENABLE_OBJC_WEAK = YES;
				CLANG_WARN_BLOCK_CAPTURE_AUTORELEASING = YES;
				CLANG_WARN_BOOL_CONVERSION = YES;
				CLANG_WARN_COMMA = YES;
				CLANG_WARN_CONSTANT_CONVERSION = YES;
				CLANG_WARN_DEPRECATED_OBJC_IMPLEMENTATIONS = YES;
				CLANG_WARN_DIRECT_OBJC_ISA_USAGE = YES_ERROR;
				CLANG_WARN_DOCUMENTATION_COMMENTS = YES;
				CLANG_WARN_EMPTY_BODY = YES;
				CLANG_WARN_ENUM_CONVERSION = YES;
				CLANG_WARN_INFINITE_RECURSION = YES;
				CLANG_WARN_INT_CONVERSION = YES;
				CLANG_WARN_NON_LITERAL_NULL_CONVERSION = YES;
				CLANG_WARN_OBJC_IMPLICIT_RETAIN_SELF = YES;
				CLANG_WARN_OBJC_LITERAL_CONVERSION = YES;
				CLANG_WARN_OBJC_ROOT_CLASS = YES_ERROR;
				CLANG_WARN_QUOTED_INCLUDE_IN_FRAMEWORK_HEADER = YES;
				CLANG_WARN_RANGE_LOOP_ANALYSIS = YES;
				CLANG_WARN_STRICT_PROTOTYPES = YES;
				CLANG_WARN_SUSPICIOUS_MOVE = YES;
				CLANG_WARN_UNGUARDED_AVAILABILITY = YES_AGGRESSIVE;
				CLANG_WARN_UNREACHABLE_CODE = YES;
				CLANG_WARN__DUPLICATE_METHOD_MATCH = YES;
				COPY_PHASE_STRIP = NO;
				DEBUG_INFORMATION_FORMAT = dwarf;
				ENABLE_STRICT_OBJC_MSGSEND = YES;
				ENABLE_TESTABILITY = YES;
				GCC_C_LANGUAGE_STANDARD = gnu11;
				GCC_DYNAMIC_NO_PIC = NO;
				GCC_NO_COMMON_BLOCKS = YES;
				GCC_OPTIMIZATION_LEVEL = 0;
				GCC_PREPROCESSOR_DEFINITIONS = (
					"DEBUG=1",
					"$(inherited)",
				);
				GCC_WARN_64_TO_32_BIT_CONVERSION = YES;
				GCC_WARN_ABOUT_RETURN_TYPE = YES_ERROR;
				GCC_WARN_UNDECLARED_SELECTOR = YES;
				GCC_WARN_UNINITIALIZED_AUTOS = YES_AGGRESSIVE;
				GCC_WARN_UNUSED_FUNCTION = YES;
				GCC_WARN_UNUSED_VARIABLE = YES;
				MTL_ENABLE_DEBUG_INFO = INCLUDE_SOURCE;
				MTL_FAST_MATH = YES;
				ONLY_ACTIVE_ARCH = YES;
				PRODUCT_NAME = "$(TARGET_NAME)";
				SWIFT_ACTIVE_COMPILATION_CONDITIONS = DEBUG;
				SWIFT_OPTIMIZATION_LEVEL = "-Onone";
				SWIFT_VERSION = 5.0;
			};
			name = Debug;
		};
/* End XCBuildConfiguration section */

/* Begin XCConfigurationList section */
		079AE14B178325FF5072A537 /* Build configuration list for PBXProject "TokenMeter" */ = {
			isa = XCConfigurationList;
			buildConfigurations = (
				C812491F86D70498DC299ECF /* Debug */,
				53C405A9D9C9EE601741F7F0 /* Release */,
			);
			defaultConfigurationIsVisible = 0;
			defaultConfigurationName = Release;
		};
		3290968682A8C6668C9B5F80 /* Build configuration list for PBXNativeTarget "TokenMeter" */ = {
			isa = XCConfigurationList;
			buildConfigurations = (
				81D1327757251206C4F2D3EC /* Release */,
				C559BBA90ADA9B4346FCD2B7 /* Debug */,
			);
			defaultConfigurationIsVisible = 0;
			defaultConfigurationName = Release;
		};
		8CAEE0A69A7B23A6143CF7F1 /* Build configuration list for PBXNativeTarget "TokenMeterUITests" */ = {
			isa = XCConfigurationList;
			buildConfigurations = (
				42AA6EBCCE17D62C3A1A0D3C /* Release */,
				46821825AF80D6552EAA9BBD /* Debug */,
			);
			defaultConfigurationIsVisible = 0;
			defaultConfigurationName = Release;
		};
		97FCD15DD4AAD68928190C59 /* Build configuration list for PBXNativeTarget "TokenMeterWidgetExtension" */ = {
			isa = XCConfigurationList;
			buildConfigurations = (
				1BFA0FD2412FABBB4378C3B4 /* Release */,
				53E387CEEFD43C668C108AB7 /* Debug */,
			);
			defaultConfigurationIsVisible = 0;
			defaultConfigurationName = Release;
		};
		AD49435BA1D829F7ED4CD0C0 /* Build configuration list for PBXNativeTarget "TokenMeterTests" */ = {
			isa = XCConfigurationList;
			buildConfigurations = (
				31F99F75206B52921504D25B /* Release */,
				412F29CEC143A71290A51D41 /* Debug */,
			);
			defaultConfigurationIsVisible = 0;
			defaultConfigurationName = Release;
		};
/* End XCConfigurationList section */
	};
	rootObject = 89EC3F6F322E67901EA7AE8B /* Project object */;
}
